
Microsoft Visual Studio Solution File, Format Version 11.00
# Visual Studio 2010
Project("{2150E333-8FDC-42A3-9474-1A3956D46DE8}") = "Docs2.0", "Docs2.0", "{1C42BA88-5713-4C08-B6E3-EB5A12103263}"
	ProjectSection(SolutionItems) = preProject
		Docs2.0\ADOConnectionLibraryReference.xml = Docs2.0\ADOConnectionLibraryReference.xml
		Docs2.0\Bibliography.xml = Docs2.0\Bibliography.xml
		Docs2.0\Bop.xml = Docs2.0\Bop.xml
		Docs2.0\ComponentSamples.xml = Docs2.0\ComponentSamples.xml
		Docs2.0\ConnectionLibraryReference.xml = Docs2.0\ConnectionLibraryReference.xml
		Docs2.0\D4LanguageGuide.xml = Docs2.0\D4LanguageGuide.xml
		Docs2.0\D4LexerBNF.xml = Docs2.0\D4LexerBNF.xml
		Docs2.0\D4ParserBNF.xml = Docs2.0\D4ParserBNF.xml
		Docs2.0\DAE.xml = Docs2.0\DAE.xml
		Docs2.0\DaeClient.xml = Docs2.0\DaeClient.xml
		Docs2.0\DataphorGlossary.xml = Docs2.0\DataphorGlossary.xml
		Docs2.0\DataphorSet.xml = Docs2.0\DataphorSet.xml
		Docs2.0\DB2DeviceReference.xml = Docs2.0\DB2DeviceReference.xml
		Docs2.0\DevGuideIntroduction.xml = Docs2.0\DevGuideIntroduction.xml
		Docs2.0\DevGuidePart1.xml = Docs2.0\DevGuidePart1.xml
		Docs2.0\DevGuidePart2.xml = Docs2.0\DevGuidePart2.xml
		Docs2.0\DevGuidePart3.xml = Docs2.0\DevGuidePart3.xml
		Docs2.0\DevGuidePart4.xml = Docs2.0\DevGuidePart4.xml
		Docs2.0\DilReference.xml = Docs2.0\DilReference.xml
		Docs2.0\FrontendOperators.xml = Docs2.0\FrontendOperators.xml
		Docs2.0\FrontendReference.xml = Docs2.0\FrontendReference.xml
		Docs2.0\GeneralLibraryReference.xml = Docs2.0\GeneralLibraryReference.xml
		Docs2.0\Keys.xml = Docs2.0\Keys.xml
		Docs2.0\MSOracleConnectionLibraryReference.xml = Docs2.0\MSOracleConnectionLibraryReference.xml
		Docs2.0\MSSQLDeviceOperators.xml = Docs2.0\MSSQLDeviceOperators.xml
		Docs2.0\MSSQLDeviceReference.xml = Docs2.0\MSSQLDeviceReference.xml
		Docs2.0\MSSQLDeviceTypes.xml = Docs2.0\MSSQLDeviceTypes.xml
		Docs2.0\ODBCConnectionLibraryReference.xml = Docs2.0\ODBCConnectionLibraryReference.xml
		Docs2.0\OracleDeviceReference.xml = Docs2.0\OracleDeviceReference.xml
		Docs2.0\ProgrammingTopics.xml = Docs2.0\ProgrammingTopics.xml
		Docs2.0\PubsTutorial.xml = Docs2.0\PubsTutorial.xml
		Docs2.0\RealSQLLanguageGuide.xml = Docs2.0\RealSQLLanguageGuide.xml
		Docs2.0\ReferenceIntroduction.xml = Docs2.0\ReferenceIntroduction.xml
		Docs2.0\RentalTutorial.xml = Docs2.0\RentalTutorial.xml
		Docs2.0\SASDeviceReference.xml = Docs2.0\SASDeviceReference.xml
		Docs2.0\SecurityLibraryReference.xml = Docs2.0\SecurityLibraryReference.xml
		Docs2.0\SimpleDeviceOperators.xml = Docs2.0\SimpleDeviceOperators.xml
		Docs2.0\SimpleDeviceReference.xml = Docs2.0\SimpleDeviceReference.xml
		Docs2.0\SQLDeviceOperators.xml = Docs2.0\SQLDeviceOperators.xml
		Docs2.0\SQLDeviceReference.xml = Docs2.0\SQLDeviceReference.xml
		Docs2.0\SQLDeviceSettings.xml = Docs2.0\SQLDeviceSettings.xml
		Docs2.0\SQLDeviceTypes.xml = Docs2.0\SQLDeviceTypes.xml
		Docs2.0\SystemIntegrationLibraryReference.xml = Docs2.0\SystemIntegrationLibraryReference.xml
		Docs2.0\SystemIntegrationOperators.xml = Docs2.0\SystemIntegrationOperators.xml
		Docs2.0\SystemInternetLibraryReference.xml = Docs2.0\SystemInternetLibraryReference.xml
		Docs2.0\SystemLibrary.xml = Docs2.0\SystemLibrary.xml
		Docs2.0\SystemLibraryReference.xml = Docs2.0\SystemLibraryReference.xml
		Docs2.0\SystemOperators.xml = Docs2.0\SystemOperators.xml
		Docs2.0\SystemTables.xml = Docs2.0\SystemTables.xml
		Docs2.0\SystemTypes.xml = Docs2.0\SystemTypes.xml
		Docs2.0\TagsReference.xml = Docs2.0\TagsReference.xml
		Docs2.0\Tutorial1.xml = Docs2.0\Tutorial1.xml
		Docs2.0\TypeConventions.xml = Docs2.0\TypeConventions.xml
		Docs2.0\UsersGuide.xml = Docs2.0\UsersGuide.xml
		Docs2.0\UsersGuideIntroduction.xml = Docs2.0\UsersGuideIntroduction.xml
		Docs2.0\UsersGuidePart1.xml = Docs2.0\UsersGuidePart1.xml
		Docs2.0\UsersGuidePart3.xml = Docs2.0\UsersGuidePart3.xml
	EndProjectSection
EndProject
Project("{2150E333-8FDC-42A3-9474-1A3956D46DE8}") = "DocBuild", "DocBuild", "{D02FBFA0-2B46-4DDD-87C5-E7C04B677990}"
EndProject
Project("{2150E333-8FDC-42A3-9474-1A3956D46DE8}") = "bat", "bat", "{938163F8-55BF-485A-8661-6106B86AB6D7}"
	ProjectSection(SolutionItems) = preProject
		DocBuild\bat\Readme.txt = DocBuild\bat\Readme.txt
	EndProjectSection
EndProject
Project("{2150E333-8FDC-42A3-9474-1A3956D46DE8}") = "Solution Items", "Solution Items", "{227380E9-5647-4827-BE68-B39DF7E7E706}"
	ProjectSection(SolutionItems) = preProject
		Dataphor Documentation Solution Overview.txt = Dataphor Documentation Solution Overview.txt
	EndProjectSection
EndProject
Project("{2150E333-8FDC-42A3-9474-1A3956D46DE8}") = "DocBookManuals", "DocBookManuals", "{5968ED63-1EEF-4CDA-8D46-DD54BBF93F31}"
EndProject
Project("{2150E333-8FDC-42A3-9474-1A3956D46DE8}") = "OperatorDocs", "OperatorDocs", "{D4B5D7C6-B9D4-4837-83BB-D1111941262C}"
	ProjectSection(SolutionItems) = preProject
		DocBookManuals\OperatorDocs\Frontend.ExecuteScript.xml = DocBookManuals\OperatorDocs\Frontend.ExecuteScript.xml
		DocBookManuals\OperatorDocs\Operator Docs.xml = DocBookManuals\OperatorDocs\Operator Docs.xml
		DocBookManuals\OperatorDocs\SQLDevice.D4ToSQL.xml = DocBookManuals\OperatorDocs\SQLDevice.D4ToSQL.xml
		DocBookManuals\OperatorDocs\System.Abs.xml = DocBookManuals\OperatorDocs\System.Abs.xml
		DocBookManuals\OperatorDocs\System.Add.xml = DocBookManuals\OperatorDocs\System.Add.xml
		DocBookManuals\OperatorDocs\System.AddGroupToRole.xml = DocBookManuals\OperatorDocs\System.AddGroupToRole.xml
		DocBookManuals\OperatorDocs\System.AddMonths.xml = DocBookManuals\OperatorDocs\System.AddMonths.xml
		DocBookManuals\OperatorDocs\System.AddUserToRole.xml = DocBookManuals\OperatorDocs\System.AddUserToRole.xml
		DocBookManuals\OperatorDocs\System.AddYears.xml = DocBookManuals\OperatorDocs\System.AddYears.xml
		DocBookManuals\OperatorDocs\System.All.xml = DocBookManuals\OperatorDocs\System.All.xml
		DocBookManuals\OperatorDocs\System.Any.xml = DocBookManuals\OperatorDocs\System.Any.xml
		DocBookManuals\OperatorDocs\System.Avg.xml = DocBookManuals\OperatorDocs\System.Avg.xml
		DocBookManuals\OperatorDocs\System.BeginApplicationTransaction.xml = DocBookManuals\OperatorDocs\System.BeginApplicationTransaction.xml
		DocBookManuals\OperatorDocs\System.BeginTransaction.xml = DocBookManuals\OperatorDocs\System.BeginTransaction.xml
		DocBookManuals\OperatorDocs\System.Binary.xml = DocBookManuals\OperatorDocs\System.Binary.xml
		DocBookManuals\OperatorDocs\System.BOF.xml = DocBookManuals\OperatorDocs\System.BOF.xml
		DocBookManuals\OperatorDocs\System.Boolean.xml = DocBookManuals\OperatorDocs\System.Boolean.xml
		DocBookManuals\OperatorDocs\System.Byte.xml = DocBookManuals\OperatorDocs\System.Byte.xml
		DocBookManuals\OperatorDocs\System.CacheTimeStamp.xml = DocBookManuals\OperatorDocs\System.CacheTimeStamp.xml
		DocBookManuals\OperatorDocs\System.Ceiling.xml = DocBookManuals\OperatorDocs\System.Ceiling.xml
		DocBookManuals\OperatorDocs\System.ChangeDeviceUserPassword.xml = DocBookManuals\OperatorDocs\System.ChangeDeviceUserPassword.xml
		DocBookManuals\OperatorDocs\System.ChangePassword.xml = DocBookManuals\OperatorDocs\System.ChangePassword.xml
		DocBookManuals\OperatorDocs\System.Clear.xml = DocBookManuals\OperatorDocs\System.Clear.xml
		DocBookManuals\OperatorDocs\System.Close.xml = DocBookManuals\OperatorDocs\System.Close.xml
		DocBookManuals\OperatorDocs\System.CloseSession.xml = DocBookManuals\OperatorDocs\System.CloseSession.xml
		DocBookManuals\OperatorDocs\System.CommitApplicationTransaction.xml = DocBookManuals\OperatorDocs\System.CommitApplicationTransaction.xml
		DocBookManuals\OperatorDocs\System.CommitTransaction.xml = DocBookManuals\OperatorDocs\System.CommitTransaction.xml
		DocBookManuals\OperatorDocs\System.CompareBookmarks.xml = DocBookManuals\OperatorDocs\System.CompareBookmarks.xml
		DocBookManuals\OperatorDocs\System.CompareText.xml = DocBookManuals\OperatorDocs\System.CompareText.xml
		DocBookManuals\OperatorDocs\System.ConstraintType.xml = DocBookManuals\OperatorDocs\System.ConstraintType.xml
		DocBookManuals\OperatorDocs\System.Count.xml = DocBookManuals\OperatorDocs\System.Count.xml
		DocBookManuals\OperatorDocs\System.CreateDeviceUser.xml = DocBookManuals\OperatorDocs\System.CreateDeviceUser.xml
		DocBookManuals\OperatorDocs\System.CreateDeviceUserWithEncryptedPassword.xml = DocBookManuals\OperatorDocs\System.CreateDeviceUserWithEncryptedPassword.xml
		DocBookManuals\OperatorDocs\System.CreateGenerators.xml = DocBookManuals\OperatorDocs\System.CreateGenerators.xml
		DocBookManuals\OperatorDocs\System.CreateGroup.xml = DocBookManuals\OperatorDocs\System.CreateGroup.xml
		DocBookManuals\OperatorDocs\System.CreateGroupDeviceUser.xml = DocBookManuals\OperatorDocs\System.CreateGroupDeviceUser.xml
		DocBookManuals\OperatorDocs\System.CreateGroupDeviceUserWithEncryptedPassword.xml = DocBookManuals\OperatorDocs\System.CreateGroupDeviceUserWithEncryptedPassword.xml
		DocBookManuals\OperatorDocs\System.CreateRight.xml = DocBookManuals\OperatorDocs\System.CreateRight.xml
		DocBookManuals\OperatorDocs\System.CreateRole.xml = DocBookManuals\OperatorDocs\System.CreateRole.xml
		DocBookManuals\OperatorDocs\System.CreateUser.xml = DocBookManuals\OperatorDocs\System.CreateUser.xml
		DocBookManuals\OperatorDocs\System.CreateUserWithEncryptedPassword.xml = DocBookManuals\OperatorDocs\System.CreateUserWithEncryptedPassword.xml
		DocBookManuals\OperatorDocs\System.Date.xml = DocBookManuals\OperatorDocs\System.Date.xml
		DocBookManuals\OperatorDocs\System.DatePart.xml = DocBookManuals\OperatorDocs\System.DatePart.xml
		DocBookManuals\OperatorDocs\System.DateTime.xml = DocBookManuals\OperatorDocs\System.DateTime.xml
		DocBookManuals\OperatorDocs\System.DayOfMonth.xml = DocBookManuals\OperatorDocs\System.DayOfMonth.xml
		DocBookManuals\OperatorDocs\System.DayOfWeek.xml = DocBookManuals\OperatorDocs\System.DayOfWeek.xml
		DocBookManuals\OperatorDocs\System.DayOfYear.xml = DocBookManuals\OperatorDocs\System.DayOfYear.xml
		DocBookManuals\OperatorDocs\System.DaysInMonth.xml = DocBookManuals\OperatorDocs\System.DaysInMonth.xml
		DocBookManuals\OperatorDocs\System.Decimal.xml = DocBookManuals\OperatorDocs\System.Decimal.xml
		DocBookManuals\OperatorDocs\System.Delete.xml = DocBookManuals\OperatorDocs\System.Delete.xml
		DocBookManuals\OperatorDocs\System.DeviceUserExists.xml = DocBookManuals\OperatorDocs\System.DeviceUserExists.xml
		DocBookManuals\OperatorDocs\System.Diagnostics.LoadCatalog.xml = DocBookManuals\OperatorDocs\System.Diagnostics.LoadCatalog.xml
		DocBookManuals\OperatorDocs\System.Diagnostics.SaveCatalog.xml = DocBookManuals\OperatorDocs\System.Diagnostics.SaveCatalog.xml
		DocBookManuals\OperatorDocs\System.DropDeviceUser.xml = DocBookManuals\OperatorDocs\System.DropDeviceUser.xml
		DocBookManuals\OperatorDocs\System.DropGroup.xml = DocBookManuals\OperatorDocs\System.DropGroup.xml
		DocBookManuals\OperatorDocs\System.DropGroupDeviceUser.xml = DocBookManuals\OperatorDocs\System.DropGroupDeviceUser.xml
		DocBookManuals\OperatorDocs\System.DropRight.xml = DocBookManuals\OperatorDocs\System.DropRight.xml
		DocBookManuals\OperatorDocs\System.DropRole.xml = DocBookManuals\OperatorDocs\System.DropRole.xml
		DocBookManuals\OperatorDocs\System.DropUser.xml = DocBookManuals\OperatorDocs\System.DropUser.xml
		DocBookManuals\OperatorDocs\System.Duration.xml = DocBookManuals\OperatorDocs\System.Duration.xml
		DocBookManuals\OperatorDocs\System.EncryptPassword.xml = DocBookManuals\OperatorDocs\System.EncryptPassword.xml
		DocBookManuals\OperatorDocs\System.EndsWith.xml = DocBookManuals\OperatorDocs\System.EndsWith.xml
		DocBookManuals\OperatorDocs\System.EnsureGenerators.xml = DocBookManuals\OperatorDocs\System.EnsureGenerators.xml
		DocBookManuals\OperatorDocs\System.EOF.xml = DocBookManuals\OperatorDocs\System.EOF.xml
		DocBookManuals\OperatorDocs\System.Error.xml = DocBookManuals\OperatorDocs\System.Error.xml
		DocBookManuals\OperatorDocs\System.Evaluate.xml = DocBookManuals\OperatorDocs\System.Evaluate.xml
		DocBookManuals\OperatorDocs\System.Execute.xml = DocBookManuals\OperatorDocs\System.Execute.xml
		DocBookManuals\OperatorDocs\System.ExecuteAs.xml = DocBookManuals\OperatorDocs\System.ExecuteAs.xml
		DocBookManuals\OperatorDocs\System.ExecuteAsync.xml = DocBookManuals\OperatorDocs\System.ExecuteAsync.xml
		DocBookManuals\OperatorDocs\System.ExecuteMultiple.xml = DocBookManuals\OperatorDocs\System.ExecuteMultiple.xml
		DocBookManuals\OperatorDocs\System.ExecuteWithTimeout.xml = DocBookManuals\OperatorDocs\System.ExecuteWithTimeout.xml
		DocBookManuals\OperatorDocs\System.FindKey.xml = DocBookManuals\OperatorDocs\System.FindKey.xml
		DocBookManuals\OperatorDocs\System.FindNearest.xml = DocBookManuals\OperatorDocs\System.FindNearest.xml
		DocBookManuals\OperatorDocs\System.First.xml = DocBookManuals\OperatorDocs\System.First.xml
		DocBookManuals\OperatorDocs\System.Floor.xml = DocBookManuals\OperatorDocs\System.Floor.xml
		DocBookManuals\OperatorDocs\System.Frac.xml = DocBookManuals\OperatorDocs\System.Frac.xml
		DocBookManuals\OperatorDocs\System.GC.Collect.xml = DocBookManuals\OperatorDocs\System.GC.Collect.xml
		DocBookManuals\OperatorDocs\System.GetBookmark.xml = DocBookManuals\OperatorDocs\System.GetBookmark.xml
		DocBookManuals\OperatorDocs\System.GetDefaultDeviceName.xml = DocBookManuals\OperatorDocs\System.GetDefaultDeviceName.xml
		DocBookManuals\OperatorDocs\System.GetKey.xml = DocBookManuals\OperatorDocs\System.GetKey.xml
		DocBookManuals\OperatorDocs\System.GotoBookmark.xml = DocBookManuals\OperatorDocs\System.GotoBookmark.xml
		DocBookManuals\OperatorDocs\System.GrantRightToGroup.xml = DocBookManuals\OperatorDocs\System.GrantRightToGroup.xml
		DocBookManuals\OperatorDocs\System.GrantRightToRole.xml = DocBookManuals\OperatorDocs\System.GrantRightToRole.xml
		DocBookManuals\OperatorDocs\System.GrantRightToUser.xml = DocBookManuals\OperatorDocs\System.GrantRightToUser.xml
		DocBookManuals\OperatorDocs\System.GroupDeviceUserExists.xml = DocBookManuals\OperatorDocs\System.GroupDeviceUserExists.xml
		DocBookManuals\OperatorDocs\System.GroupExists.xml = DocBookManuals\OperatorDocs\System.GroupExists.xml
		DocBookManuals\OperatorDocs\System.GroupHasRight.xml = DocBookManuals\OperatorDocs\System.GroupHasRight.xml
		DocBookManuals\OperatorDocs\System.GroupName.xml = DocBookManuals\OperatorDocs\System.GroupName.xml
		DocBookManuals\OperatorDocs\System.GroupRightIsInherited.xml = DocBookManuals\OperatorDocs\System.GroupRightIsInherited.xml
		DocBookManuals\OperatorDocs\System.GroupRoleIsInherited.xml = DocBookManuals\OperatorDocs\System.GroupRoleIsInherited.xml
		DocBookManuals\OperatorDocs\System.Guid.xml = DocBookManuals\OperatorDocs\System.Guid.xml
		DocBookManuals\OperatorDocs\System.HostName.xml = DocBookManuals\OperatorDocs\System.HostName.xml
		DocBookManuals\OperatorDocs\System.iAddition.xml = DocBookManuals\OperatorDocs\System.iAddition.xml
		DocBookManuals\OperatorDocs\System.iAdorn.xml = DocBookManuals\OperatorDocs\System.iAdorn.xml
		DocBookManuals\OperatorDocs\System.iAggregate.xml = DocBookManuals\OperatorDocs\System.iAggregate.xml
		DocBookManuals\OperatorDocs\System.iAnd.xml = DocBookManuals\OperatorDocs\System.iAnd.xml
		DocBookManuals\OperatorDocs\System.iBetween.xml = DocBookManuals\OperatorDocs\System.iBetween.xml
		DocBookManuals\OperatorDocs\System.iBitwiseAnd.xml = DocBookManuals\OperatorDocs\System.iBitwiseAnd.xml
		DocBookManuals\OperatorDocs\System.iBitwiseNot.xml = DocBookManuals\OperatorDocs\System.iBitwiseNot.xml
		DocBookManuals\OperatorDocs\System.iBitwiseOr.xml = DocBookManuals\OperatorDocs\System.iBitwiseOr.xml
		DocBookManuals\OperatorDocs\System.iBitwiseXor.xml = DocBookManuals\OperatorDocs\System.iBitwiseXor.xml
		DocBookManuals\OperatorDocs\System.iBrowse.xml = DocBookManuals\OperatorDocs\System.iBrowse.xml
		DocBookManuals\OperatorDocs\System.iCompare.xml = DocBookManuals\OperatorDocs\System.iCompare.xml
		DocBookManuals\OperatorDocs\System.iDifference.xml = DocBookManuals\OperatorDocs\System.iDifference.xml
		DocBookManuals\OperatorDocs\System.iDiv.xml = DocBookManuals\OperatorDocs\System.iDiv.xml
		DocBookManuals\OperatorDocs\System.iDivision.xml = DocBookManuals\OperatorDocs\System.iDivision.xml
		DocBookManuals\OperatorDocs\System.iEqual.xml = DocBookManuals\OperatorDocs\System.iEqual.xml
		DocBookManuals\OperatorDocs\System.iExists.xml = DocBookManuals\OperatorDocs\System.iExists.xml
		DocBookManuals\OperatorDocs\System.iExplode.xml = DocBookManuals\OperatorDocs\System.iExplode.xml
		DocBookManuals\OperatorDocs\System.iExtend.xml = DocBookManuals\OperatorDocs\System.iExtend.xml
		DocBookManuals\OperatorDocs\System.IfNil.xml = DocBookManuals\OperatorDocs\System.IfNil.xml
		DocBookManuals\OperatorDocs\System.iGreater.xml = DocBookManuals\OperatorDocs\System.iGreater.xml
		DocBookManuals\OperatorDocs\System.iIn.xml = DocBookManuals\OperatorDocs\System.iIn.xml
		DocBookManuals\OperatorDocs\System.iInclusiveGreater.xml = DocBookManuals\OperatorDocs\System.iInclusiveGreater.xml
		DocBookManuals\OperatorDocs\System.iInclusiveLess.xml = DocBookManuals\OperatorDocs\System.iInclusiveLess.xml
		DocBookManuals\OperatorDocs\System.iIndexer.xml = DocBookManuals\OperatorDocs\System.iIndexer.xml
		DocBookManuals\OperatorDocs\System.iJoin.xml = DocBookManuals\OperatorDocs\System.iJoin.xml
		DocBookManuals\OperatorDocs\System.iLeftJoin.xml = DocBookManuals\OperatorDocs\System.iLeftJoin.xml
		DocBookManuals\OperatorDocs\System.iLess.xml = DocBookManuals\OperatorDocs\System.iLess.xml
		DocBookManuals\OperatorDocs\System.iLike.xml = DocBookManuals\OperatorDocs\System.iLike.xml
		DocBookManuals\OperatorDocs\System.iMatches.xml = DocBookManuals\OperatorDocs\System.iMatches.xml
		DocBookManuals\OperatorDocs\System.iMod.xml = DocBookManuals\OperatorDocs\System.iMod.xml
		DocBookManuals\OperatorDocs\System.iMultiplication.xml = DocBookManuals\OperatorDocs\System.iMultiplication.xml
		DocBookManuals\OperatorDocs\System.IndexOf.xml = DocBookManuals\OperatorDocs\System.IndexOf.xml
		DocBookManuals\OperatorDocs\System.IndexOfAny.xml = DocBookManuals\OperatorDocs\System.IndexOfAny.xml
		DocBookManuals\OperatorDocs\System.iNegate.xml = DocBookManuals\OperatorDocs\System.iNegate.xml
		DocBookManuals\OperatorDocs\System.iNot.xml = DocBookManuals\OperatorDocs\System.iNot.xml
		DocBookManuals\OperatorDocs\System.iNotEqual.xml = DocBookManuals\OperatorDocs\System.iNotEqual.xml
		DocBookManuals\OperatorDocs\System.Insert.xml = DocBookManuals\OperatorDocs\System.Insert.xml
		DocBookManuals\OperatorDocs\System.Integer.xml = DocBookManuals\OperatorDocs\System.Integer.xml
		DocBookManuals\OperatorDocs\System.InTransaction.xml = DocBookManuals\OperatorDocs\System.InTransaction.xml
		DocBookManuals\OperatorDocs\System.iOr.xml = DocBookManuals\OperatorDocs\System.iOr.xml
		DocBookManuals\OperatorDocs\System.iOrder.xml = DocBookManuals\OperatorDocs\System.iOrder.xml
		DocBookManuals\OperatorDocs\System.iPower.xml = DocBookManuals\OperatorDocs\System.iPower.xml
		DocBookManuals\OperatorDocs\System.iProject.xml = DocBookManuals\OperatorDocs\System.iProject.xml
		DocBookManuals\OperatorDocs\System.iQuota.xml = DocBookManuals\OperatorDocs\System.iQuota.xml
		DocBookManuals\OperatorDocs\System.iRedefine.xml = DocBookManuals\OperatorDocs\System.iRedefine.xml
		DocBookManuals\OperatorDocs\System.iRemove.xml = DocBookManuals\OperatorDocs\System.iRemove.xml
		DocBookManuals\OperatorDocs\System.iRename.xml = DocBookManuals\OperatorDocs\System.iRename.xml
		DocBookManuals\OperatorDocs\System.iRestrict.xml = DocBookManuals\OperatorDocs\System.iRestrict.xml
		DocBookManuals\OperatorDocs\System.iRetrieve.xml = DocBookManuals\OperatorDocs\System.iRetrieve.xml
		DocBookManuals\OperatorDocs\System.iRightJoin.xml = DocBookManuals\OperatorDocs\System.iRightJoin.xml
		DocBookManuals\OperatorDocs\System.IsDigit.xml = DocBookManuals\OperatorDocs\System.IsDigit.xml
		DocBookManuals\OperatorDocs\System.IsGenerated.xml = DocBookManuals\OperatorDocs\System.IsGenerated.xml
		DocBookManuals\OperatorDocs\System.iShiftLeft.xml = DocBookManuals\OperatorDocs\System.iShiftLeft.xml
		DocBookManuals\OperatorDocs\System.iShiftRight.xml = DocBookManuals\OperatorDocs\System.iShiftRight.xml
		DocBookManuals\OperatorDocs\System.IsLeapYear.xml = DocBookManuals\OperatorDocs\System.IsLeapYear.xml
		DocBookManuals\OperatorDocs\System.IsLetter.xml = DocBookManuals\OperatorDocs\System.IsLetter.xml
		DocBookManuals\OperatorDocs\System.IsLower.xml = DocBookManuals\OperatorDocs\System.IsLower.xml
		DocBookManuals\OperatorDocs\System.IsNil.xml = DocBookManuals\OperatorDocs\System.IsNil.xml
		DocBookManuals\OperatorDocs\System.IsSpecial.xml = DocBookManuals\OperatorDocs\System.IsSpecial.xml
		DocBookManuals\OperatorDocs\System.IsSystem.xml = DocBookManuals\OperatorDocs\System.IsSystem.xml
		DocBookManuals\OperatorDocs\System.iSubtraction.xml = DocBookManuals\OperatorDocs\System.iSubtraction.xml
		DocBookManuals\OperatorDocs\System.IsUndefined.xml = DocBookManuals\OperatorDocs\System.IsUndefined.xml
		DocBookManuals\OperatorDocs\System.IsUpper.xml = DocBookManuals\OperatorDocs\System.IsUpper.xml
		DocBookManuals\OperatorDocs\System.iUnion.xml = DocBookManuals\OperatorDocs\System.iUnion.xml
		DocBookManuals\OperatorDocs\System.iXor.xml = DocBookManuals\OperatorDocs\System.iXor.xml
		DocBookManuals\OperatorDocs\System.JoinApplicationTransaction.xml = DocBookManuals\OperatorDocs\System.JoinApplicationTransaction.xml
		DocBookManuals\OperatorDocs\System.Last.xml = DocBookManuals\OperatorDocs\System.Last.xml
		DocBookManuals\OperatorDocs\System.LastIndexOf.xml = DocBookManuals\OperatorDocs\System.LastIndexOf.xml
		DocBookManuals\OperatorDocs\System.LastIndexOfAny.xml = DocBookManuals\OperatorDocs\System.LastIndexOfAny.xml
		DocBookManuals\OperatorDocs\System.LastPos.xml = DocBookManuals\OperatorDocs\System.LastPos.xml
		DocBookManuals\OperatorDocs\System.Length.xml = DocBookManuals\OperatorDocs\System.Length.xml
		DocBookManuals\OperatorDocs\System.Long.xml = DocBookManuals\OperatorDocs\System.Long.xml
		DocBookManuals\OperatorDocs\System.Lower.xml = DocBookManuals\OperatorDocs\System.Lower.xml
		DocBookManuals\OperatorDocs\System.MachineName.xml = DocBookManuals\OperatorDocs\System.MachineName.xml
		DocBookManuals\OperatorDocs\System.Math.Exp.xml = DocBookManuals\OperatorDocs\System.Math.Exp.xml
		DocBookManuals\OperatorDocs\System.Math.Factorial.xml = DocBookManuals\OperatorDocs\System.Math.Factorial.xml
		DocBookManuals\OperatorDocs\System.Math.Ln.xml = DocBookManuals\OperatorDocs\System.Math.Ln.xml
		DocBookManuals\OperatorDocs\System.Math.Log.xml = DocBookManuals\OperatorDocs\System.Math.Log.xml
		DocBookManuals\OperatorDocs\System.Math.Log10.xml = DocBookManuals\OperatorDocs\System.Math.Log10.xml
		DocBookManuals\OperatorDocs\System.Math.Random.xml = DocBookManuals\OperatorDocs\System.Math.Random.xml
		DocBookManuals\OperatorDocs\System.Math.Seed.xml = DocBookManuals\OperatorDocs\System.Math.Seed.xml
		DocBookManuals\OperatorDocs\System.Max.xml = DocBookManuals\OperatorDocs\System.Max.xml
		DocBookManuals\OperatorDocs\System.Min.xml = DocBookManuals\OperatorDocs\System.Min.xml
		DocBookManuals\OperatorDocs\System.Money.xml = DocBookManuals\OperatorDocs\System.Money.xml
		DocBookManuals\OperatorDocs\System.Name.xml = DocBookManuals\OperatorDocs\System.Name.xml
		DocBookManuals\OperatorDocs\System.NameFromGuid.xml = DocBookManuals\OperatorDocs\System.NameFromGuid.xml
		DocBookManuals\OperatorDocs\System.NewGuid.xml = DocBookManuals\OperatorDocs\System.NewGuid.xml
		DocBookManuals\OperatorDocs\System.Next.xml = DocBookManuals\OperatorDocs\System.Next.xml
		DocBookManuals\OperatorDocs\System.ObjectDescription.xml = DocBookManuals\OperatorDocs\System.ObjectDescription.xml
		DocBookManuals\OperatorDocs\System.ObjectDisplayName.xml = DocBookManuals\OperatorDocs\System.ObjectDisplayName.xml
		DocBookManuals\OperatorDocs\System.ObjectExists.xml = DocBookManuals\OperatorDocs\System.ObjectExists.xml
		DocBookManuals\OperatorDocs\System.ObjectID.xml = DocBookManuals\OperatorDocs\System.ObjectID.xml
		DocBookManuals\OperatorDocs\System.ObjectName.xml = DocBookManuals\OperatorDocs\System.ObjectName.xml
		DocBookManuals\OperatorDocs\System.Open.xml = DocBookManuals\OperatorDocs\System.Open.xml
		DocBookManuals\OperatorDocs\System.PadLeft.xml = DocBookManuals\OperatorDocs\System.PadLeft.xml
		DocBookManuals\OperatorDocs\System.PadRight.xml = DocBookManuals\OperatorDocs\System.PadRight.xml
		DocBookManuals\OperatorDocs\System.Pos.xml = DocBookManuals\OperatorDocs\System.Pos.xml
		DocBookManuals\OperatorDocs\System.PrepareApplicationTransaction.xml = DocBookManuals\OperatorDocs\System.PrepareApplicationTransaction.xml
		DocBookManuals\OperatorDocs\System.PrepareTransaction.xml = DocBookManuals\OperatorDocs\System.PrepareTransaction.xml
		DocBookManuals\OperatorDocs\System.Prior.xml = DocBookManuals\OperatorDocs\System.Prior.xml
		DocBookManuals\OperatorDocs\System.ProcessID.xml = DocBookManuals\OperatorDocs\System.ProcessID.xml
		DocBookManuals\OperatorDocs\System.RealSQLToD4.xml = DocBookManuals\OperatorDocs\System.RealSQLToD4.xml
		DocBookManuals\OperatorDocs\System.Reconcile.xml = DocBookManuals\OperatorDocs\System.Reconcile.xml
		DocBookManuals\OperatorDocs\System.Refresh.xml = DocBookManuals\OperatorDocs\System.Refresh.xml
		DocBookManuals\OperatorDocs\System.Remove.xml = DocBookManuals\OperatorDocs\System.Remove.xml
		DocBookManuals\OperatorDocs\System.RemoveAt.xml = DocBookManuals\OperatorDocs\System.RemoveAt.xml
		DocBookManuals\OperatorDocs\System.RemoveGroupFromRole.xml = DocBookManuals\OperatorDocs\System.RemoveGroupFromRole.xml
		DocBookManuals\OperatorDocs\System.RemoveUserFromRole.xml = DocBookManuals\OperatorDocs\System.RemoveUserFromRole.xml
		DocBookManuals\OperatorDocs\System.Replace.xml = DocBookManuals\OperatorDocs\System.Replace.xml
		DocBookManuals\OperatorDocs\System.Reset.xml = DocBookManuals\OperatorDocs\System.Reset.xml
		DocBookManuals\OperatorDocs\System.RevertRightForGroup.xml = DocBookManuals\OperatorDocs\System.RevertRightForGroup.xml
		DocBookManuals\OperatorDocs\System.RevertRightForRole.xml = DocBookManuals\OperatorDocs\System.RevertRightForRole.xml
		DocBookManuals\OperatorDocs\System.RevertRightForUser.xml = DocBookManuals\OperatorDocs\System.RevertRightForUser.xml
		DocBookManuals\OperatorDocs\System.RevokeRightFromGroup.xml = DocBookManuals\OperatorDocs\System.RevokeRightFromGroup.xml
		DocBookManuals\OperatorDocs\System.RevokeRightFromRole.xml = DocBookManuals\OperatorDocs\System.RevokeRightFromRole.xml
		DocBookManuals\OperatorDocs\System.RevokeRightFromUser.xml = DocBookManuals\OperatorDocs\System.RevokeRightFromUser.xml
		DocBookManuals\OperatorDocs\System.RightExists.xml = DocBookManuals\OperatorDocs\System.RightExists.xml
		DocBookManuals\OperatorDocs\System.RoleExists.xml = DocBookManuals\OperatorDocs\System.RoleExists.xml
		DocBookManuals\OperatorDocs\System.RoleHasRight.xml = DocBookManuals\OperatorDocs\System.RoleHasRight.xml
		DocBookManuals\OperatorDocs\System.RollbackApplicationTransaction.xml = DocBookManuals\OperatorDocs\System.RollbackApplicationTransaction.xml
		DocBookManuals\OperatorDocs\System.RollbackTransaction.xml = DocBookManuals\OperatorDocs\System.RollbackTransaction.xml
		DocBookManuals\OperatorDocs\System.Round.xml = DocBookManuals\OperatorDocs\System.Round.xml
		DocBookManuals\OperatorDocs\System.Script.xml = DocBookManuals\OperatorDocs\System.Script.xml
		DocBookManuals\OperatorDocs\System.Select.xml = DocBookManuals\OperatorDocs\System.Select.xml
		DocBookManuals\OperatorDocs\System.ServerName.xml = DocBookManuals\OperatorDocs\System.ServerName.xml
		DocBookManuals\OperatorDocs\System.SessionID.xml = DocBookManuals\OperatorDocs\System.SessionID.xml
		DocBookManuals\OperatorDocs\System.SetDefaultDeviceName.xml = DocBookManuals\OperatorDocs\System.SetDefaultDeviceName.xml
		DocBookManuals\OperatorDocs\System.SetDeviceUserConnectionParameters.xml = DocBookManuals\OperatorDocs\System.SetDeviceUserConnectionParameters.xml
		DocBookManuals\OperatorDocs\System.SetDeviceUserID.xml = DocBookManuals\OperatorDocs\System.SetDeviceUserID.xml
		DocBookManuals\OperatorDocs\System.SetDeviceUserPassword.xml = DocBookManuals\OperatorDocs\System.SetDeviceUserPassword.xml
		DocBookManuals\OperatorDocs\System.SetEncryptedPassword.xml = DocBookManuals\OperatorDocs\System.SetEncryptedPassword.xml
		DocBookManuals\OperatorDocs\System.SetGroupDeviceUserConnectionParameters.xml = DocBookManuals\OperatorDocs\System.SetGroupDeviceUserConnectionParameters.xml
		DocBookManuals\OperatorDocs\System.SetGroupDeviceUserID.xml = DocBookManuals\OperatorDocs\System.SetGroupDeviceUserID.xml
		DocBookManuals\OperatorDocs\System.SetGroupDeviceUserPassword.xml = DocBookManuals\OperatorDocs\System.SetGroupDeviceUserPassword.xml
		DocBookManuals\OperatorDocs\System.SetGroupParentGroup.xml = DocBookManuals\OperatorDocs\System.SetGroupParentGroup.xml
		DocBookManuals\OperatorDocs\System.SetGroupRoleInherited.xml = DocBookManuals\OperatorDocs\System.SetGroupRoleInherited.xml
		DocBookManuals\OperatorDocs\System.SetLanguage.xml = DocBookManuals\OperatorDocs\System.SetLanguage.xml
		DocBookManuals\OperatorDocs\System.SetObjectOwner.xml = DocBookManuals\OperatorDocs\System.SetObjectOwner.xml
		DocBookManuals\OperatorDocs\System.SetPassword.xml = DocBookManuals\OperatorDocs\System.SetPassword.xml
		DocBookManuals\OperatorDocs\System.SetRightOwner.xml = DocBookManuals\OperatorDocs\System.SetRightOwner.xml
		DocBookManuals\OperatorDocs\System.SetUserGroup.xml = DocBookManuals\OperatorDocs\System.SetUserGroup.xml
		DocBookManuals\OperatorDocs\System.SetUserName.xml = DocBookManuals\OperatorDocs\System.SetUserName.xml
		DocBookManuals\OperatorDocs\System.Short.xml = DocBookManuals\OperatorDocs\System.Short.xml
		DocBookManuals\OperatorDocs\System.Sleep.xml = DocBookManuals\OperatorDocs\System.Sleep.xml
		DocBookManuals\OperatorDocs\System.StartProcess.xml = DocBookManuals\OperatorDocs\System.StartProcess.xml
		DocBookManuals\OperatorDocs\System.StartsWith.xml = DocBookManuals\OperatorDocs\System.StartsWith.xml
		DocBookManuals\OperatorDocs\System.StopProcess.xml = DocBookManuals\OperatorDocs\System.StopProcess.xml
		DocBookManuals\OperatorDocs\System.String.ASCII.xml = DocBookManuals\OperatorDocs\System.String.ASCII.xml
		DocBookManuals\OperatorDocs\System.String.Unicode.xml = DocBookManuals\OperatorDocs\System.String.Unicode.xml
		DocBookManuals\OperatorDocs\System.String.UTF8.xml = DocBookManuals\OperatorDocs\System.String.UTF8.xml
		DocBookManuals\OperatorDocs\System.String.xml = DocBookManuals\OperatorDocs\System.String.xml
		DocBookManuals\OperatorDocs\System.SubString.xml = DocBookManuals\OperatorDocs\System.SubString.xml
		DocBookManuals\OperatorDocs\System.Sum.xml = DocBookManuals\OperatorDocs\System.Sum.xml
		DocBookManuals\OperatorDocs\System.Time.xml = DocBookManuals\OperatorDocs\System.Time.xml
		DocBookManuals\OperatorDocs\System.TimePart.xml = DocBookManuals\OperatorDocs\System.TimePart.xml
		DocBookManuals\OperatorDocs\System.TimeSpan.xml = DocBookManuals\OperatorDocs\System.TimeSpan.xml
		DocBookManuals\OperatorDocs\System.ToBoolean.xml = DocBookManuals\OperatorDocs\System.ToBoolean.xml
		DocBookManuals\OperatorDocs\System.ToByte.xml = DocBookManuals\OperatorDocs\System.ToByte.xml
		DocBookManuals\OperatorDocs\System.ToDate.xml = DocBookManuals\OperatorDocs\System.ToDate.xml
		DocBookManuals\OperatorDocs\System.ToDateTime.xml = DocBookManuals\OperatorDocs\System.ToDateTime.xml
		DocBookManuals\OperatorDocs\System.ToDecimal.xml = DocBookManuals\OperatorDocs\System.ToDecimal.xml
		DocBookManuals\OperatorDocs\System.ToGuid.xml = DocBookManuals\OperatorDocs\System.ToGuid.xml
		DocBookManuals\OperatorDocs\System.ToInteger.xml = DocBookManuals\OperatorDocs\System.ToInteger.xml
		DocBookManuals\OperatorDocs\System.ToLong.xml = DocBookManuals\OperatorDocs\System.ToLong.xml
		DocBookManuals\OperatorDocs\System.ToMoney.xml = DocBookManuals\OperatorDocs\System.ToMoney.xml
		DocBookManuals\OperatorDocs\System.ToShort.xml = DocBookManuals\OperatorDocs\System.ToShort.xml
		DocBookManuals\OperatorDocs\System.ToString.xml = DocBookManuals\OperatorDocs\System.ToString.xml
		DocBookManuals\OperatorDocs\System.ToTime.xml = DocBookManuals\OperatorDocs\System.ToTime.xml
		DocBookManuals\OperatorDocs\System.ToTimeSpan.xml = DocBookManuals\OperatorDocs\System.ToTimeSpan.xml
		DocBookManuals\OperatorDocs\System.ToVersionNumber.xml = DocBookManuals\OperatorDocs\System.ToVersionNumber.xml
		DocBookManuals\OperatorDocs\System.TransactionCount.xml = DocBookManuals\OperatorDocs\System.TransactionCount.xml
		DocBookManuals\OperatorDocs\System.Trim.xml = DocBookManuals\OperatorDocs\System.Trim.xml
		DocBookManuals\OperatorDocs\System.TrimLeft.xml = DocBookManuals\OperatorDocs\System.TrimLeft.xml
		DocBookManuals\OperatorDocs\System.TrimRight.xml = DocBookManuals\OperatorDocs\System.TrimRight.xml
		DocBookManuals\OperatorDocs\System.Truncate.xml = DocBookManuals\OperatorDocs\System.Truncate.xml
		DocBookManuals\OperatorDocs\System.Update.xml = DocBookManuals\OperatorDocs\System.Update.xml
		DocBookManuals\OperatorDocs\System.UpdateTimeStamps.xml = DocBookManuals\OperatorDocs\System.UpdateTimeStamps.xml
		DocBookManuals\OperatorDocs\System.Upper.xml = DocBookManuals\OperatorDocs\System.Upper.xml
		DocBookManuals\OperatorDocs\System.UserExists.xml = DocBookManuals\OperatorDocs\System.UserExists.xml
		DocBookManuals\OperatorDocs\System.UserHasRight.xml = DocBookManuals\OperatorDocs\System.UserHasRight.xml
		DocBookManuals\OperatorDocs\System.UserID.xml = DocBookManuals\OperatorDocs\System.UserID.xml
		DocBookManuals\OperatorDocs\System.UserName.xml = DocBookManuals\OperatorDocs\System.UserName.xml
		DocBookManuals\OperatorDocs\System.VersionNumber.xml = DocBookManuals\OperatorDocs\System.VersionNumber.xml
	EndProjectSection
EndProject
Global
	GlobalSection(SolutionProperties) = preSolution
		HideSolutionNode = FALSE
	EndGlobalSection
	GlobalSection(NestedProjects) = preSolution
		{938163F8-55BF-485A-8661-6106B86AB6D7} = {D02FBFA0-2B46-4DDD-87C5-E7C04B677990}
		{D4B5D7C6-B9D4-4837-83BB-D1111941262C} = {5968ED63-1EEF-4CDA-8D46-DD54BBF93F31}
	EndGlobalSection
EndGlobal
