Microsoft Visual Studio Solution File, Format Version 10.00
# Visual Studio 2008
Project("{2150E333-8FDC-42A3-9474-1A3956D46DE8}") = "Solution Items", "Solution Items", "{9923DA0B-B157-41AA-AB27-E48F60EABD36}"
	ProjectSection(SolutionItems) = preProject
		CompilerDefines.txt = CompilerDefines.txt
	EndProjectSection
EndProject
Project("{FAE04EC0-301F-11D3-BF4B-00C04F79EFBC}") = "BOP", "BOP\BOP.csproj", "{D94475FD-DCEA-4A0E-B087-8FF8300B85EB}"
EndProject
Project("{FAE04EC0-301F-11D3-BF4B-00C04F79EFBC}") = "Base", "Base\Base.csproj", "{6EC1F378-510B-48D0-8D00-E36BEF214766}"
EndProject
Project("{FAE04EC0-301F-11D3-BF4B-00C04F79EFBC}") = "DAE", "DAE\DAE.csproj", "{8FA5FA37-DC03-4E24-900B-AA863CA9650F}"
EndProject
Project("{FAE04EC0-301F-11D3-BF4B-00C04F79EFBC}") = "DAE.Client", "DAE.Client\DAE.Client.csproj", "{146ABD06-FA98-4B90-9E85-1B4CE7BE598D}"
EndProject
Project("{FAE04EC0-301F-11D3-BF4B-00C04F79EFBC}") = "Frontend.Client", "Frontend.Client\Frontend.Client.csproj", "{D054B27F-366C-4C4E-BA32-472BD14DC86D}"
EndProject
Project("{FAE04EC0-301F-11D3-BF4B-00C04F79EFBC}") = "Frontend.Client.Windows", "Frontend.Client.Windows\Frontend.Client.Windows.csproj", "{E7152100-FDC7-4BF1-957C-75051BF7D8E8}"
EndProject
Project("{FAE04EC0-301F-11D3-BF4B-00C04F79EFBC}") = "DAE.Client.Controls", "DAE.Client.Controls\DAE.Client.Controls.csproj", "{A295FB41-D9B6-418C-9EA7-0C0A17BA26DD}"
EndProject
Project("{FAE04EC0-301F-11D3-BF4B-00C04F79EFBC}") = "DAE.Client.Provider", "DAE.Client.Provider\DAE.Client.Provider.csproj", "{2A36CE97-A296-462A-8C3F-C194F1A2D758}"
EndProject
Project("{FAE04EC0-301F-11D3-BF4B-00C04F79EFBC}") = "Dataphoria", "Dataphoria\Dataphoria.csproj", "{AF54209E-0687-4C10-9784-487B1006E0BD}"
EndProject
Project("{FAE04EC0-301F-11D3-BF4B-00C04F79EFBC}") = "DAE.SQLCE", "DAE.SQLCE\DAE.SQLCE.csproj", "{788980F0-5A85-4F9A-9E6A-56746E7D37C7}"
EndProject
Project("{FAE04EC0-301F-11D3-BF4B-00C04F79EFBC}") = "DAE.SQLite", "DAE.SQLite\DAE.SQLite.csproj", "{6D005BA9-2F0B-4EAA-B82F-039AFA11C425}"
EndProject
Project("{FAE04EC0-301F-11D3-BF4B-00C04F79EFBC}") = "DAE.Service", "DAE.Service\DAE.Service.csproj", "{B7466206-120E-45BD-9FB0-F30A0C7971A4}"
EndProject
Project("{FAE04EC0-301F-11D3-BF4B-00C04F79EFBC}") = "DAE.Service.ConfigurationUtility", "DAE.Service.ConfigurationUtility\DAE.Service.ConfigurationUtility.csproj", "{BC0647DF-60D0-4F62-81B8-AFAA673A3198}"
EndProject
Project("{FAE04EC0-301F-11D3-BF4B-00C04F79EFBC}") = "Frontend.Client.Web", "Frontend.Client.Web\Frontend.Client.Web.csproj", "{0D97E6A8-0AFC-4D80-9B5B-8D0DB2887C4C}"
EndProject
Project("{FAE04EC0-301F-11D3-BF4B-00C04F79EFBC}") = "Frontend.Client.Windows.Executable", "Frontend.Client.Windows.Executable\Frontend.Client.Windows.Executable.csproj", "{DB513978-ACD1-4962-AFFF-BEB881907C0A}"
EndProject
Project("{FAE04EC0-301F-11D3-BF4B-00C04F79EFBC}") = "D4Runner", "D4Runner\D4Runner.csproj", "{2F3DAD3F-69A0-43A0-91AA-C2DA75BBE435}"
EndProject
Project("{2150E333-8FDC-42A3-9474-1A3956D46DE8}") = "Common", "Common", "{EAE8CA62-D88A-4125-AEA9-E3F7D90F2558}"
EndProject
Project("{2150E333-8FDC-42A3-9474-1A3956D46DE8}") = "Client", "Client", "{3232C77F-4816-48C6-B80D-761FF48AA282}"
EndProject
Project("{2150E333-8FDC-42A3-9474-1A3956D46DE8}") = "Server", "Server", "{673FFDA4-CE91-4D8C-8164-20E73F46C257}"
EndProject
Project("{2150E333-8FDC-42A3-9474-1A3956D46DE8}") = "Libraries", "Libraries", "{0A17AB0B-3994-4D39-86B3-D34EDA7893F9}"
EndProject
Project("{FAE04EC0-301F-11D3-BF4B-00C04F79EFBC}") = "DAE.Connection", "..\Libraries\Connection\Source\DAE.Connection.csproj", "{8CBB779F-64D4-455F-9E4F-70719408A7CA}"
EndProject
Project("{FAE04EC0-301F-11D3-BF4B-00C04F79EFBC}") = "DAE.Connection.ADO", "..\Libraries\ADOConnection\Source\DAE.Connection.ADO.csproj", "{8CEBE5C2-DF26-4817-A917-5EB1C17FC2F3}"
EndProject
Project("{FAE04EC0-301F-11D3-BF4B-00C04F79EFBC}") = "DAE.Connection.DataDirect.Oracle", "..\Libraries\DataDirectOracleConnection\Source\DAE.Connection.DataDirect.Oracle.csproj", "{575592B2-44ED-4E9D-B033-A1B213DC86CE}"
EndProject
Project("{FAE04EC0-301F-11D3-BF4B-00C04F79EFBC}") = "DAE.Connection.DB2", "..\Libraries\DB2Connection\Source\DAE.Connection.DB2.csproj", "{4CA0DBAD-7C1C-4EBF-85A2-CD1758F936E3}"
EndProject
Project("{FAE04EC0-301F-11D3-BF4B-00C04F79EFBC}") = "DAE.Connection.DB2400", "..\Libraries\DB2400Connection\Source\DAE.Connection.DB2400.csproj", "{13A4C808-5471-419D-B21E-F65BA5D874FD}"
EndProject
Project("{FAE04EC0-301F-11D3-BF4B-00C04F79EFBC}") = "DAE.Connection.MySQL", "..\Libraries\MySQLConnection\Source\DAE.Connection.MySQL.csproj", "{25DD5528-B68B-474C-8F6A-AD475CEE51BC}"
EndProject
Project("{FAE04EC0-301F-11D3-BF4B-00C04F79EFBC}") = "DAE.Connection.ODBC", "..\Libraries\ODBCConnection\Source\DAE.Connection.ODBC.csproj", "{95D60D68-CDDB-45FD-BE63-92D84293D651}"
EndProject
Project("{FAE04EC0-301F-11D3-BF4B-00C04F79EFBC}") = "DAE.Connection.Oracle.Oracle", "..\Libraries\OracleConnection\Source\DAE.Connection.Oracle.Oracle.csproj", "{F513DCE2-6DC9-47CF-B307-8213DDA80F80}"
EndProject
Project("{FAE04EC0-301F-11D3-BF4B-00C04F79EFBC}") = "DAE.Connection.Oracle", "..\Libraries\MSOracleConnection\Source\DAE.Connection.Oracle.csproj", "{C49E387B-6B62-4D5F-8E75-EF75D562B7DF}"
EndProject
Project("{FAE04EC0-301F-11D3-BF4B-00C04F79EFBC}") = "DAE.Device.Simple", "..\Libraries\SimpleDevice\Source\DAE.Device.Simple.csproj", "{C6F705E1-DEDA-4106-A8E3-B3BFC8A91A3D}"
EndProject
Project("{FAE04EC0-301F-11D3-BF4B-00C04F79EFBC}") = "DAE.Device.SQL", "..\Libraries\SQLDevice\Source\DAE.Device.SQL.csproj", "{13A5D21C-63C4-4C56-97F4-6D921C4BA373}"
EndProject
Project("{FAE04EC0-301F-11D3-BF4B-00C04F79EFBC}") = "DAE.Diagnostics", "..\Libraries\TestFramework.Coverage.Base\Source\DAE.Diagnostics.csproj", "{9D8EF75D-1434-412F-825F-3889877321F2}"
EndProject
Project("{FAE04EC0-301F-11D3-BF4B-00C04F79EFBC}") = "DAEDeviceDB2", "..\Libraries\DB2Device\Source\DAEDeviceDB2.csproj", "{9969EADB-3E5D-4D60-8268-A7D860CE69E8}"
EndProject
Project("{FAE04EC0-301F-11D3-BF4B-00C04F79EFBC}") = "DAEDeviceLinter", "..\Libraries\LinterDevice\Source\DAEDeviceLinter.csproj", "{2E8AA030-8081-44D5-A25C-D1A7726AC640}"
EndProject
Project("{FAE04EC0-301F-11D3-BF4B-00C04F79EFBC}") = "DAEDeviceMSSQL", "..\Libraries\MSSQLDevice\Source\DAEDeviceMSSQL.csproj", "{58FF91A7-4AB9-4E04-A042-5CBD6C67CD01}"
EndProject
Project("{FAE04EC0-301F-11D3-BF4B-00C04F79EFBC}") = "DAEDeviceMySQL", "..\Libraries\MySQLDevice\Source\DAEDeviceMySQL.csproj", "{3F4A39C3-7317-4E96-91E9-C30EADE8D142}"
EndProject
Project("{FAE04EC0-301F-11D3-BF4B-00C04F79EFBC}") = "DAEDeviceOracle", "..\Libraries\OracleDevice\Source\DAEDeviceOracle.csproj", "{9E1775EC-C809-4C15-9306-AC284266FF55}"
EndProject
Project("{FAE04EC0-301F-11D3-BF4B-00C04F79EFBC}") = "DAEDeviceSAS", "..\Libraries\SASDevice\Source\DAEDeviceSAS.csproj", "{A97EDBBB-747C-4DD0-A70D-B3AE79595D76}"
EndProject
Project("{FAE04EC0-301F-11D3-BF4B-00C04F79EFBC}") = "DocSamples", "..\Libraries\Documentation\Source\DocSamples.csproj", "{D0C89AD5-D4CA-4249-9AB1-BC8A07AC2561}"
EndProject
Project("{FAE04EC0-301F-11D3-BF4B-00C04F79EFBC}") = "Frontend.Server", "..\Libraries\Frontend\Source\Frontend.Server.csproj", "{9C07C001-8C2D-4E8E-B7AC-A45D3CFB789F}"
EndProject
Project("{FAE04EC0-301F-11D3-BF4B-00C04F79EFBC}") = "Shipping", "..\Libraries\Sample.Shipping\Source\Shipping.csproj", "{4F32414B-6689-4AEE-8D53-DA9C5A18AF8F}"
EndProject
Project("{FAE04EC0-301F-11D3-BF4B-00C04F79EFBC}") = "System.Integration", "..\Libraries\System.Integration\Source\System.Integration.csproj", "{575B3F5A-1A24-46C4-B3C0-504BD492CEB3}"
EndProject
Project("{FAE04EC0-301F-11D3-BF4B-00C04F79EFBC}") = "System.Internet", "..\Libraries\System.Internet\Source\System.Internet.csproj", "{5E6A5ACD-9148-4403-BA1A-6FCEC3F88C4F}"
EndProject
Project("{FAE04EC0-301F-11D3-BF4B-00C04F79EFBC}") = "System.Platform", "..\Libraries\System.Platform\Source\System.Platform.csproj", "{6554AF3D-E9B6-4CF3-A60D-DCEFE10CDD56}"
EndProject
Project("{FAE04EC0-301F-11D3-BF4B-00C04F79EFBC}") = "Logging", "Logging\Logging.csproj", "{47AC1A13-6F39-41CD-9F5F-7F5B1792CB84}"
EndProject
Project("{FAE04EC0-301F-11D3-BF4B-00C04F79EFBC}") = "DAE.NativeCLI", "DAE.NativeCLI\DAE.NativeCLI.csproj", "{7CCBA92D-BB78-49E3-8C11-4CC29B173296}"
EndProject
Project("{FAE04EC0-301F-11D3-BF4B-00C04F79EFBC}") = "DAE.MSSQL", "DAE.MSSQL\DAE.MSSQL.csproj", "{E9B0A9CA-0D3D-4EA9-A265-4D8D1C1AE53E}"
EndProject
Project("{2150E333-8FDC-42A3-9474-1A3956D46DE8}") = "Tests", "Tests", "{0C5BCC79-C673-4FA3-96BA-89A30215A6F5}"
EndProject
Global
	GlobalSection(SolutionConfigurationPlatforms) = preSolution
		BaseDebug|Any CPU = BaseDebug|Any CPU
		Debug|Any CPU = Debug|Any CPU
		Release|Any CPU = Release|Any CPU
	EndGlobalSection
	GlobalSection(ProjectConfigurationPlatforms) = postSolution
		{D94475FD-DCEA-4A0E-B087-8FF8300B85EB}.BaseDebug|Any CPU.ActiveCfg = Debug|Any CPU
		{D94475FD-DCEA-4A0E-B087-8FF8300B85EB}.BaseDebug|Any CPU.Build.0 = Debug|Any CPU
		{D94475FD-DCEA-4A0E-B087-8FF8300B85EB}.Debug|Any CPU.ActiveCfg = Debug|Any CPU
		{D94475FD-DCEA-4A0E-B087-8FF8300B85EB}.Debug|Any CPU.Build.0 = Debug|Any CPU
		{D94475FD-DCEA-4A0E-B087-8FF8300B85EB}.Release|Any CPU.ActiveCfg = Release|Any CPU
		{D94475FD-DCEA-4A0E-B087-8FF8300B85EB}.Release|Any CPU.Build.0 = Release|Any CPU
		{6EC1F378-510B-48D0-8D00-E36BEF214766}.BaseDebug|Any CPU.ActiveCfg = Debug|Any CPU
		{6EC1F378-510B-48D0-8D00-E36BEF214766}.BaseDebug|Any CPU.Build.0 = Debug|Any CPU
		{6EC1F378-510B-48D0-8D00-E36BEF214766}.Debug|Any CPU.ActiveCfg = Debug|Any CPU
		{6EC1F378-510B-48D0-8D00-E36BEF214766}.Debug|Any CPU.Build.0 = Debug|Any CPU
		{6EC1F378-510B-48D0-8D00-E36BEF214766}.Release|Any CPU.ActiveCfg = Release|Any CPU
		{6EC1F378-510B-48D0-8D00-E36BEF214766}.Release|Any CPU.Build.0 = Release|Any CPU
		{8FA5FA37-DC03-4E24-900B-AA863CA9650F}.BaseDebug|Any CPU.ActiveCfg = Debug|Any CPU
		{8FA5FA37-DC03-4E24-900B-AA863CA9650F}.BaseDebug|Any CPU.Build.0 = Debug|Any CPU
		{8FA5FA37-DC03-4E24-900B-AA863CA9650F}.Debug|Any CPU.ActiveCfg = Debug|Any CPU
		{8FA5FA37-DC03-4E24-900B-AA863CA9650F}.Debug|Any CPU.Build.0 = Debug|Any CPU
		{8FA5FA37-DC03-4E24-900B-AA863CA9650F}.Release|Any CPU.ActiveCfg = Release|Any CPU
		{8FA5FA37-DC03-4E24-900B-AA863CA9650F}.Release|Any CPU.Build.0 = Release|Any CPU
		{146ABD06-FA98-4B90-9E85-1B4CE7BE598D}.BaseDebug|Any CPU.ActiveCfg = Debug|Any CPU
		{146ABD06-FA98-4B90-9E85-1B4CE7BE598D}.BaseDebug|Any CPU.Build.0 = Debug|Any CPU
		{146ABD06-FA98-4B90-9E85-1B4CE7BE598D}.Debug|Any CPU.ActiveCfg = Debug|Any CPU
		{146ABD06-FA98-4B90-9E85-1B4CE7BE598D}.Debug|Any CPU.Build.0 = Debug|Any CPU
		{146ABD06-FA98-4B90-9E85-1B4CE7BE598D}.Release|Any CPU.ActiveCfg = Release|Any CPU
		{146ABD06-FA98-4B90-9E85-1B4CE7BE598D}.Release|Any CPU.Build.0 = Release|Any CPU
		{D054B27F-366C-4C4E-BA32-472BD14DC86D}.BaseDebug|Any CPU.ActiveCfg = Debug|Any CPU
		{D054B27F-366C-4C4E-BA32-472BD14DC86D}.BaseDebug|Any CPU.Build.0 = Debug|Any CPU
		{D054B27F-366C-4C4E-BA32-472BD14DC86D}.Debug|Any CPU.ActiveCfg = Debug|Any CPU
		{D054B27F-366C-4C4E-BA32-472BD14DC86D}.Debug|Any CPU.Build.0 = Debug|Any CPU
		{D054B27F-366C-4C4E-BA32-472BD14DC86D}.Release|Any CPU.ActiveCfg = Release|Any CPU
		{D054B27F-366C-4C4E-BA32-472BD14DC86D}.Release|Any CPU.Build.0 = Release|Any CPU
		{E7152100-FDC7-4BF1-957C-75051BF7D8E8}.BaseDebug|Any CPU.ActiveCfg = Debug|Any CPU
		{E7152100-FDC7-4BF1-957C-75051BF7D8E8}.BaseDebug|Any CPU.Build.0 = Debug|Any CPU
		{E7152100-FDC7-4BF1-957C-75051BF7D8E8}.Debug|Any CPU.ActiveCfg = Debug|Any CPU
		{E7152100-FDC7-4BF1-957C-75051BF7D8E8}.Debug|Any CPU.Build.0 = Debug|Any CPU
		{E7152100-FDC7-4BF1-957C-75051BF7D8E8}.Release|Any CPU.ActiveCfg = Release|Any CPU
		{E7152100-FDC7-4BF1-957C-75051BF7D8E8}.Release|Any CPU.Build.0 = Release|Any CPU
		{A295FB41-D9B6-418C-9EA7-0C0A17BA26DD}.BaseDebug|Any CPU.ActiveCfg = Debug|Any CPU
		{A295FB41-D9B6-418C-9EA7-0C0A17BA26DD}.BaseDebug|Any CPU.Build.0 = Debug|Any CPU
		{A295FB41-D9B6-418C-9EA7-0C0A17BA26DD}.Debug|Any CPU.ActiveCfg = Debug|Any CPU
		{A295FB41-D9B6-418C-9EA7-0C0A17BA26DD}.Debug|Any CPU.Build.0 = Debug|Any CPU
		{A295FB41-D9B6-418C-9EA7-0C0A17BA26DD}.Release|Any CPU.ActiveCfg = Release|Any CPU
		{A295FB41-D9B6-418C-9EA7-0C0A17BA26DD}.Release|Any CPU.Build.0 = Release|Any CPU
		{2A36CE97-A296-462A-8C3F-C194F1A2D758}.BaseDebug|Any CPU.ActiveCfg = Debug|Any CPU
		{2A36CE97-A296-462A-8C3F-C194F1A2D758}.BaseDebug|Any CPU.Build.0 = Debug|Any CPU
		{2A36CE97-A296-462A-8C3F-C194F1A2D758}.Debug|Any CPU.ActiveCfg = Debug|Any CPU
		{2A36CE97-A296-462A-8C3F-C194F1A2D758}.Debug|Any CPU.Build.0 = Debug|Any CPU
		{2A36CE97-A296-462A-8C3F-C194F1A2D758}.Release|Any CPU.ActiveCfg = Release|Any CPU
		{2A36CE97-A296-462A-8C3F-C194F1A2D758}.Release|Any CPU.Build.0 = Release|Any CPU
		{AF54209E-0687-4C10-9784-487B1006E0BD}.BaseDebug|Any CPU.ActiveCfg = Debug|Any CPU
		{AF54209E-0687-4C10-9784-487B1006E0BD}.BaseDebug|Any CPU.Build.0 = Debug|Any CPU
		{AF54209E-0687-4C10-9784-487B1006E0BD}.Debug|Any CPU.ActiveCfg = Debug|Any CPU
		{AF54209E-0687-4C10-9784-487B1006E0BD}.Debug|Any CPU.Build.0 = Debug|Any CPU
		{AF54209E-0687-4C10-9784-487B1006E0BD}.Release|Any CPU.ActiveCfg = Release|Any CPU
		{AF54209E-0687-4C10-9784-487B1006E0BD}.Release|Any CPU.Build.0 = Release|Any CPU
		{788980F0-5A85-4F9A-9E6A-56746E7D37C7}.BaseDebug|Any CPU.ActiveCfg = Debug|Any CPU
		{788980F0-5A85-4F9A-9E6A-56746E7D37C7}.Debug|Any CPU.ActiveCfg = Debug|Any CPU
		{788980F0-5A85-4F9A-9E6A-56746E7D37C7}.Debug|Any CPU.Build.0 = Debug|Any CPU
		{788980F0-5A85-4F9A-9E6A-56746E7D37C7}.Release|Any CPU.ActiveCfg = Release|Any CPU
		{788980F0-5A85-4F9A-9E6A-56746E7D37C7}.Release|Any CPU.Build.0 = Release|Any CPU
		{6D005BA9-2F0B-4EAA-B82F-039AFA11C425}.BaseDebug|Any CPU.ActiveCfg = Debug|Any CPU
		{6D005BA9-2F0B-4EAA-B82F-039AFA11C425}.Debug|Any CPU.ActiveCfg = Debug|Any CPU
		{6D005BA9-2F0B-4EAA-B82F-039AFA11C425}.Debug|Any CPU.Build.0 = Debug|Any CPU
		{6D005BA9-2F0B-4EAA-B82F-039AFA11C425}.Release|Any CPU.ActiveCfg = Release|Any CPU
		{6D005BA9-2F0B-4EAA-B82F-039AFA11C425}.Release|Any CPU.Build.0 = Release|Any CPU
		{B7466206-120E-45BD-9FB0-F30A0C7971A4}.BaseDebug|Any CPU.ActiveCfg = Debug|Any CPU
		{B7466206-120E-45BD-9FB0-F30A0C7971A4}.Debug|Any CPU.ActiveCfg = Debug|Any CPU
		{B7466206-120E-45BD-9FB0-F30A0C7971A4}.Debug|Any CPU.Build.0 = Debug|Any CPU
		{B7466206-120E-45BD-9FB0-F30A0C7971A4}.Release|Any CPU.ActiveCfg = Release|Any CPU
		{B7466206-120E-45BD-9FB0-F30A0C7971A4}.Release|Any CPU.Build.0 = Release|Any CPU
		{BC0647DF-60D0-4F62-81B8-AFAA673A3198}.BaseDebug|Any CPU.ActiveCfg = Debug|Any CPU
		{BC0647DF-60D0-4F62-81B8-AFAA673A3198}.Debug|Any CPU.ActiveCfg = Debug|Any CPU
		{BC0647DF-60D0-4F62-81B8-AFAA673A3198}.Debug|Any CPU.Build.0 = Debug|Any CPU
		{BC0647DF-60D0-4F62-81B8-AFAA673A3198}.Release|Any CPU.ActiveCfg = Release|Any CPU
		{BC0647DF-60D0-4F62-81B8-AFAA673A3198}.Release|Any CPU.Build.0 = Release|Any CPU
		{0D97E6A8-0AFC-4D80-9B5B-8D0DB2887C4C}.BaseDebug|Any CPU.ActiveCfg = Debug|Any CPU
		{0D97E6A8-0AFC-4D80-9B5B-8D0DB2887C4C}.Debug|Any CPU.ActiveCfg = Debug|Any CPU
		{0D97E6A8-0AFC-4D80-9B5B-8D0DB2887C4C}.Debug|Any CPU.Build.0 = Debug|Any CPU
		{0D97E6A8-0AFC-4D80-9B5B-8D0DB2887C4C}.Release|Any CPU.ActiveCfg = Release|Any CPU
		{0D97E6A8-0AFC-4D80-9B5B-8D0DB2887C4C}.Release|Any CPU.Build.0 = Release|Any CPU
		{DB513978-ACD1-4962-AFFF-BEB881907C0A}.BaseDebug|Any CPU.ActiveCfg = Debug|Any CPU
		{DB513978-ACD1-4962-AFFF-BEB881907C0A}.Debug|Any CPU.ActiveCfg = Debug|Any CPU
		{DB513978-ACD1-4962-AFFF-BEB881907C0A}.Debug|Any CPU.Build.0 = Debug|Any CPU
		{DB513978-ACD1-4962-AFFF-BEB881907C0A}.Release|Any CPU.ActiveCfg = Release|Any CPU
		{DB513978-ACD1-4962-AFFF-BEB881907C0A}.Release|Any CPU.Build.0 = Release|Any CPU
		{2F3DAD3F-69A0-43A0-91AA-C2DA75BBE435}.BaseDebug|Any CPU.ActiveCfg = Debug|Any CPU
		{2F3DAD3F-69A0-43A0-91AA-C2DA75BBE435}.Debug|Any CPU.ActiveCfg = Debug|Any CPU
		{2F3DAD3F-69A0-43A0-91AA-C2DA75BBE435}.Debug|Any CPU.Build.0 = Debug|Any CPU
		{2F3DAD3F-69A0-43A0-91AA-C2DA75BBE435}.Release|Any CPU.ActiveCfg = Release|Any CPU
		{2F3DAD3F-69A0-43A0-91AA-C2DA75BBE435}.Release|Any CPU.Build.0 = Release|Any CPU
		{8CBB779F-64D4-455F-9E4F-70719408A7CA}.BaseDebug|Any CPU.ActiveCfg = Debug|Any CPU
		{8CBB779F-64D4-455F-9E4F-70719408A7CA}.BaseDebug|Any CPU.Build.0 = Debug|Any CPU
		{8CBB779F-64D4-455F-9E4F-70719408A7CA}.Debug|Any CPU.ActiveCfg = Debug|Any CPU
		{8CBB779F-64D4-455F-9E4F-70719408A7CA}.Debug|Any CPU.Build.0 = Debug|Any CPU
		{8CBB779F-64D4-455F-9E4F-70719408A7CA}.Release|Any CPU.ActiveCfg = Release|Any CPU
		{8CBB779F-64D4-455F-9E4F-70719408A7CA}.Release|Any CPU.Build.0 = Release|Any CPU
		{8CEBE5C2-DF26-4817-A917-5EB1C17FC2F3}.BaseDebug|Any CPU.ActiveCfg = Debug|Any CPU
		{8CEBE5C2-DF26-4817-A917-5EB1C17FC2F3}.BaseDebug|Any CPU.Build.0 = Debug|Any CPU
		{8CEBE5C2-DF26-4817-A917-5EB1C17FC2F3}.Debug|Any CPU.ActiveCfg = Debug|Any CPU
		{8CEBE5C2-DF26-4817-A917-5EB1C17FC2F3}.Debug|Any CPU.Build.0 = Debug|Any CPU
		{8CEBE5C2-DF26-4817-A917-5EB1C17FC2F3}.Release|Any CPU.ActiveCfg = Release|Any CPU
		{8CEBE5C2-DF26-4817-A917-5EB1C17FC2F3}.Release|Any CPU.Build.0 = Release|Any CPU
		{575592B2-44ED-4E9D-B033-A1B213DC86CE}.BaseDebug|Any CPU.ActiveCfg = Debug|Any CPU
		{575592B2-44ED-4E9D-B033-A1B213DC86CE}.BaseDebug|Any CPU.Build.0 = Debug|Any CPU
		{575592B2-44ED-4E9D-B033-A1B213DC86CE}.Debug|Any CPU.ActiveCfg = Debug|Any CPU
		{575592B2-44ED-4E9D-B033-A1B213DC86CE}.Release|Any CPU.ActiveCfg = Release|Any CPU
		{575592B2-44ED-4E9D-B033-A1B213DC86CE}.Release|Any CPU.Build.0 = Release|Any CPU
		{4CA0DBAD-7C1C-4EBF-85A2-CD1758F936E3}.BaseDebug|Any CPU.ActiveCfg = Debug|Any CPU
		{4CA0DBAD-7C1C-4EBF-85A2-CD1758F936E3}.BaseDebug|Any CPU.Build.0 = Debug|Any CPU
		{4CA0DBAD-7C1C-4EBF-85A2-CD1758F936E3}.Debug|Any CPU.ActiveCfg = Debug|Any CPU
		{4CA0DBAD-7C1C-4EBF-85A2-CD1758F936E3}.Release|Any CPU.ActiveCfg = Release|Any CPU
		{4CA0DBAD-7C1C-4EBF-85A2-CD1758F936E3}.Release|Any CPU.Build.0 = Release|Any CPU
		{13A4C808-5471-419D-B21E-F65BA5D874FD}.BaseDebug|Any CPU.ActiveCfg = Debug|Any CPU
		{13A4C808-5471-419D-B21E-F65BA5D874FD}.BaseDebug|Any CPU.Build.0 = Debug|Any CPU
		{13A4C808-5471-419D-B21E-F65BA5D874FD}.Debug|Any CPU.ActiveCfg = Debug|Any CPU
		{13A4C808-5471-419D-B21E-F65BA5D874FD}.Release|Any CPU.ActiveCfg = Release|Any CPU
		{13A4C808-5471-419D-B21E-F65BA5D874FD}.Release|Any CPU.Build.0 = Release|Any CPU
		{25DD5528-B68B-474C-8F6A-AD475CEE51BC}.BaseDebug|Any CPU.ActiveCfg = Debug|Any CPU
		{25DD5528-B68B-474C-8F6A-AD475CEE51BC}.BaseDebug|Any CPU.Build.0 = Debug|Any CPU
		{25DD5528-B68B-474C-8F6A-AD475CEE51BC}.Debug|Any CPU.ActiveCfg = Debug|Any CPU
		{25DD5528-B68B-474C-8F6A-AD475CEE51BC}.Release|Any CPU.ActiveCfg = Release|Any CPU
		{25DD5528-B68B-474C-8F6A-AD475CEE51BC}.Release|Any CPU.Build.0 = Release|Any CPU
		{95D60D68-CDDB-45FD-BE63-92D84293D651}.BaseDebug|Any CPU.ActiveCfg = Debug|Any CPU
		{95D60D68-CDDB-45FD-BE63-92D84293D651}.BaseDebug|Any CPU.Build.0 = Debug|Any CPU
		{95D60D68-CDDB-45FD-BE63-92D84293D651}.Debug|Any CPU.ActiveCfg = Debug|Any CPU
		{95D60D68-CDDB-45FD-BE63-92D84293D651}.Debug|Any CPU.Build.0 = Debug|Any CPU
		{95D60D68-CDDB-45FD-BE63-92D84293D651}.Release|Any CPU.ActiveCfg = Release|Any CPU
		{95D60D68-CDDB-45FD-BE63-92D84293D651}.Release|Any CPU.Build.0 = Release|Any CPU
		{F513DCE2-6DC9-47CF-B307-8213DDA80F80}.BaseDebug|Any CPU.ActiveCfg = Debug|Any CPU
		{F513DCE2-6DC9-47CF-B307-8213DDA80F80}.BaseDebug|Any CPU.Build.0 = Debug|Any CPU
		{F513DCE2-6DC9-47CF-B307-8213DDA80F80}.Debug|Any CPU.ActiveCfg = Debug|Any CPU
		{F513DCE2-6DC9-47CF-B307-8213DDA80F80}.Release|Any CPU.ActiveCfg = Release|Any CPU
		{F513DCE2-6DC9-47CF-B307-8213DDA80F80}.Release|Any CPU.Build.0 = Release|Any CPU
		{C49E387B-6B62-4D5F-8E75-EF75D562B7DF}.BaseDebug|Any CPU.ActiveCfg = Debug|Any CPU
		{C49E387B-6B62-4D5F-8E75-EF75D562B7DF}.BaseDebug|Any CPU.Build.0 = Debug|Any CPU
		{C49E387B-6B62-4D5F-8E75-EF75D562B7DF}.Debug|Any CPU.ActiveCfg = Debug|Any CPU
		{C49E387B-6B62-4D5F-8E75-EF75D562B7DF}.Debug|Any CPU.Build.0 = Debug|Any CPU
		{C49E387B-6B62-4D5F-8E75-EF75D562B7DF}.Release|Any CPU.ActiveCfg = Release|Any CPU
		{C49E387B-6B62-4D5F-8E75-EF75D562B7DF}.Release|Any CPU.Build.0 = Release|Any CPU
		{C6F705E1-DEDA-4106-A8E3-B3BFC8A91A3D}.BaseDebug|Any CPU.ActiveCfg = Debug|Any CPU
		{C6F705E1-DEDA-4106-A8E3-B3BFC8A91A3D}.BaseDebug|Any CPU.Build.0 = Debug|Any CPU
		{C6F705E1-DEDA-4106-A8E3-B3BFC8A91A3D}.Debug|Any CPU.ActiveCfg = Debug|Any CPU
		{C6F705E1-DEDA-4106-A8E3-B3BFC8A91A3D}.Debug|Any CPU.Build.0 = Debug|Any CPU
		{C6F705E1-DEDA-4106-A8E3-B3BFC8A91A3D}.Release|Any CPU.ActiveCfg = Release|Any CPU
		{C6F705E1-DEDA-4106-A8E3-B3BFC8A91A3D}.Release|Any CPU.Build.0 = Release|Any CPU
		{13A5D21C-63C4-4C56-97F4-6D921C4BA373}.BaseDebug|Any CPU.ActiveCfg = Debug|Any CPU
		{13A5D21C-63C4-4C56-97F4-6D921C4BA373}.BaseDebug|Any CPU.Build.0 = Debug|Any CPU
		{13A5D21C-63C4-4C56-97F4-6D921C4BA373}.Debug|Any CPU.ActiveCfg = Debug|Any CPU
		{13A5D21C-63C4-4C56-97F4-6D921C4BA373}.Debug|Any CPU.Build.0 = Debug|Any CPU
		{13A5D21C-63C4-4C56-97F4-6D921C4BA373}.Release|Any CPU.ActiveCfg = Release|Any CPU
		{13A5D21C-63C4-4C56-97F4-6D921C4BA373}.Release|Any CPU.Build.0 = Release|Any CPU
		{9D8EF75D-1434-412F-825F-3889877321F2}.BaseDebug|Any CPU.ActiveCfg = Debug|Any CPU
		{9D8EF75D-1434-412F-825F-3889877321F2}.BaseDebug|Any CPU.Build.0 = Debug|Any CPU
		{9D8EF75D-1434-412F-825F-3889877321F2}.Debug|Any CPU.ActiveCfg = Debug|Any CPU
		{9D8EF75D-1434-412F-825F-3889877321F2}.Debug|Any CPU.Build.0 = Debug|Any CPU
		{9D8EF75D-1434-412F-825F-3889877321F2}.Release|Any CPU.ActiveCfg = Release|Any CPU
		{9D8EF75D-1434-412F-825F-3889877321F2}.Release|Any CPU.Build.0 = Release|Any CPU
		{9969EADB-3E5D-4D60-8268-A7D860CE69E8}.BaseDebug|Any CPU.ActiveCfg = Debug|Any CPU
		{9969EADB-3E5D-4D60-8268-A7D860CE69E8}.BaseDebug|Any CPU.Build.0 = Debug|Any CPU
		{9969EADB-3E5D-4D60-8268-A7D860CE69E8}.Debug|Any CPU.ActiveCfg = Debug|Any CPU
		{9969EADB-3E5D-4D60-8268-A7D860CE69E8}.Debug|Any CPU.Build.0 = Debug|Any CPU
		{9969EADB-3E5D-4D60-8268-A7D860CE69E8}.Release|Any CPU.ActiveCfg = Release|Any CPU
		{9969EADB-3E5D-4D60-8268-A7D860CE69E8}.Release|Any CPU.Build.0 = Release|Any CPU
		{2E8AA030-8081-44D5-A25C-D1A7726AC640}.BaseDebug|Any CPU.ActiveCfg = Debug|Any CPU
		{2E8AA030-8081-44D5-A25C-D1A7726AC640}.BaseDebug|Any CPU.Build.0 = Debug|Any CPU
		{2E8AA030-8081-44D5-A25C-D1A7726AC640}.Debug|Any CPU.ActiveCfg = Debug|Any CPU
		{2E8AA030-8081-44D5-A25C-D1A7726AC640}.Debug|Any CPU.Build.0 = Debug|Any CPU
		{2E8AA030-8081-44D5-A25C-D1A7726AC640}.Release|Any CPU.ActiveCfg = Release|Any CPU
		{2E8AA030-8081-44D5-A25C-D1A7726AC640}.Release|Any CPU.Build.0 = Release|Any CPU
		{58FF91A7-4AB9-4E04-A042-5CBD6C67CD01}.BaseDebug|Any CPU.ActiveCfg = Debug|Any CPU
		{58FF91A7-4AB9-4E04-A042-5CBD6C67CD01}.BaseDebug|Any CPU.Build.0 = Debug|Any CPU
		{58FF91A7-4AB9-4E04-A042-5CBD6C67CD01}.Debug|Any CPU.ActiveCfg = Debug|Any CPU
		{58FF91A7-4AB9-4E04-A042-5CBD6C67CD01}.Debug|Any CPU.Build.0 = Debug|Any CPU
		{58FF91A7-4AB9-4E04-A042-5CBD6C67CD01}.Release|Any CPU.ActiveCfg = Release|Any CPU
		{58FF91A7-4AB9-4E04-A042-5CBD6C67CD01}.Release|Any CPU.Build.0 = Release|Any CPU
		{3F4A39C3-7317-4E96-91E9-C30EADE8D142}.BaseDebug|Any CPU.ActiveCfg = Debug|Any CPU
		{3F4A39C3-7317-4E96-91E9-C30EADE8D142}.BaseDebug|Any CPU.Build.0 = Debug|Any CPU
		{3F4A39C3-7317-4E96-91E9-C30EADE8D142}.Debug|Any CPU.ActiveCfg = Debug|Any CPU
		{3F4A39C3-7317-4E96-91E9-C30EADE8D142}.Debug|Any CPU.Build.0 = Debug|Any CPU
		{3F4A39C3-7317-4E96-91E9-C30EADE8D142}.Release|Any CPU.ActiveCfg = Release|Any CPU
		{3F4A39C3-7317-4E96-91E9-C30EADE8D142}.Release|Any CPU.Build.0 = Release|Any CPU
		{9E1775EC-C809-4C15-9306-AC284266FF55}.BaseDebug|Any CPU.ActiveCfg = Debug|Any CPU
		{9E1775EC-C809-4C15-9306-AC284266FF55}.BaseDebug|Any CPU.Build.0 = Debug|Any CPU
		{9E1775EC-C809-4C15-9306-AC284266FF55}.Debug|Any CPU.ActiveCfg = Debug|Any CPU
		{9E1775EC-C809-4C15-9306-AC284266FF55}.Debug|Any CPU.Build.0 = Debug|Any CPU
		{9E1775EC-C809-4C15-9306-AC284266FF55}.Release|Any CPU.ActiveCfg = Release|Any CPU
		{9E1775EC-C809-4C15-9306-AC284266FF55}.Release|Any CPU.Build.0 = Release|Any CPU
		{A97EDBBB-747C-4DD0-A70D-B3AE79595D76}.BaseDebug|Any CPU.ActiveCfg = Debug|Any CPU
		{A97EDBBB-747C-4DD0-A70D-B3AE79595D76}.BaseDebug|Any CPU.Build.0 = Debug|Any CPU
		{A97EDBBB-747C-4DD0-A70D-B3AE79595D76}.Debug|Any CPU.ActiveCfg = Debug|Any CPU
		{A97EDBBB-747C-4DD0-A70D-B3AE79595D76}.Debug|Any CPU.Build.0 = Debug|Any CPU
		{A97EDBBB-747C-4DD0-A70D-B3AE79595D76}.Release|Any CPU.ActiveCfg = Release|Any CPU
		{A97EDBBB-747C-4DD0-A70D-B3AE79595D76}.Release|Any CPU.Build.0 = Release|Any CPU
		{D0C89AD5-D4CA-4249-9AB1-BC8A07AC2561}.BaseDebug|Any CPU.ActiveCfg = Debug|Any CPU
		{D0C89AD5-D4CA-4249-9AB1-BC8A07AC2561}.BaseDebug|Any CPU.Build.0 = Debug|Any CPU
		{D0C89AD5-D4CA-4249-9AB1-BC8A07AC2561}.Debug|Any CPU.ActiveCfg = Debug|Any CPU
		{D0C89AD5-D4CA-4249-9AB1-BC8A07AC2561}.Debug|Any CPU.Build.0 = Debug|Any CPU
		{D0C89AD5-D4CA-4249-9AB1-BC8A07AC2561}.Release|Any CPU.ActiveCfg = Release|Any CPU
		{D0C89AD5-D4CA-4249-9AB1-BC8A07AC2561}.Release|Any CPU.Build.0 = Release|Any CPU
		{9C07C001-8C2D-4E8E-B7AC-A45D3CFB789F}.BaseDebug|Any CPU.ActiveCfg = Debug|Any CPU
		{9C07C001-8C2D-4E8E-B7AC-A45D3CFB789F}.BaseDebug|Any CPU.Build.0 = Debug|Any CPU
		{9C07C001-8C2D-4E8E-B7AC-A45D3CFB789F}.Debug|Any CPU.ActiveCfg = Debug|Any CPU
		{9C07C001-8C2D-4E8E-B7AC-A45D3CFB789F}.Debug|Any CPU.Build.0 = Debug|Any CPU
		{9C07C001-8C2D-4E8E-B7AC-A45D3CFB789F}.Release|Any CPU.ActiveCfg = Release|Any CPU
		{9C07C001-8C2D-4E8E-B7AC-A45D3CFB789F}.Release|Any CPU.Build.0 = Release|Any CPU
		{4F32414B-6689-4AEE-8D53-DA9C5A18AF8F}.BaseDebug|Any CPU.ActiveCfg = Debug|Any CPU
		{4F32414B-6689-4AEE-8D53-DA9C5A18AF8F}.BaseDebug|Any CPU.Build.0 = Debug|Any CPU
		{4F32414B-6689-4AEE-8D53-DA9C5A18AF8F}.Debug|Any CPU.ActiveCfg = Debug|Any CPU
		{4F32414B-6689-4AEE-8D53-DA9C5A18AF8F}.Debug|Any CPU.Build.0 = Debug|Any CPU
		{4F32414B-6689-4AEE-8D53-DA9C5A18AF8F}.Release|Any CPU.ActiveCfg = Release|Any CPU
		{4F32414B-6689-4AEE-8D53-DA9C5A18AF8F}.Release|Any CPU.Build.0 = Release|Any CPU
		{575B3F5A-1A24-46C4-B3C0-504BD492CEB3}.BaseDebug|Any CPU.ActiveCfg = Debug|Any CPU
		{575B3F5A-1A24-46C4-B3C0-504BD492CEB3}.BaseDebug|Any CPU.Build.0 = Debug|Any CPU
		{575B3F5A-1A24-46C4-B3C0-504BD492CEB3}.Debug|Any CPU.ActiveCfg = Debug|Any CPU
		{575B3F5A-1A24-46C4-B3C0-504BD492CEB3}.Debug|Any CPU.Build.0 = Debug|Any CPU
		{575B3F5A-1A24-46C4-B3C0-504BD492CEB3}.Release|Any CPU.ActiveCfg = Release|Any CPU
		{575B3F5A-1A24-46C4-B3C0-504BD492CEB3}.Release|Any CPU.Build.0 = Release|Any CPU
		{5E6A5ACD-9148-4403-BA1A-6FCEC3F88C4F}.BaseDebug|Any CPU.ActiveCfg = Debug|Any CPU
		{5E6A5ACD-9148-4403-BA1A-6FCEC3F88C4F}.BaseDebug|Any CPU.Build.0 = Debug|Any CPU
		{5E6A5ACD-9148-4403-BA1A-6FCEC3F88C4F}.Debug|Any CPU.ActiveCfg = Debug|Any CPU
		{5E6A5ACD-9148-4403-BA1A-6FCEC3F88C4F}.Debug|Any CPU.Build.0 = Debug|Any CPU
		{5E6A5ACD-9148-4403-BA1A-6FCEC3F88C4F}.Release|Any CPU.ActiveCfg = Release|Any CPU
		{5E6A5ACD-9148-4403-BA1A-6FCEC3F88C4F}.Release|Any CPU.Build.0 = Release|Any CPU
		{6554AF3D-E9B6-4CF3-A60D-DCEFE10CDD56}.BaseDebug|Any CPU.ActiveCfg = Debug|Any CPU
		{6554AF3D-E9B6-4CF3-A60D-DCEFE10CDD56}.BaseDebug|Any CPU.Build.0 = Debug|Any CPU
		{6554AF3D-E9B6-4CF3-A60D-DCEFE10CDD56}.Debug|Any CPU.ActiveCfg = Debug|Any CPU
		{6554AF3D-E9B6-4CF3-A60D-DCEFE10CDD56}.Debug|Any CPU.Build.0 = Debug|Any CPU
		{6554AF3D-E9B6-4CF3-A60D-DCEFE10CDD56}.Release|Any CPU.ActiveCfg = Release|Any CPU
		{6554AF3D-E9B6-4CF3-A60D-DCEFE10CDD56}.Release|Any CPU.Build.0 = Release|Any CPU
		{47AC1A13-6F39-41CD-9F5F-7F5B1792CB84}.BaseDebug|Any CPU.ActiveCfg = Debug|Any CPU
		{47AC1A13-6F39-41CD-9F5F-7F5B1792CB84}.BaseDebug|Any CPU.Build.0 = Debug|Any CPU
		{47AC1A13-6F39-41CD-9F5F-7F5B1792CB84}.Debug|Any CPU.ActiveCfg = Debug|Any CPU
		{47AC1A13-6F39-41CD-9F5F-7F5B1792CB84}.Debug|Any CPU.Build.0 = Debug|Any CPU
		{47AC1A13-6F39-41CD-9F5F-7F5B1792CB84}.Release|Any CPU.ActiveCfg = Release|Any CPU
		{47AC1A13-6F39-41CD-9F5F-7F5B1792CB84}.Release|Any CPU.Build.0 = Release|Any CPU
		{7CCBA92D-BB78-49E3-8C11-4CC29B173296}.BaseDebug|Any CPU.ActiveCfg = Debug|Any CPU
		{7CCBA92D-BB78-49E3-8C11-4CC29B173296}.BaseDebug|Any CPU.Build.0 = Debug|Any CPU
		{7CCBA92D-BB78-49E3-8C11-4CC29B173296}.Debug|Any CPU.ActiveCfg = Debug|Any CPU
		{7CCBA92D-BB78-49E3-8C11-4CC29B173296}.Debug|Any CPU.Build.0 = Debug|Any CPU
		{7CCBA92D-BB78-49E3-8C11-4CC29B173296}.Release|Any CPU.ActiveCfg = Release|Any CPU
		{7CCBA92D-BB78-49E3-8C11-4CC29B173296}.Release|Any CPU.Build.0 = Release|Any CPU
		{E9B0A9CA-0D3D-4EA9-A265-4D8D1C1AE53E}.BaseDebug|Any CPU.ActiveCfg = Debug|Any CPU
		{E9B0A9CA-0D3D-4EA9-A265-4D8D1C1AE53E}.BaseDebug|Any CPU.Build.0 = Debug|Any CPU
		{E9B0A9CA-0D3D-4EA9-A265-4D8D1C1AE53E}.Debug|Any CPU.ActiveCfg = Debug|Any CPU
		{E9B0A9CA-0D3D-4EA9-A265-4D8D1C1AE53E}.Debug|Any CPU.Build.0 = Debug|Any CPU
		{E9B0A9CA-0D3D-4EA9-A265-4D8D1C1AE53E}.Release|Any CPU.ActiveCfg = Release|Any CPU
		{E9B0A9CA-0D3D-4EA9-A265-4D8D1C1AE53E}.Release|Any CPU.Build.0 = Release|Any CPU
	EndGlobalSection
	GlobalSection(SolutionProperties) = preSolution
		HideSolutionNode = FALSE
	EndGlobalSection
	GlobalSection(NestedProjects) = preSolution
		{6EC1F378-510B-48D0-8D00-E36BEF214766} = {EAE8CA62-D88A-4125-AEA9-E3F7D90F2558}
		{8FA5FA37-DC03-4E24-900B-AA863CA9650F} = {EAE8CA62-D88A-4125-AEA9-E3F7D90F2558}
		{D94475FD-DCEA-4A0E-B087-8FF8300B85EB} = {EAE8CA62-D88A-4125-AEA9-E3F7D90F2558}
		{47AC1A13-6F39-41CD-9F5F-7F5B1792CB84} = {EAE8CA62-D88A-4125-AEA9-E3F7D90F2558}
		{7CCBA92D-BB78-49E3-8C11-4CC29B173296} = {EAE8CA62-D88A-4125-AEA9-E3F7D90F2558}
		{D054B27F-366C-4C4E-BA32-472BD14DC86D} = {3232C77F-4816-48C6-B80D-761FF48AA282}
		{E7152100-FDC7-4BF1-957C-75051BF7D8E8} = {3232C77F-4816-48C6-B80D-761FF48AA282}
		{A295FB41-D9B6-418C-9EA7-0C0A17BA26DD} = {3232C77F-4816-48C6-B80D-761FF48AA282}
		{2A36CE97-A296-462A-8C3F-C194F1A2D758} = {3232C77F-4816-48C6-B80D-761FF48AA282}
		{AF54209E-0687-4C10-9784-487B1006E0BD} = {3232C77F-4816-48C6-B80D-761FF48AA282}
		{0D97E6A8-0AFC-4D80-9B5B-8D0DB2887C4C} = {3232C77F-4816-48C6-B80D-761FF48AA282}
		{DB513978-ACD1-4962-AFFF-BEB881907C0A} = {3232C77F-4816-48C6-B80D-761FF48AA282}
		{146ABD06-FA98-4B90-9E85-1B4CE7BE598D} = {3232C77F-4816-48C6-B80D-761FF48AA282}
		{6D005BA9-2F0B-4EAA-B82F-039AFA11C425} = {673FFDA4-CE91-4D8C-8164-20E73F46C257}
		{B7466206-120E-45BD-9FB0-F30A0C7971A4} = {673FFDA4-CE91-4D8C-8164-20E73F46C257}
		{BC0647DF-60D0-4F62-81B8-AFAA673A3198} = {673FFDA4-CE91-4D8C-8164-20E73F46C257}
		{2F3DAD3F-69A0-43A0-91AA-C2DA75BBE435} = {673FFDA4-CE91-4D8C-8164-20E73F46C257}
		{788980F0-5A85-4F9A-9E6A-56746E7D37C7} = {673FFDA4-CE91-4D8C-8164-20E73F46C257}
		{E9B0A9CA-0D3D-4EA9-A265-4D8D1C1AE53E} = {673FFDA4-CE91-4D8C-8164-20E73F46C257}
		{8CBB779F-64D4-455F-9E4F-70719408A7CA} = {0A17AB0B-3994-4D39-86B3-D34EDA7893F9}
		{8CEBE5C2-DF26-4817-A917-5EB1C17FC2F3} = {0A17AB0B-3994-4D39-86B3-D34EDA7893F9}
		{575592B2-44ED-4E9D-B033-A1B213DC86CE} = {0A17AB0B-3994-4D39-86B3-D34EDA7893F9}
		{4CA0DBAD-7C1C-4EBF-85A2-CD1758F936E3} = {0A17AB0B-3994-4D39-86B3-D34EDA7893F9}
		{13A4C808-5471-419D-B21E-F65BA5D874FD} = {0A17AB0B-3994-4D39-86B3-D34EDA7893F9}
		{25DD5528-B68B-474C-8F6A-AD475CEE51BC} = {0A17AB0B-3994-4D39-86B3-D34EDA7893F9}
		{95D60D68-CDDB-45FD-BE63-92D84293D651} = {0A17AB0B-3994-4D39-86B3-D34EDA7893F9}
		{F513DCE2-6DC9-47CF-B307-8213DDA80F80} = {0A17AB0B-3994-4D39-86B3-D34EDA7893F9}
		{C49E387B-6B62-4D5F-8E75-EF75D562B7DF} = {0A17AB0B-3994-4D39-86B3-D34EDA7893F9}
		{C6F705E1-DEDA-4106-A8E3-B3BFC8A91A3D} = {0A17AB0B-3994-4D39-86B3-D34EDA7893F9}
		{13A5D21C-63C4-4C56-97F4-6D921C4BA373} = {0A17AB0B-3994-4D39-86B3-D34EDA7893F9}
		{0C5BCC79-C673-4FA3-96BA-89A30215A6F5} = {0A17AB0B-3994-4D39-86B3-D34EDA7893F9}
		{9969EADB-3E5D-4D60-8268-A7D860CE69E8} = {0A17AB0B-3994-4D39-86B3-D34EDA7893F9}
		{2E8AA030-8081-44D5-A25C-D1A7726AC640} = {0A17AB0B-3994-4D39-86B3-D34EDA7893F9}
		{58FF91A7-4AB9-4E04-A042-5CBD6C67CD01} = {0A17AB0B-3994-4D39-86B3-D34EDA7893F9}
		{3F4A39C3-7317-4E96-91E9-C30EADE8D142} = {0A17AB0B-3994-4D39-86B3-D34EDA7893F9}
		{9E1775EC-C809-4C15-9306-AC284266FF55} = {0A17AB0B-3994-4D39-86B3-D34EDA7893F9}
		{A97EDBBB-747C-4DD0-A70D-B3AE79595D76} = {0A17AB0B-3994-4D39-86B3-D34EDA7893F9}
		{D0C89AD5-D4CA-4249-9AB1-BC8A07AC2561} = {0A17AB0B-3994-4D39-86B3-D34EDA7893F9}
		{9C07C001-8C2D-4E8E-B7AC-A45D3CFB789F} = {0A17AB0B-3994-4D39-86B3-D34EDA7893F9}
		{4F32414B-6689-4AEE-8D53-DA9C5A18AF8F} = {0A17AB0B-3994-4D39-86B3-D34EDA7893F9}
		{575B3F5A-1A24-46C4-B3C0-504BD492CEB3} = {0A17AB0B-3994-4D39-86B3-D34EDA7893F9}
		{5E6A5ACD-9148-4403-BA1A-6FCEC3F88C4F} = {0A17AB0B-3994-4D39-86B3-D34EDA7893F9}
		{6554AF3D-E9B6-4CF3-A60D-DCEFE10CDD56} = {0A17AB0B-3994-4D39-86B3-D34EDA7893F9}
		{9D8EF75D-1434-412F-825F-3889877321F2} = {0C5BCC79-C673-4FA3-96BA-89A30215A6F5}
	EndGlobalSection
EndGlobal
