Microsoft Visual Studio Solution File, Format Version 12.00
# Visual Studio 14
VisualStudioVersion = 14.0.23107.0
MinimumVisualStudioVersion = 10.0.40219.1
Project("{2150E333-8FDC-42A3-9474-1A3956D46DE8}") = "Solution Items", "Solution Items", "{9923DA0B-B157-41AA-AB27-E48F60EABD36}"
	ProjectSection(SolutionItems) = preProject
		CompilerDefines.txt = CompilerDefines.txt
		Error Message Prefix Codes.txt = Error Message Prefix Codes.txt
	EndProjectSection
EndProject
Project("{2150E333-8FDC-42A3-9474-1A3956D46DE8}") = "Common", "Common", "{EAE8CA62-D88A-4125-AEA9-E3F7D90F2558}"
EndProject
Project("{2150E333-8FDC-42A3-9474-1A3956D46DE8}") = "Client", "Client", "{3232C77F-4816-48C6-B80D-761FF48AA282}"
EndProject
Project("{2150E333-8FDC-42A3-9474-1A3956D46DE8}") = "Server", "Server", "{673FFDA4-CE91-4D8C-8164-20E73F46C257}"
EndProject
Project("{2150E333-8FDC-42A3-9474-1A3956D46DE8}") = "Libraries", "Libraries", "{0A17AB0B-3994-4D39-86B3-D34EDA7893F9}"
EndProject
Project("{2150E333-8FDC-42A3-9474-1A3956D46DE8}") = "Tests", "Tests", "{0C5BCC79-C673-4FA3-96BA-89A30215A6F5}"
	ProjectSection(SolutionItems) = preProject
		..\Tests\Dataphor.Tests.nunit = ..\Tests\Dataphor.Tests.nunit
	EndProjectSection
EndProject
Project("{2150E333-8FDC-42A3-9474-1A3956D46DE8}") = "Silverlight", "Silverlight", "{FC515183-B412-4C67-BF18-1035E42E9C5B}"
EndProject
Project("{FAE04EC0-301F-11D3-BF4B-00C04F79EFBC}") = "Base", "Base\Base.csproj", "{6EC1F378-510B-48D0-8D00-E36BEF214766}"
EndProject
Project("{FAE04EC0-301F-11D3-BF4B-00C04F79EFBC}") = "Engine", "DAE\Engine.csproj", "{8FA5FA37-DC03-4E24-900B-AA863CA9650F}"
EndProject
Project("{FAE04EC0-301F-11D3-BF4B-00C04F79EFBC}") = "DAE.Client", "DAE.Client\DAE.Client.csproj", "{146ABD06-FA98-4B90-9E85-1B4CE7BE598D}"
EndProject
Project("{FAE04EC0-301F-11D3-BF4B-00C04F79EFBC}") = "Frontend.Client", "Frontend.Client\Frontend.Client.csproj", "{D054B27F-366C-4C4E-BA32-472BD14DC86D}"
EndProject
Project("{FAE04EC0-301F-11D3-BF4B-00C04F79EFBC}") = "Frontend.Client.Windows", "Frontend.Client.Windows\Frontend.Client.Windows.csproj", "{E7152100-FDC7-4BF1-957C-75051BF7D8E8}"
EndProject
Project("{FAE04EC0-301F-11D3-BF4B-00C04F79EFBC}") = "DAE.Client.Controls", "DAE.Client.Controls\DAE.Client.Controls.csproj", "{A295FB41-D9B6-418C-9EA7-0C0A17BA26DD}"
EndProject
Project("{FAE04EC0-301F-11D3-BF4B-00C04F79EFBC}") = "DAE.Client.Provider", "DAE.Client.Provider\DAE.Client.Provider.csproj", "{2A36CE97-A296-462A-8C3F-C194F1A2D758}"
EndProject
Project("{FAE04EC0-301F-11D3-BF4B-00C04F79EFBC}") = "Dataphoria", "Dataphoria\Dataphoria.csproj", "{AF54209E-0687-4C10-9784-487B1006E0BD}"
EndProject
Project("{FAE04EC0-301F-11D3-BF4B-00C04F79EFBC}") = "DAE.SQLCE", "DAE.SQLCE\DAE.SQLCE.csproj", "{788980F0-5A85-4F9A-9E6A-56746E7D37C7}"
EndProject
Project("{FAE04EC0-301F-11D3-BF4B-00C04F79EFBC}") = "DAE.SQLite", "DAE.SQLite\DAE.SQLite.csproj", "{6D005BA9-2F0B-4EAA-B82F-039AFA11C425}"
EndProject
Project("{FAE04EC0-301F-11D3-BF4B-00C04F79EFBC}") = "DAE.Service", "DAE.Service\DAE.Service.csproj", "{B7466206-120E-45BD-9FB0-F30A0C7971A4}"
EndProject
Project("{FAE04EC0-301F-11D3-BF4B-00C04F79EFBC}") = "DAE.Service.ConfigurationUtility", "DAE.Service.ConfigurationUtility\DAE.Service.ConfigurationUtility.csproj", "{BC0647DF-60D0-4F62-81B8-AFAA673A3198}"
EndProject
Project("{FAE04EC0-301F-11D3-BF4B-00C04F79EFBC}") = "Frontend.Client.Windows.Executable", "Frontend.Client.Windows.Executable\Frontend.Client.Windows.Executable.csproj", "{DB513978-ACD1-4962-AFFF-BEB881907C0A}"
EndProject
Project("{FAE04EC0-301F-11D3-BF4B-00C04F79EFBC}") = "D4Runner", "D4Runner\D4Runner.csproj", "{2F3DAD3F-69A0-43A0-91AA-C2DA75BBE435}"
EndProject
Project("{FAE04EC0-301F-11D3-BF4B-00C04F79EFBC}") = "DAE.Connection", "..\Libraries\Connection\Source\DAE.Connection.csproj", "{8CBB779F-64D4-455F-9E4F-70719408A7CA}"
EndProject
Project("{FAE04EC0-301F-11D3-BF4B-00C04F79EFBC}") = "DAE.Connection.ADO", "..\Libraries\ADOConnection\Source\DAE.Connection.ADO.csproj", "{8CEBE5C2-DF26-4817-A917-5EB1C17FC2F3}"
EndProject
Project("{FAE04EC0-301F-11D3-BF4B-00C04F79EFBC}") = "DAE.Connection.DataDirect.Oracle", "..\Libraries\DataDirectOracleConnection\Source\DAE.Connection.DataDirect.Oracle.csproj", "{575592B2-44ED-4E9D-B033-A1B213DC86CE}"
EndProject
Project("{FAE04EC0-301F-11D3-BF4B-00C04F79EFBC}") = "DAE.Connection.DB2", "..\Libraries\DB2Connection\Source\DAE.Connection.DB2.csproj", "{4CA0DBAD-7C1C-4EBF-85A2-CD1758F936E3}"
EndProject
Project("{FAE04EC0-301F-11D3-BF4B-00C04F79EFBC}") = "DAE.Connection.DB2400", "..\Libraries\DB2400Connection\Source\DAE.Connection.DB2400.csproj", "{13A4C808-5471-419D-B21E-F65BA5D874FD}"
EndProject
Project("{FAE04EC0-301F-11D3-BF4B-00C04F79EFBC}") = "DAE.Connection.MySQL", "..\Libraries\MySQLConnection\Source\DAE.Connection.MySQL.csproj", "{25DD5528-B68B-474C-8F6A-AD475CEE51BC}"
EndProject
Project("{FAE04EC0-301F-11D3-BF4B-00C04F79EFBC}") = "DAE.Connection.ODBC", "..\Libraries\ODBCConnection\Source\DAE.Connection.ODBC.csproj", "{95D60D68-CDDB-45FD-BE63-92D84293D651}"
EndProject
Project("{FAE04EC0-301F-11D3-BF4B-00C04F79EFBC}") = "DAE.Connection.Oracle.Oracle", "..\Libraries\OracleConnection\Source\DAE.Connection.Oracle.Oracle.csproj", "{F513DCE2-6DC9-47CF-B307-8213DDA80F80}"
EndProject
Project("{FAE04EC0-301F-11D3-BF4B-00C04F79EFBC}") = "DAE.Connection.Oracle", "..\Libraries\MSOracleConnection\Source\DAE.Connection.Oracle.csproj", "{C49E387B-6B62-4D5F-8E75-EF75D562B7DF}"
EndProject
Project("{FAE04EC0-301F-11D3-BF4B-00C04F79EFBC}") = "DAE.Device.Simple", "..\Libraries\SimpleDevice\Source\DAE.Device.Simple.csproj", "{C6F705E1-DEDA-4106-A8E3-B3BFC8A91A3D}"
EndProject
Project("{FAE04EC0-301F-11D3-BF4B-00C04F79EFBC}") = "DAE.Device.SQL", "..\Libraries\SQLDevice\Source\DAE.Device.SQL.csproj", "{13A5D21C-63C4-4C56-97F4-6D921C4BA373}"
EndProject
Project("{FAE04EC0-301F-11D3-BF4B-00C04F79EFBC}") = "DAE.Diagnostics", "..\Libraries\TestFramework.Coverage.Base\Source\DAE.Diagnostics.csproj", "{9D8EF75D-1434-412F-825F-3889877321F2}"
EndProject
Project("{FAE04EC0-301F-11D3-BF4B-00C04F79EFBC}") = "DAEDeviceDB2", "..\Libraries\DB2Device\Source\DAEDeviceDB2.csproj", "{9969EADB-3E5D-4D60-8268-A7D860CE69E8}"
EndProject
Project("{FAE04EC0-301F-11D3-BF4B-00C04F79EFBC}") = "DAEDeviceLinter", "..\Libraries\LinterDevice\Source\DAEDeviceLinter.csproj", "{2E8AA030-8081-44D5-A25C-D1A7726AC640}"
EndProject
Project("{FAE04EC0-301F-11D3-BF4B-00C04F79EFBC}") = "DAEDeviceMSSQL", "..\Libraries\MSSQLDevice\Source\DAEDeviceMSSQL.csproj", "{58FF91A7-4AB9-4E04-A042-5CBD6C67CD01}"
EndProject
Project("{FAE04EC0-301F-11D3-BF4B-00C04F79EFBC}") = "DAEDeviceMySQL", "..\Libraries\MySQLDevice\Source\DAEDeviceMySQL.csproj", "{3F4A39C3-7317-4E96-91E9-C30EADE8D142}"
EndProject
Project("{FAE04EC0-301F-11D3-BF4B-00C04F79EFBC}") = "DAEDeviceOracle", "..\Libraries\OracleDevice\Source\DAEDeviceOracle.csproj", "{9E1775EC-C809-4C15-9306-AC284266FF55}"
EndProject
Project("{FAE04EC0-301F-11D3-BF4B-00C04F79EFBC}") = "DAEDeviceSAS", "..\Libraries\SASDevice\Source\DAEDeviceSAS.csproj", "{A97EDBBB-747C-4DD0-A70D-B3AE79595D76}"
EndProject
Project("{FAE04EC0-301F-11D3-BF4B-00C04F79EFBC}") = "DocSamples", "..\Libraries\Documentation\Source\DocSamples.csproj", "{D0C89AD5-D4CA-4249-9AB1-BC8A07AC2561}"
EndProject
Project("{FAE04EC0-301F-11D3-BF4B-00C04F79EFBC}") = "Frontend.Server", "..\Libraries\Frontend\Source\Frontend.Server.csproj", "{9C07C001-8C2D-4E8E-B7AC-A45D3CFB789F}"
EndProject
Project("{FAE04EC0-301F-11D3-BF4B-00C04F79EFBC}") = "Shipping", "..\Libraries\Sample.Shipping\Source\Shipping.csproj", "{4F32414B-6689-4AEE-8D53-DA9C5A18AF8F}"
EndProject
Project("{FAE04EC0-301F-11D3-BF4B-00C04F79EFBC}") = "System.Integration", "..\Libraries\System.Integration\Source\System.Integration.csproj", "{575B3F5A-1A24-46C4-B3C0-504BD492CEB3}"
EndProject
Project("{FAE04EC0-301F-11D3-BF4B-00C04F79EFBC}") = "System.Internet", "..\Libraries\System.Internet\Source\System.Internet.csproj", "{5E6A5ACD-9148-4403-BA1A-6FCEC3F88C4F}"
EndProject
Project("{FAE04EC0-301F-11D3-BF4B-00C04F79EFBC}") = "System.Platform", "..\Libraries\System.Platform\Source\System.Platform.csproj", "{6554AF3D-E9B6-4CF3-A60D-DCEFE10CDD56}"
EndProject
Project("{FAE04EC0-301F-11D3-BF4B-00C04F79EFBC}") = "DAE.NativeCLI", "DAE.NativeCLI\DAE.NativeCLI.csproj", "{7CCBA92D-BB78-49E3-8C11-4CC29B173296}"
EndProject
Project("{FAE04EC0-301F-11D3-BF4B-00C04F79EFBC}") = "DAE.MSSQL", "DAE.MSSQL\DAE.MSSQL.csproj", "{E9B0A9CA-0D3D-4EA9-A265-4D8D1C1AE53E}"
EndProject
Project("{FAE04EC0-301F-11D3-BF4B-00C04F79EFBC}") = "DAEDevicePGSQL", "..\Libraries\PGSQLDevice\Source\DAEDevicePGSQL.csproj", "{40E33930-93EC-4371-97E1-D709B022132C}"
EndProject
Project("{FAE04EC0-301F-11D3-BF4B-00C04F79EFBC}") = "DAE.Connection.PGSQL", "..\Libraries\PGSQLConnection\Source\DAE.Connection.PGSQL.csproj", "{7887C79A-4A65-4F31-95C0-67C3558ADB6B}"
EndProject
Project("{FAE04EC0-301F-11D3-BF4B-00C04F79EFBC}") = "DAE.PGSQL", "DAE.PGSQL\DAE.PGSQL.csproj", "{DC264B9D-33EE-4827-B1D7-739FC321BE6C}"
EndProject
Project("{FAE04EC0-301F-11D3-BF4B-00C04F79EFBC}") = "SilverlightDAE", "SilverlightDAE\SilverlightDAE.csproj", "{B190A64D-B46B-4C63-A217-1ABD2C97021A}"
EndProject
Project("{FAE04EC0-301F-11D3-BF4B-00C04F79EFBC}") = "Base.Windows", "Base.Windows\Base.Windows.csproj", "{24D70A7F-F43A-45A3-8C54-EA31764841C7}"
EndProject
Project("{FAE04EC0-301F-11D3-BF4B-00C04F79EFBC}") = "Frontend.Client.Silverlight", "Frontend.Client.Silverlight\Frontend.Client.Silverlight.csproj", "{A30486D2-B128-4459-A26A-FBD3601599F0}"
EndProject
Project("{FAE04EC0-301F-11D3-BF4B-00C04F79EFBC}") = "Frontend.Client.Silverlight.Web", "Frontend.Client.Silverlight.Web\Frontend.Client.Silverlight.Web.csproj", "{514F81A0-F061-4DE7-A84A-91379BDA11E2}"
	ProjectSection(ProjectDependencies) = postProject
		{A30486D2-B128-4459-A26A-FBD3601599F0} = {A30486D2-B128-4459-A26A-FBD3601599F0}
	EndProjectSection
EndProject
Project("{FAE04EC0-301F-11D3-BF4B-00C04F79EFBC}") = "Frontend.Client.WPF", "Frontend.Client.WPF\Frontend.Client.WPF.csproj", "{057EFD5F-E1A7-43BB-AD4A-0F4B02C00E1A}"
EndProject
Project("{FAE04EC0-301F-11D3-BF4B-00C04F79EFBC}") = "DAEServer", "DAEServer\DAEServer.csproj", "{82137023-B50A-4E59-A10E-1CF51CA68268}"
EndProject
Project("{FAE04EC0-301F-11D3-BF4B-00C04F79EFBC}") = "DAE.Server.Tests", "..\Tests\DAE.Server.Tests\DAE.Server.Tests.csproj", "{C9B535D4-E7D3-4009-857C-82CC8CC2013C}"
EndProject
Project("{FAE04EC0-301F-11D3-BF4B-00C04F79EFBC}") = "DAE.Client.Tests", "..\Tests\DAE.Client.Tests\DAE.Client.Tests.csproj", "{A0EC803A-8DF9-45A2-B793-C4E76E892419}"
EndProject
Project("{FAE04EC0-301F-11D3-BF4B-00C04F79EFBC}") = "Common.Tests", "..\Tests\Common.Tests\Common.Tests.csproj", "{F4661CAF-EE1D-46E1-9E80-F4CDA5E25EC5}"
EndProject
Project("{FAE04EC0-301F-11D3-BF4B-00C04F79EFBC}") = "Frontend.Client.Web.Application", "Frontend.Client.Web.Application\Frontend.Client.Web.Application.csproj", "{E54C5BA1-3146-43BD-8458-E442038F0FE5}"
EndProject
Project("{FAE04EC0-301F-11D3-BF4B-00C04F79EFBC}") = "Frontend.Client.Web", "Frontend.Client.Web\Frontend.Client.Web.csproj", "{6968E0BF-BC20-43C5-AC68-5C2CF8231389}"
EndProject
Project("{FAE04EC0-301F-11D3-BF4B-00C04F79EFBC}") = "Language.SQL", "Language.SQL\Language.SQL.csproj", "{715EB620-77B4-490F-A1BF-4CD857AA7110}"
EndProject
Project("{FAE04EC0-301F-11D3-BF4B-00C04F79EFBC}") = "DAEDeviceFastore", "..\Libraries\FastoreDevice\Source\DAEDeviceFastore.csproj", "{3E75A4A4-4A4A-4B48-A92F-D802ECEB19ED}"
EndProject
Project("{2150E333-8FDC-42A3-9474-1A3956D46DE8}") = "Dataphoria", "Dataphoria", "{658579EE-4680-4E26-8BD7-6AB8C3B70252}"
EndProject
Project("{FAE04EC0-301F-11D3-BF4B-00C04F79EFBC}") = "Dataphoria.Processing", "..\Dataphoria\Dataphoria.Processing\Dataphoria.Processing.csproj", "{0ABADE9D-8700-4C29-ACEF-3BA3E6F3D757}"
EndProject
Project("{FAE04EC0-301F-11D3-BF4B-00C04F79EFBC}") = "Dataphoria.Instancing", "..\Dataphoria\Dataphoria.Instancing\Dataphoria.Instancing.csproj", "{3976F907-E6ED-43E5-AB31-821CA6ACF03A}"
EndProject
Project("{FAE04EC0-301F-11D3-BF4B-00C04F79EFBC}") = "Dataphoria.Instancing.Common", "..\Dataphoria\Dataphoria.Instancing.Common\Dataphoria.Instancing.Common.csproj", "{117A4731-BFF8-4012-A84C-9DEA96AC19D8}"
EndProject
Project("{FAE04EC0-301F-11D3-BF4B-00C04F79EFBC}") = "Dataphoria.Coordination", "..\Dataphoria\Dataphoria.Coordination\Dataphoria.Coordination.csproj", "{79A6EDD5-32F9-4DE9-967A-3AACDE5937C4}"
EndProject
Project("{FAE04EC0-301F-11D3-BF4B-00C04F79EFBC}") = "Dataphoria.Coordination.Common", "..\Dataphoria\Dataphoria.Coordination.Common\Dataphoria.Coordination.Common.csproj", "{1AC3A290-09F5-4EB6-805C-8ED597645271}"
EndProject
Project("{FAE04EC0-301F-11D3-BF4B-00C04F79EFBC}") = "Dataphoria.Instancer", "..\Dataphoria\Dataphoria.Instancer\Dataphoria.Instancer.csproj", "{98A0BF21-48C2-4C35-989B-CCD9AE39C271}"
EndProject
Project("{FAE04EC0-301F-11D3-BF4B-00C04F79EFBC}") = "Frontend.Client.Browser", "Frontend.Client.Browser\Frontend.Client.Browser.csproj", "{89E4AC1E-BFC0-422D-9222-80C88D2F6499}"
EndProject
Project("{FAE04EC0-301F-11D3-BF4B-00C04F79EFBC}") = "Server", "Server\Server.csproj", "{1DB01C91-3F92-4094-A8AE-1F7FF01F2E1B}"
EndProject
Project("{FAE04EC0-301F-11D3-BF4B-00C04F79EFBC}") = "Common", "Common\Common.csproj", "{B488ECA3-95AD-4814-BC9B-69D062B7B333}"
EndProject
Project("{FAE04EC0-301F-11D3-BF4B-00C04F79EFBC}") = "Client", "Client\Client.csproj", "{F342F781-894F-4A6F-A59A-86080E1AC737}"
EndProject
Project("{FAE04EC0-301F-11D3-BF4B-00C04F79EFBC}") = "Dataphoria.Web", "..\Dataphoria\Dataphoria.Web\Dataphoria.Web.csproj", "{C5CA2316-6595-49A4-A9FD-F567FB97C35D}"
EndProject
Project("{FAE04EC0-301F-11D3-BF4B-00C04F79EFBC}") = "Dataphoria.Web.Client", "..\Dataphoria\Dataphoria.Web.Client\Dataphoria.Web.Client.csproj", "{23565EEF-87F4-4FAA-AEEC-C507FA51FC57}"
EndProject
Project("{FAE04EC0-301F-11D3-BF4B-00C04F79EFBC}") = "FHIR.Core", "..\Libraries\FHIR.Core\Source\FHIR.Core.csproj", "{737DEDCB-669D-4962-8DB9-894009FD1DC9}"
EndProject
Project("{FAE04EC0-301F-11D3-BF4B-00C04F79EFBC}") = "FHIR.Device", "..\Libraries\FHIR.Device\Source\FHIR.Device.csproj", "{57149AF0-5A0E-4E13-A40C-1355DE9693AD}"
EndProject
Global
	GlobalSection(SolutionConfigurationPlatforms) = preSolution
		BaseDebug|Any CPU = BaseDebug|Any CPU
		BaseDebug|Mixed Platforms = BaseDebug|Mixed Platforms
		Debug|Any CPU = Debug|Any CPU
		Debug|Mixed Platforms = Debug|Mixed Platforms
		Release|Any CPU = Release|Any CPU
		Release|Mixed Platforms = Release|Mixed Platforms
	EndGlobalSection
	GlobalSection(ProjectConfigurationPlatforms) = postSolution
		{6EC1F378-510B-48D0-8D00-E36BEF214766}.BaseDebug|Any CPU.ActiveCfg = Debug|Any CPU
		{6EC1F378-510B-48D0-8D00-E36BEF214766}.BaseDebug|Any CPU.Build.0 = Debug|Any CPU
		{6EC1F378-510B-48D0-8D00-E36BEF214766}.BaseDebug|Mixed Platforms.ActiveCfg = Debug|Any CPU
		{6EC1F378-510B-48D0-8D00-E36BEF214766}.BaseDebug|Mixed Platforms.Build.0 = Debug|Any CPU
		{6EC1F378-510B-48D0-8D00-E36BEF214766}.Debug|Any CPU.ActiveCfg = Debug|Any CPU
		{6EC1F378-510B-48D0-8D00-E36BEF214766}.Debug|Any CPU.Build.0 = Debug|Any CPU
		{6EC1F378-510B-48D0-8D00-E36BEF214766}.Debug|Mixed Platforms.ActiveCfg = Debug|Any CPU
		{6EC1F378-510B-48D0-8D00-E36BEF214766}.Debug|Mixed Platforms.Build.0 = Debug|Any CPU
		{6EC1F378-510B-48D0-8D00-E36BEF214766}.Release|Any CPU.ActiveCfg = Release|Any CPU
		{6EC1F378-510B-48D0-8D00-E36BEF214766}.Release|Any CPU.Build.0 = Release|Any CPU
		{6EC1F378-510B-48D0-8D00-E36BEF214766}.Release|Mixed Platforms.ActiveCfg = Release|Any CPU
		{6EC1F378-510B-48D0-8D00-E36BEF214766}.Release|Mixed Platforms.Build.0 = Release|Any CPU
		{8FA5FA37-DC03-4E24-900B-AA863CA9650F}.BaseDebug|Any CPU.ActiveCfg = Debug|Any CPU
		{8FA5FA37-DC03-4E24-900B-AA863CA9650F}.BaseDebug|Any CPU.Build.0 = Debug|Any CPU
		{8FA5FA37-DC03-4E24-900B-AA863CA9650F}.BaseDebug|Mixed Platforms.ActiveCfg = Debug|Any CPU
		{8FA5FA37-DC03-4E24-900B-AA863CA9650F}.BaseDebug|Mixed Platforms.Build.0 = Debug|Any CPU
		{8FA5FA37-DC03-4E24-900B-AA863CA9650F}.Debug|Any CPU.ActiveCfg = Debug|Any CPU
		{8FA5FA37-DC03-4E24-900B-AA863CA9650F}.Debug|Any CPU.Build.0 = Debug|Any CPU
		{8FA5FA37-DC03-4E24-900B-AA863CA9650F}.Debug|Mixed Platforms.ActiveCfg = Debug|Any CPU
		{8FA5FA37-DC03-4E24-900B-AA863CA9650F}.Debug|Mixed Platforms.Build.0 = Debug|Any CPU
		{8FA5FA37-DC03-4E24-900B-AA863CA9650F}.Release|Any CPU.ActiveCfg = Release|Any CPU
		{8FA5FA37-DC03-4E24-900B-AA863CA9650F}.Release|Any CPU.Build.0 = Release|Any CPU
		{8FA5FA37-DC03-4E24-900B-AA863CA9650F}.Release|Mixed Platforms.ActiveCfg = Release|Any CPU
		{8FA5FA37-DC03-4E24-900B-AA863CA9650F}.Release|Mixed Platforms.Build.0 = Release|Any CPU
		{146ABD06-FA98-4B90-9E85-1B4CE7BE598D}.BaseDebug|Any CPU.ActiveCfg = Debug|Any CPU
		{146ABD06-FA98-4B90-9E85-1B4CE7BE598D}.BaseDebug|Any CPU.Build.0 = Debug|Any CPU
		{146ABD06-FA98-4B90-9E85-1B4CE7BE598D}.BaseDebug|Mixed Platforms.ActiveCfg = Debug|Any CPU
		{146ABD06-FA98-4B90-9E85-1B4CE7BE598D}.BaseDebug|Mixed Platforms.Build.0 = Debug|Any CPU
		{146ABD06-FA98-4B90-9E85-1B4CE7BE598D}.Debug|Any CPU.ActiveCfg = Debug|Any CPU
		{146ABD06-FA98-4B90-9E85-1B4CE7BE598D}.Debug|Any CPU.Build.0 = Debug|Any CPU
		{146ABD06-FA98-4B90-9E85-1B4CE7BE598D}.Debug|Mixed Platforms.ActiveCfg = Debug|Any CPU
		{146ABD06-FA98-4B90-9E85-1B4CE7BE598D}.Debug|Mixed Platforms.Build.0 = Debug|Any CPU
		{146ABD06-FA98-4B90-9E85-1B4CE7BE598D}.Release|Any CPU.ActiveCfg = Release|Any CPU
		{146ABD06-FA98-4B90-9E85-1B4CE7BE598D}.Release|Any CPU.Build.0 = Release|Any CPU
		{146ABD06-FA98-4B90-9E85-1B4CE7BE598D}.Release|Mixed Platforms.ActiveCfg = Release|Any CPU
		{146ABD06-FA98-4B90-9E85-1B4CE7BE598D}.Release|Mixed Platforms.Build.0 = Release|Any CPU
		{D054B27F-366C-4C4E-BA32-472BD14DC86D}.BaseDebug|Any CPU.ActiveCfg = Debug|Any CPU
		{D054B27F-366C-4C4E-BA32-472BD14DC86D}.BaseDebug|Any CPU.Build.0 = Debug|Any CPU
		{D054B27F-366C-4C4E-BA32-472BD14DC86D}.BaseDebug|Mixed Platforms.ActiveCfg = Debug|Any CPU
		{D054B27F-366C-4C4E-BA32-472BD14DC86D}.BaseDebug|Mixed Platforms.Build.0 = Debug|Any CPU
		{D054B27F-366C-4C4E-BA32-472BD14DC86D}.Debug|Any CPU.ActiveCfg = Debug|Any CPU
		{D054B27F-366C-4C4E-BA32-472BD14DC86D}.Debug|Any CPU.Build.0 = Debug|Any CPU
		{D054B27F-366C-4C4E-BA32-472BD14DC86D}.Debug|Mixed Platforms.ActiveCfg = Debug|Any CPU
		{D054B27F-366C-4C4E-BA32-472BD14DC86D}.Debug|Mixed Platforms.Build.0 = Debug|Any CPU
		{D054B27F-366C-4C4E-BA32-472BD14DC86D}.Release|Any CPU.ActiveCfg = Release|Any CPU
		{D054B27F-366C-4C4E-BA32-472BD14DC86D}.Release|Any CPU.Build.0 = Release|Any CPU
		{D054B27F-366C-4C4E-BA32-472BD14DC86D}.Release|Mixed Platforms.ActiveCfg = Release|Any CPU
		{D054B27F-366C-4C4E-BA32-472BD14DC86D}.Release|Mixed Platforms.Build.0 = Release|Any CPU
		{E7152100-FDC7-4BF1-957C-75051BF7D8E8}.BaseDebug|Any CPU.ActiveCfg = Debug|Any CPU
		{E7152100-FDC7-4BF1-957C-75051BF7D8E8}.BaseDebug|Any CPU.Build.0 = Debug|Any CPU
		{E7152100-FDC7-4BF1-957C-75051BF7D8E8}.BaseDebug|Mixed Platforms.ActiveCfg = Debug|Any CPU
		{E7152100-FDC7-4BF1-957C-75051BF7D8E8}.BaseDebug|Mixed Platforms.Build.0 = Debug|Any CPU
		{E7152100-FDC7-4BF1-957C-75051BF7D8E8}.Debug|Any CPU.ActiveCfg = Debug|Any CPU
		{E7152100-FDC7-4BF1-957C-75051BF7D8E8}.Debug|Any CPU.Build.0 = Debug|Any CPU
		{E7152100-FDC7-4BF1-957C-75051BF7D8E8}.Debug|Mixed Platforms.ActiveCfg = Debug|Any CPU
		{E7152100-FDC7-4BF1-957C-75051BF7D8E8}.Debug|Mixed Platforms.Build.0 = Debug|Any CPU
		{E7152100-FDC7-4BF1-957C-75051BF7D8E8}.Release|Any CPU.ActiveCfg = Release|Any CPU
		{E7152100-FDC7-4BF1-957C-75051BF7D8E8}.Release|Any CPU.Build.0 = Release|Any CPU
		{E7152100-FDC7-4BF1-957C-75051BF7D8E8}.Release|Mixed Platforms.ActiveCfg = Release|Any CPU
		{E7152100-FDC7-4BF1-957C-75051BF7D8E8}.Release|Mixed Platforms.Build.0 = Release|Any CPU
		{A295FB41-D9B6-418C-9EA7-0C0A17BA26DD}.BaseDebug|Any CPU.ActiveCfg = Debug|Any CPU
		{A295FB41-D9B6-418C-9EA7-0C0A17BA26DD}.BaseDebug|Any CPU.Build.0 = Debug|Any CPU
		{A295FB41-D9B6-418C-9EA7-0C0A17BA26DD}.BaseDebug|Mixed Platforms.ActiveCfg = Debug|Any CPU
		{A295FB41-D9B6-418C-9EA7-0C0A17BA26DD}.BaseDebug|Mixed Platforms.Build.0 = Debug|Any CPU
		{A295FB41-D9B6-418C-9EA7-0C0A17BA26DD}.Debug|Any CPU.ActiveCfg = Debug|Any CPU
		{A295FB41-D9B6-418C-9EA7-0C0A17BA26DD}.Debug|Any CPU.Build.0 = Debug|Any CPU
		{A295FB41-D9B6-418C-9EA7-0C0A17BA26DD}.Debug|Mixed Platforms.ActiveCfg = Debug|Any CPU
		{A295FB41-D9B6-418C-9EA7-0C0A17BA26DD}.Debug|Mixed Platforms.Build.0 = Debug|Any CPU
		{A295FB41-D9B6-418C-9EA7-0C0A17BA26DD}.Release|Any CPU.ActiveCfg = Release|Any CPU
		{A295FB41-D9B6-418C-9EA7-0C0A17BA26DD}.Release|Any CPU.Build.0 = Release|Any CPU
		{A295FB41-D9B6-418C-9EA7-0C0A17BA26DD}.Release|Mixed Platforms.ActiveCfg = Release|Any CPU
		{A295FB41-D9B6-418C-9EA7-0C0A17BA26DD}.Release|Mixed Platforms.Build.0 = Release|Any CPU
		{2A36CE97-A296-462A-8C3F-C194F1A2D758}.BaseDebug|Any CPU.ActiveCfg = Debug|Any CPU
		{2A36CE97-A296-462A-8C3F-C194F1A2D758}.BaseDebug|Any CPU.Build.0 = Debug|Any CPU
		{2A36CE97-A296-462A-8C3F-C194F1A2D758}.BaseDebug|Mixed Platforms.ActiveCfg = Debug|Any CPU
		{2A36CE97-A296-462A-8C3F-C194F1A2D758}.BaseDebug|Mixed Platforms.Build.0 = Debug|Any CPU
		{2A36CE97-A296-462A-8C3F-C194F1A2D758}.Debug|Any CPU.ActiveCfg = Debug|Any CPU
		{2A36CE97-A296-462A-8C3F-C194F1A2D758}.Debug|Any CPU.Build.0 = Debug|Any CPU
		{2A36CE97-A296-462A-8C3F-C194F1A2D758}.Debug|Mixed Platforms.ActiveCfg = Debug|Any CPU
		{2A36CE97-A296-462A-8C3F-C194F1A2D758}.Debug|Mixed Platforms.Build.0 = Debug|Any CPU
		{2A36CE97-A296-462A-8C3F-C194F1A2D758}.Release|Any CPU.ActiveCfg = Release|Any CPU
		{2A36CE97-A296-462A-8C3F-C194F1A2D758}.Release|Any CPU.Build.0 = Release|Any CPU
		{2A36CE97-A296-462A-8C3F-C194F1A2D758}.Release|Mixed Platforms.ActiveCfg = Release|Any CPU
		{2A36CE97-A296-462A-8C3F-C194F1A2D758}.Release|Mixed Platforms.Build.0 = Release|Any CPU
		{AF54209E-0687-4C10-9784-487B1006E0BD}.BaseDebug|Any CPU.ActiveCfg = Debug|Any CPU
		{AF54209E-0687-4C10-9784-487B1006E0BD}.BaseDebug|Any CPU.Build.0 = Debug|Any CPU
		{AF54209E-0687-4C10-9784-487B1006E0BD}.BaseDebug|Mixed Platforms.ActiveCfg = Debug|Any CPU
		{AF54209E-0687-4C10-9784-487B1006E0BD}.BaseDebug|Mixed Platforms.Build.0 = Debug|Any CPU
		{AF54209E-0687-4C10-9784-487B1006E0BD}.Debug|Any CPU.ActiveCfg = Debug|Any CPU
		{AF54209E-0687-4C10-9784-487B1006E0BD}.Debug|Any CPU.Build.0 = Debug|Any CPU
		{AF54209E-0687-4C10-9784-487B1006E0BD}.Debug|Mixed Platforms.ActiveCfg = Debug|Any CPU
		{AF54209E-0687-4C10-9784-487B1006E0BD}.Debug|Mixed Platforms.Build.0 = Debug|Any CPU
		{AF54209E-0687-4C10-9784-487B1006E0BD}.Release|Any CPU.ActiveCfg = Release|Any CPU
		{AF54209E-0687-4C10-9784-487B1006E0BD}.Release|Any CPU.Build.0 = Release|Any CPU
		{AF54209E-0687-4C10-9784-487B1006E0BD}.Release|Mixed Platforms.ActiveCfg = Release|Any CPU
		{AF54209E-0687-4C10-9784-487B1006E0BD}.Release|Mixed Platforms.Build.0 = Release|Any CPU
		{788980F0-5A85-4F9A-9E6A-56746E7D37C7}.BaseDebug|Any CPU.ActiveCfg = Debug|Any CPU
		{788980F0-5A85-4F9A-9E6A-56746E7D37C7}.BaseDebug|Mixed Platforms.ActiveCfg = Debug|Any CPU
		{788980F0-5A85-4F9A-9E6A-56746E7D37C7}.BaseDebug|Mixed Platforms.Build.0 = Debug|Any CPU
		{788980F0-5A85-4F9A-9E6A-56746E7D37C7}.Debug|Any CPU.ActiveCfg = Debug|Any CPU
		{788980F0-5A85-4F9A-9E6A-56746E7D37C7}.Debug|Any CPU.Build.0 = Debug|Any CPU
		{788980F0-5A85-4F9A-9E6A-56746E7D37C7}.Debug|Mixed Platforms.ActiveCfg = Debug|Any CPU
		{788980F0-5A85-4F9A-9E6A-56746E7D37C7}.Debug|Mixed Platforms.Build.0 = Debug|Any CPU
		{788980F0-5A85-4F9A-9E6A-56746E7D37C7}.Release|Any CPU.ActiveCfg = Release|Any CPU
		{788980F0-5A85-4F9A-9E6A-56746E7D37C7}.Release|Any CPU.Build.0 = Release|Any CPU
		{788980F0-5A85-4F9A-9E6A-56746E7D37C7}.Release|Mixed Platforms.ActiveCfg = Release|Any CPU
		{788980F0-5A85-4F9A-9E6A-56746E7D37C7}.Release|Mixed Platforms.Build.0 = Release|Any CPU
		{6D005BA9-2F0B-4EAA-B82F-039AFA11C425}.BaseDebug|Any CPU.ActiveCfg = Debug|Any CPU
		{6D005BA9-2F0B-4EAA-B82F-039AFA11C425}.BaseDebug|Mixed Platforms.ActiveCfg = Debug|Any CPU
		{6D005BA9-2F0B-4EAA-B82F-039AFA11C425}.BaseDebug|Mixed Platforms.Build.0 = Debug|Any CPU
		{6D005BA9-2F0B-4EAA-B82F-039AFA11C425}.Debug|Any CPU.ActiveCfg = Debug|Any CPU
		{6D005BA9-2F0B-4EAA-B82F-039AFA11C425}.Debug|Any CPU.Build.0 = Debug|Any CPU
		{6D005BA9-2F0B-4EAA-B82F-039AFA11C425}.Debug|Mixed Platforms.ActiveCfg = Debug|Any CPU
		{6D005BA9-2F0B-4EAA-B82F-039AFA11C425}.Debug|Mixed Platforms.Build.0 = Debug|Any CPU
		{6D005BA9-2F0B-4EAA-B82F-039AFA11C425}.Release|Any CPU.ActiveCfg = Release|Any CPU
		{6D005BA9-2F0B-4EAA-B82F-039AFA11C425}.Release|Any CPU.Build.0 = Release|Any CPU
		{6D005BA9-2F0B-4EAA-B82F-039AFA11C425}.Release|Mixed Platforms.ActiveCfg = Release|Any CPU
		{6D005BA9-2F0B-4EAA-B82F-039AFA11C425}.Release|Mixed Platforms.Build.0 = Release|Any CPU
		{B7466206-120E-45BD-9FB0-F30A0C7971A4}.BaseDebug|Any CPU.ActiveCfg = Debug|Any CPU
		{B7466206-120E-45BD-9FB0-F30A0C7971A4}.BaseDebug|Mixed Platforms.ActiveCfg = Debug|Any CPU
		{B7466206-120E-45BD-9FB0-F30A0C7971A4}.BaseDebug|Mixed Platforms.Build.0 = Debug|Any CPU
		{B7466206-120E-45BD-9FB0-F30A0C7971A4}.Debug|Any CPU.ActiveCfg = Debug|Any CPU
		{B7466206-120E-45BD-9FB0-F30A0C7971A4}.Debug|Any CPU.Build.0 = Debug|Any CPU
		{B7466206-120E-45BD-9FB0-F30A0C7971A4}.Debug|Mixed Platforms.ActiveCfg = Debug|Any CPU
		{B7466206-120E-45BD-9FB0-F30A0C7971A4}.Debug|Mixed Platforms.Build.0 = Debug|Any CPU
		{B7466206-120E-45BD-9FB0-F30A0C7971A4}.Release|Any CPU.ActiveCfg = Release|Any CPU
		{B7466206-120E-45BD-9FB0-F30A0C7971A4}.Release|Any CPU.Build.0 = Release|Any CPU
		{B7466206-120E-45BD-9FB0-F30A0C7971A4}.Release|Mixed Platforms.ActiveCfg = Release|Any CPU
		{B7466206-120E-45BD-9FB0-F30A0C7971A4}.Release|Mixed Platforms.Build.0 = Release|Any CPU
		{BC0647DF-60D0-4F62-81B8-AFAA673A3198}.BaseDebug|Any CPU.ActiveCfg = Debug|Any CPU
		{BC0647DF-60D0-4F62-81B8-AFAA673A3198}.BaseDebug|Mixed Platforms.ActiveCfg = Debug|Any CPU
		{BC0647DF-60D0-4F62-81B8-AFAA673A3198}.BaseDebug|Mixed Platforms.Build.0 = Debug|Any CPU
		{BC0647DF-60D0-4F62-81B8-AFAA673A3198}.Debug|Any CPU.ActiveCfg = Debug|Any CPU
		{BC0647DF-60D0-4F62-81B8-AFAA673A3198}.Debug|Any CPU.Build.0 = Debug|Any CPU
		{BC0647DF-60D0-4F62-81B8-AFAA673A3198}.Debug|Mixed Platforms.ActiveCfg = Debug|Any CPU
		{BC0647DF-60D0-4F62-81B8-AFAA673A3198}.Debug|Mixed Platforms.Build.0 = Debug|Any CPU
		{BC0647DF-60D0-4F62-81B8-AFAA673A3198}.Release|Any CPU.ActiveCfg = Release|Any CPU
		{BC0647DF-60D0-4F62-81B8-AFAA673A3198}.Release|Any CPU.Build.0 = Release|Any CPU
		{BC0647DF-60D0-4F62-81B8-AFAA673A3198}.Release|Mixed Platforms.ActiveCfg = Release|Any CPU
		{BC0647DF-60D0-4F62-81B8-AFAA673A3198}.Release|Mixed Platforms.Build.0 = Release|Any CPU
		{DB513978-ACD1-4962-AFFF-BEB881907C0A}.BaseDebug|Any CPU.ActiveCfg = Debug|Any CPU
		{DB513978-ACD1-4962-AFFF-BEB881907C0A}.BaseDebug|Mixed Platforms.ActiveCfg = Debug|Any CPU
		{DB513978-ACD1-4962-AFFF-BEB881907C0A}.BaseDebug|Mixed Platforms.Build.0 = Debug|Any CPU
		{DB513978-ACD1-4962-AFFF-BEB881907C0A}.Debug|Any CPU.ActiveCfg = Debug|Any CPU
		{DB513978-ACD1-4962-AFFF-BEB881907C0A}.Debug|Any CPU.Build.0 = Debug|Any CPU
		{DB513978-ACD1-4962-AFFF-BEB881907C0A}.Debug|Mixed Platforms.ActiveCfg = Debug|Any CPU
		{DB513978-ACD1-4962-AFFF-BEB881907C0A}.Debug|Mixed Platforms.Build.0 = Debug|Any CPU
		{DB513978-ACD1-4962-AFFF-BEB881907C0A}.Release|Any CPU.ActiveCfg = Release|Any CPU
		{DB513978-ACD1-4962-AFFF-BEB881907C0A}.Release|Any CPU.Build.0 = Release|Any CPU
		{DB513978-ACD1-4962-AFFF-BEB881907C0A}.Release|Mixed Platforms.ActiveCfg = Release|Any CPU
		{DB513978-ACD1-4962-AFFF-BEB881907C0A}.Release|Mixed Platforms.Build.0 = Release|Any CPU
		{2F3DAD3F-69A0-43A0-91AA-C2DA75BBE435}.BaseDebug|Any CPU.ActiveCfg = Debug|Any CPU
		{2F3DAD3F-69A0-43A0-91AA-C2DA75BBE435}.BaseDebug|Mixed Platforms.ActiveCfg = Debug|Any CPU
		{2F3DAD3F-69A0-43A0-91AA-C2DA75BBE435}.BaseDebug|Mixed Platforms.Build.0 = Debug|Any CPU
		{2F3DAD3F-69A0-43A0-91AA-C2DA75BBE435}.Debug|Any CPU.ActiveCfg = Debug|Any CPU
		{2F3DAD3F-69A0-43A0-91AA-C2DA75BBE435}.Debug|Any CPU.Build.0 = Debug|Any CPU
		{2F3DAD3F-69A0-43A0-91AA-C2DA75BBE435}.Debug|Mixed Platforms.ActiveCfg = Debug|Any CPU
		{2F3DAD3F-69A0-43A0-91AA-C2DA75BBE435}.Debug|Mixed Platforms.Build.0 = Debug|Any CPU
		{2F3DAD3F-69A0-43A0-91AA-C2DA75BBE435}.Release|Any CPU.ActiveCfg = Release|Any CPU
		{2F3DAD3F-69A0-43A0-91AA-C2DA75BBE435}.Release|Any CPU.Build.0 = Release|Any CPU
		{2F3DAD3F-69A0-43A0-91AA-C2DA75BBE435}.Release|Mixed Platforms.ActiveCfg = Release|Any CPU
		{2F3DAD3F-69A0-43A0-91AA-C2DA75BBE435}.Release|Mixed Platforms.Build.0 = Release|Any CPU
		{8CBB779F-64D4-455F-9E4F-70719408A7CA}.BaseDebug|Any CPU.ActiveCfg = Debug|Any CPU
		{8CBB779F-64D4-455F-9E4F-70719408A7CA}.BaseDebug|Any CPU.Build.0 = Debug|Any CPU
		{8CBB779F-64D4-455F-9E4F-70719408A7CA}.BaseDebug|Mixed Platforms.ActiveCfg = Debug|Any CPU
		{8CBB779F-64D4-455F-9E4F-70719408A7CA}.BaseDebug|Mixed Platforms.Build.0 = Debug|Any CPU
		{8CBB779F-64D4-455F-9E4F-70719408A7CA}.Debug|Any CPU.ActiveCfg = Debug|Any CPU
		{8CBB779F-64D4-455F-9E4F-70719408A7CA}.Debug|Any CPU.Build.0 = Debug|Any CPU
		{8CBB779F-64D4-455F-9E4F-70719408A7CA}.Debug|Mixed Platforms.ActiveCfg = Debug|Any CPU
		{8CBB779F-64D4-455F-9E4F-70719408A7CA}.Debug|Mixed Platforms.Build.0 = Debug|Any CPU
		{8CBB779F-64D4-455F-9E4F-70719408A7CA}.Release|Any CPU.ActiveCfg = Release|Any CPU
		{8CBB779F-64D4-455F-9E4F-70719408A7CA}.Release|Any CPU.Build.0 = Release|Any CPU
		{8CBB779F-64D4-455F-9E4F-70719408A7CA}.Release|Mixed Platforms.ActiveCfg = Release|Any CPU
		{8CBB779F-64D4-455F-9E4F-70719408A7CA}.Release|Mixed Platforms.Build.0 = Release|Any CPU
		{8CEBE5C2-DF26-4817-A917-5EB1C17FC2F3}.BaseDebug|Any CPU.ActiveCfg = Debug|Any CPU
		{8CEBE5C2-DF26-4817-A917-5EB1C17FC2F3}.BaseDebug|Any CPU.Build.0 = Debug|Any CPU
		{8CEBE5C2-DF26-4817-A917-5EB1C17FC2F3}.BaseDebug|Mixed Platforms.ActiveCfg = Debug|Any CPU
		{8CEBE5C2-DF26-4817-A917-5EB1C17FC2F3}.BaseDebug|Mixed Platforms.Build.0 = Debug|Any CPU
		{8CEBE5C2-DF26-4817-A917-5EB1C17FC2F3}.Debug|Any CPU.ActiveCfg = Debug|Any CPU
		{8CEBE5C2-DF26-4817-A917-5EB1C17FC2F3}.Debug|Any CPU.Build.0 = Debug|Any CPU
		{8CEBE5C2-DF26-4817-A917-5EB1C17FC2F3}.Debug|Mixed Platforms.ActiveCfg = Debug|Any CPU
		{8CEBE5C2-DF26-4817-A917-5EB1C17FC2F3}.Debug|Mixed Platforms.Build.0 = Debug|Any CPU
		{8CEBE5C2-DF26-4817-A917-5EB1C17FC2F3}.Release|Any CPU.ActiveCfg = Release|Any CPU
		{8CEBE5C2-DF26-4817-A917-5EB1C17FC2F3}.Release|Any CPU.Build.0 = Release|Any CPU
		{8CEBE5C2-DF26-4817-A917-5EB1C17FC2F3}.Release|Mixed Platforms.ActiveCfg = Release|Any CPU
		{8CEBE5C2-DF26-4817-A917-5EB1C17FC2F3}.Release|Mixed Platforms.Build.0 = Release|Any CPU
		{575592B2-44ED-4E9D-B033-A1B213DC86CE}.BaseDebug|Any CPU.ActiveCfg = Debug|Any CPU
		{575592B2-44ED-4E9D-B033-A1B213DC86CE}.BaseDebug|Mixed Platforms.ActiveCfg = Debug|Any CPU
		{575592B2-44ED-4E9D-B033-A1B213DC86CE}.Debug|Any CPU.ActiveCfg = Debug|Any CPU
		{575592B2-44ED-4E9D-B033-A1B213DC86CE}.Debug|Mixed Platforms.ActiveCfg = Debug|Any CPU
		{575592B2-44ED-4E9D-B033-A1B213DC86CE}.Release|Any CPU.ActiveCfg = Release|Any CPU
		{575592B2-44ED-4E9D-B033-A1B213DC86CE}.Release|Mixed Platforms.ActiveCfg = Release|Any CPU
		{4CA0DBAD-7C1C-4EBF-85A2-CD1758F936E3}.BaseDebug|Any CPU.ActiveCfg = Debug|Any CPU
		{4CA0DBAD-7C1C-4EBF-85A2-CD1758F936E3}.BaseDebug|Mixed Platforms.ActiveCfg = Debug|Any CPU
		{4CA0DBAD-7C1C-4EBF-85A2-CD1758F936E3}.Debug|Any CPU.ActiveCfg = Debug|Any CPU
		{4CA0DBAD-7C1C-4EBF-85A2-CD1758F936E3}.Debug|Mixed Platforms.ActiveCfg = Debug|Any CPU
		{4CA0DBAD-7C1C-4EBF-85A2-CD1758F936E3}.Release|Any CPU.ActiveCfg = Release|Any CPU
		{4CA0DBAD-7C1C-4EBF-85A2-CD1758F936E3}.Release|Mixed Platforms.ActiveCfg = Release|Any CPU
		{13A4C808-5471-419D-B21E-F65BA5D874FD}.BaseDebug|Any CPU.ActiveCfg = Debug|Any CPU
		{13A4C808-5471-419D-B21E-F65BA5D874FD}.BaseDebug|Mixed Platforms.ActiveCfg = Debug|Any CPU
		{13A4C808-5471-419D-B21E-F65BA5D874FD}.Debug|Any CPU.ActiveCfg = Debug|Any CPU
		{13A4C808-5471-419D-B21E-F65BA5D874FD}.Debug|Mixed Platforms.ActiveCfg = Debug|Any CPU
		{13A4C808-5471-419D-B21E-F65BA5D874FD}.Release|Any CPU.ActiveCfg = Release|Any CPU
		{13A4C808-5471-419D-B21E-F65BA5D874FD}.Release|Mixed Platforms.ActiveCfg = Release|Any CPU
		{25DD5528-B68B-474C-8F6A-AD475CEE51BC}.BaseDebug|Any CPU.ActiveCfg = Debug|Any CPU
		{25DD5528-B68B-474C-8F6A-AD475CEE51BC}.BaseDebug|Mixed Platforms.ActiveCfg = Debug|Any CPU
		{25DD5528-B68B-474C-8F6A-AD475CEE51BC}.Debug|Any CPU.ActiveCfg = Debug|Any CPU
		{25DD5528-B68B-474C-8F6A-AD475CEE51BC}.Debug|Mixed Platforms.ActiveCfg = Debug|Any CPU
		{25DD5528-B68B-474C-8F6A-AD475CEE51BC}.Release|Any CPU.ActiveCfg = Release|Any CPU
		{25DD5528-B68B-474C-8F6A-AD475CEE51BC}.Release|Mixed Platforms.ActiveCfg = Release|Any CPU
		{95D60D68-CDDB-45FD-BE63-92D84293D651}.BaseDebug|Any CPU.ActiveCfg = Debug|Any CPU
		{95D60D68-CDDB-45FD-BE63-92D84293D651}.BaseDebug|Any CPU.Build.0 = Debug|Any CPU
		{95D60D68-CDDB-45FD-BE63-92D84293D651}.BaseDebug|Mixed Platforms.ActiveCfg = Debug|Any CPU
		{95D60D68-CDDB-45FD-BE63-92D84293D651}.BaseDebug|Mixed Platforms.Build.0 = Debug|Any CPU
		{95D60D68-CDDB-45FD-BE63-92D84293D651}.Debug|Any CPU.ActiveCfg = Debug|Any CPU
		{95D60D68-CDDB-45FD-BE63-92D84293D651}.Debug|Any CPU.Build.0 = Debug|Any CPU
		{95D60D68-CDDB-45FD-BE63-92D84293D651}.Debug|Mixed Platforms.ActiveCfg = Debug|Any CPU
		{95D60D68-CDDB-45FD-BE63-92D84293D651}.Debug|Mixed Platforms.Build.0 = Debug|Any CPU
		{95D60D68-CDDB-45FD-BE63-92D84293D651}.Release|Any CPU.ActiveCfg = Release|Any CPU
		{95D60D68-CDDB-45FD-BE63-92D84293D651}.Release|Any CPU.Build.0 = Release|Any CPU
		{95D60D68-CDDB-45FD-BE63-92D84293D651}.Release|Mixed Platforms.ActiveCfg = Release|Any CPU
		{95D60D68-CDDB-45FD-BE63-92D84293D651}.Release|Mixed Platforms.Build.0 = Release|Any CPU
		{F513DCE2-6DC9-47CF-B307-8213DDA80F80}.BaseDebug|Any CPU.ActiveCfg = Debug|Any CPU
		{F513DCE2-6DC9-47CF-B307-8213DDA80F80}.BaseDebug|Mixed Platforms.ActiveCfg = Debug|Any CPU
		{F513DCE2-6DC9-47CF-B307-8213DDA80F80}.Debug|Any CPU.ActiveCfg = Debug|Any CPU
		{F513DCE2-6DC9-47CF-B307-8213DDA80F80}.Debug|Mixed Platforms.ActiveCfg = Debug|Any CPU
		{F513DCE2-6DC9-47CF-B307-8213DDA80F80}.Release|Any CPU.ActiveCfg = Release|Any CPU
		{F513DCE2-6DC9-47CF-B307-8213DDA80F80}.Release|Mixed Platforms.ActiveCfg = Release|Any CPU
		{C49E387B-6B62-4D5F-8E75-EF75D562B7DF}.BaseDebug|Any CPU.ActiveCfg = Debug|Any CPU
		{C49E387B-6B62-4D5F-8E75-EF75D562B7DF}.BaseDebug|Any CPU.Build.0 = Debug|Any CPU
		{C49E387B-6B62-4D5F-8E75-EF75D562B7DF}.BaseDebug|Mixed Platforms.ActiveCfg = Debug|Any CPU
		{C49E387B-6B62-4D5F-8E75-EF75D562B7DF}.Debug|Any CPU.ActiveCfg = Debug|Any CPU
		{C49E387B-6B62-4D5F-8E75-EF75D562B7DF}.Debug|Any CPU.Build.0 = Debug|Any CPU
		{C49E387B-6B62-4D5F-8E75-EF75D562B7DF}.Debug|Mixed Platforms.ActiveCfg = Debug|Any CPU
		{C49E387B-6B62-4D5F-8E75-EF75D562B7DF}.Debug|Mixed Platforms.Build.0 = Debug|Any CPU
		{C49E387B-6B62-4D5F-8E75-EF75D562B7DF}.Release|Any CPU.ActiveCfg = Release|Any CPU
		{C49E387B-6B62-4D5F-8E75-EF75D562B7DF}.Release|Any CPU.Build.0 = Release|Any CPU
		{C49E387B-6B62-4D5F-8E75-EF75D562B7DF}.Release|Mixed Platforms.ActiveCfg = Release|Any CPU
		{C49E387B-6B62-4D5F-8E75-EF75D562B7DF}.Release|Mixed Platforms.Build.0 = Release|Any CPU
		{C6F705E1-DEDA-4106-A8E3-B3BFC8A91A3D}.BaseDebug|Any CPU.ActiveCfg = Debug|Any CPU
		{C6F705E1-DEDA-4106-A8E3-B3BFC8A91A3D}.BaseDebug|Any CPU.Build.0 = Debug|Any CPU
		{C6F705E1-DEDA-4106-A8E3-B3BFC8A91A3D}.BaseDebug|Mixed Platforms.ActiveCfg = Debug|Any CPU
		{C6F705E1-DEDA-4106-A8E3-B3BFC8A91A3D}.BaseDebug|Mixed Platforms.Build.0 = Debug|Any CPU
		{C6F705E1-DEDA-4106-A8E3-B3BFC8A91A3D}.Debug|Any CPU.ActiveCfg = Debug|Any CPU
		{C6F705E1-DEDA-4106-A8E3-B3BFC8A91A3D}.Debug|Any CPU.Build.0 = Debug|Any CPU
		{C6F705E1-DEDA-4106-A8E3-B3BFC8A91A3D}.Debug|Mixed Platforms.ActiveCfg = Debug|Any CPU
		{C6F705E1-DEDA-4106-A8E3-B3BFC8A91A3D}.Debug|Mixed Platforms.Build.0 = Debug|Any CPU
		{C6F705E1-DEDA-4106-A8E3-B3BFC8A91A3D}.Release|Any CPU.ActiveCfg = Release|Any CPU
		{C6F705E1-DEDA-4106-A8E3-B3BFC8A91A3D}.Release|Any CPU.Build.0 = Release|Any CPU
		{C6F705E1-DEDA-4106-A8E3-B3BFC8A91A3D}.Release|Mixed Platforms.ActiveCfg = Release|Any CPU
		{C6F705E1-DEDA-4106-A8E3-B3BFC8A91A3D}.Release|Mixed Platforms.Build.0 = Release|Any CPU
		{13A5D21C-63C4-4C56-97F4-6D921C4BA373}.BaseDebug|Any CPU.ActiveCfg = Debug|Any CPU
		{13A5D21C-63C4-4C56-97F4-6D921C4BA373}.BaseDebug|Any CPU.Build.0 = Debug|Any CPU
		{13A5D21C-63C4-4C56-97F4-6D921C4BA373}.BaseDebug|Mixed Platforms.ActiveCfg = Debug|Any CPU
		{13A5D21C-63C4-4C56-97F4-6D921C4BA373}.BaseDebug|Mixed Platforms.Build.0 = Debug|Any CPU
		{13A5D21C-63C4-4C56-97F4-6D921C4BA373}.Debug|Any CPU.ActiveCfg = Debug|Any CPU
		{13A5D21C-63C4-4C56-97F4-6D921C4BA373}.Debug|Any CPU.Build.0 = Debug|Any CPU
		{13A5D21C-63C4-4C56-97F4-6D921C4BA373}.Debug|Mixed Platforms.ActiveCfg = Debug|Any CPU
		{13A5D21C-63C4-4C56-97F4-6D921C4BA373}.Debug|Mixed Platforms.Build.0 = Debug|Any CPU
		{13A5D21C-63C4-4C56-97F4-6D921C4BA373}.Release|Any CPU.ActiveCfg = Release|Any CPU
		{13A5D21C-63C4-4C56-97F4-6D921C4BA373}.Release|Any CPU.Build.0 = Release|Any CPU
		{13A5D21C-63C4-4C56-97F4-6D921C4BA373}.Release|Mixed Platforms.ActiveCfg = Release|Any CPU
		{13A5D21C-63C4-4C56-97F4-6D921C4BA373}.Release|Mixed Platforms.Build.0 = Release|Any CPU
		{9D8EF75D-1434-412F-825F-3889877321F2}.BaseDebug|Any CPU.ActiveCfg = Debug|Any CPU
		{9D8EF75D-1434-412F-825F-3889877321F2}.BaseDebug|Any CPU.Build.0 = Debug|Any CPU
		{9D8EF75D-1434-412F-825F-3889877321F2}.BaseDebug|Mixed Platforms.ActiveCfg = Debug|Any CPU
		{9D8EF75D-1434-412F-825F-3889877321F2}.BaseDebug|Mixed Platforms.Build.0 = Debug|Any CPU
		{9D8EF75D-1434-412F-825F-3889877321F2}.Debug|Any CPU.ActiveCfg = Debug|Any CPU
		{9D8EF75D-1434-412F-825F-3889877321F2}.Debug|Any CPU.Build.0 = Debug|Any CPU
		{9D8EF75D-1434-412F-825F-3889877321F2}.Debug|Mixed Platforms.ActiveCfg = Debug|Any CPU
		{9D8EF75D-1434-412F-825F-3889877321F2}.Debug|Mixed Platforms.Build.0 = Debug|Any CPU
		{9D8EF75D-1434-412F-825F-3889877321F2}.Release|Any CPU.ActiveCfg = Release|Any CPU
		{9D8EF75D-1434-412F-825F-3889877321F2}.Release|Any CPU.Build.0 = Release|Any CPU
		{9D8EF75D-1434-412F-825F-3889877321F2}.Release|Mixed Platforms.ActiveCfg = Release|Any CPU
		{9D8EF75D-1434-412F-825F-3889877321F2}.Release|Mixed Platforms.Build.0 = Release|Any CPU
		{9969EADB-3E5D-4D60-8268-A7D860CE69E8}.BaseDebug|Any CPU.ActiveCfg = Debug|Any CPU
		{9969EADB-3E5D-4D60-8268-A7D860CE69E8}.BaseDebug|Mixed Platforms.ActiveCfg = Debug|Any CPU
		{9969EADB-3E5D-4D60-8268-A7D860CE69E8}.BaseDebug|Mixed Platforms.Build.0 = Debug|Any CPU
		{9969EADB-3E5D-4D60-8268-A7D860CE69E8}.Debug|Any CPU.ActiveCfg = Debug|Any CPU
		{9969EADB-3E5D-4D60-8268-A7D860CE69E8}.Debug|Any CPU.Build.0 = Debug|Any CPU
		{9969EADB-3E5D-4D60-8268-A7D860CE69E8}.Debug|Mixed Platforms.ActiveCfg = Debug|Any CPU
		{9969EADB-3E5D-4D60-8268-A7D860CE69E8}.Debug|Mixed Platforms.Build.0 = Debug|Any CPU
		{9969EADB-3E5D-4D60-8268-A7D860CE69E8}.Release|Any CPU.ActiveCfg = Release|Any CPU
		{9969EADB-3E5D-4D60-8268-A7D860CE69E8}.Release|Any CPU.Build.0 = Release|Any CPU
		{9969EADB-3E5D-4D60-8268-A7D860CE69E8}.Release|Mixed Platforms.ActiveCfg = Release|Any CPU
		{9969EADB-3E5D-4D60-8268-A7D860CE69E8}.Release|Mixed Platforms.Build.0 = Release|Any CPU
		{2E8AA030-8081-44D5-A25C-D1A7726AC640}.BaseDebug|Any CPU.ActiveCfg = Debug|Any CPU
		{2E8AA030-8081-44D5-A25C-D1A7726AC640}.BaseDebug|Mixed Platforms.ActiveCfg = Debug|Any CPU
		{2E8AA030-8081-44D5-A25C-D1A7726AC640}.BaseDebug|Mixed Platforms.Build.0 = Debug|Any CPU
		{2E8AA030-8081-44D5-A25C-D1A7726AC640}.Debug|Any CPU.ActiveCfg = Debug|Any CPU
		{2E8AA030-8081-44D5-A25C-D1A7726AC640}.Debug|Any CPU.Build.0 = Debug|Any CPU
		{2E8AA030-8081-44D5-A25C-D1A7726AC640}.Debug|Mixed Platforms.ActiveCfg = Debug|Any CPU
		{2E8AA030-8081-44D5-A25C-D1A7726AC640}.Debug|Mixed Platforms.Build.0 = Debug|Any CPU
		{2E8AA030-8081-44D5-A25C-D1A7726AC640}.Release|Any CPU.ActiveCfg = Release|Any CPU
		{2E8AA030-8081-44D5-A25C-D1A7726AC640}.Release|Any CPU.Build.0 = Release|Any CPU
		{2E8AA030-8081-44D5-A25C-D1A7726AC640}.Release|Mixed Platforms.ActiveCfg = Release|Any CPU
		{2E8AA030-8081-44D5-A25C-D1A7726AC640}.Release|Mixed Platforms.Build.0 = Release|Any CPU
		{58FF91A7-4AB9-4E04-A042-5CBD6C67CD01}.BaseDebug|Any CPU.ActiveCfg = Debug|Any CPU
		{58FF91A7-4AB9-4E04-A042-5CBD6C67CD01}.BaseDebug|Any CPU.Build.0 = Debug|Any CPU
		{58FF91A7-4AB9-4E04-A042-5CBD6C67CD01}.BaseDebug|Mixed Platforms.ActiveCfg = Debug|Any CPU
		{58FF91A7-4AB9-4E04-A042-5CBD6C67CD01}.BaseDebug|Mixed Platforms.Build.0 = Debug|Any CPU
		{58FF91A7-4AB9-4E04-A042-5CBD6C67CD01}.Debug|Any CPU.ActiveCfg = Debug|Any CPU
		{58FF91A7-4AB9-4E04-A042-5CBD6C67CD01}.Debug|Any CPU.Build.0 = Debug|Any CPU
		{58FF91A7-4AB9-4E04-A042-5CBD6C67CD01}.Debug|Mixed Platforms.ActiveCfg = Debug|Any CPU
		{58FF91A7-4AB9-4E04-A042-5CBD6C67CD01}.Debug|Mixed Platforms.Build.0 = Debug|Any CPU
		{58FF91A7-4AB9-4E04-A042-5CBD6C67CD01}.Release|Any CPU.ActiveCfg = Release|Any CPU
		{58FF91A7-4AB9-4E04-A042-5CBD6C67CD01}.Release|Any CPU.Build.0 = Release|Any CPU
		{58FF91A7-4AB9-4E04-A042-5CBD6C67CD01}.Release|Mixed Platforms.ActiveCfg = Release|Any CPU
		{58FF91A7-4AB9-4E04-A042-5CBD6C67CD01}.Release|Mixed Platforms.Build.0 = Release|Any CPU
		{3F4A39C3-7317-4E96-91E9-C30EADE8D142}.BaseDebug|Any CPU.ActiveCfg = Debug|Any CPU
		{3F4A39C3-7317-4E96-91E9-C30EADE8D142}.BaseDebug|Mixed Platforms.ActiveCfg = Debug|Any CPU
		{3F4A39C3-7317-4E96-91E9-C30EADE8D142}.BaseDebug|Mixed Platforms.Build.0 = Debug|Any CPU
		{3F4A39C3-7317-4E96-91E9-C30EADE8D142}.Debug|Any CPU.ActiveCfg = Debug|Any CPU
		{3F4A39C3-7317-4E96-91E9-C30EADE8D142}.Debug|Any CPU.Build.0 = Debug|Any CPU
		{3F4A39C3-7317-4E96-91E9-C30EADE8D142}.Debug|Mixed Platforms.ActiveCfg = Debug|Any CPU
		{3F4A39C3-7317-4E96-91E9-C30EADE8D142}.Debug|Mixed Platforms.Build.0 = Debug|Any CPU
		{3F4A39C3-7317-4E96-91E9-C30EADE8D142}.Release|Any CPU.ActiveCfg = Release|Any CPU
		{3F4A39C3-7317-4E96-91E9-C30EADE8D142}.Release|Any CPU.Build.0 = Release|Any CPU
		{3F4A39C3-7317-4E96-91E9-C30EADE8D142}.Release|Mixed Platforms.ActiveCfg = Release|Any CPU
		{3F4A39C3-7317-4E96-91E9-C30EADE8D142}.Release|Mixed Platforms.Build.0 = Release|Any CPU
		{9E1775EC-C809-4C15-9306-AC284266FF55}.BaseDebug|Any CPU.ActiveCfg = Debug|Any CPU
		{9E1775EC-C809-4C15-9306-AC284266FF55}.BaseDebug|Any CPU.Build.0 = Debug|Any CPU
		{9E1775EC-C809-4C15-9306-AC284266FF55}.BaseDebug|Mixed Platforms.ActiveCfg = Debug|Any CPU
		{9E1775EC-C809-4C15-9306-AC284266FF55}.BaseDebug|Mixed Platforms.Build.0 = Debug|Any CPU
		{9E1775EC-C809-4C15-9306-AC284266FF55}.Debug|Any CPU.ActiveCfg = Debug|Any CPU
		{9E1775EC-C809-4C15-9306-AC284266FF55}.Debug|Any CPU.Build.0 = Debug|Any CPU
		{9E1775EC-C809-4C15-9306-AC284266FF55}.Debug|Mixed Platforms.ActiveCfg = Debug|Any CPU
		{9E1775EC-C809-4C15-9306-AC284266FF55}.Debug|Mixed Platforms.Build.0 = Debug|Any CPU
		{9E1775EC-C809-4C15-9306-AC284266FF55}.Release|Any CPU.ActiveCfg = Release|Any CPU
		{9E1775EC-C809-4C15-9306-AC284266FF55}.Release|Any CPU.Build.0 = Release|Any CPU
		{9E1775EC-C809-4C15-9306-AC284266FF55}.Release|Mixed Platforms.ActiveCfg = Release|Any CPU
		{9E1775EC-C809-4C15-9306-AC284266FF55}.Release|Mixed Platforms.Build.0 = Release|Any CPU
		{A97EDBBB-747C-4DD0-A70D-B3AE79595D76}.BaseDebug|Any CPU.ActiveCfg = Debug|Any CPU
		{A97EDBBB-747C-4DD0-A70D-B3AE79595D76}.BaseDebug|Mixed Platforms.ActiveCfg = Debug|Any CPU
		{A97EDBBB-747C-4DD0-A70D-B3AE79595D76}.BaseDebug|Mixed Platforms.Build.0 = Debug|Any CPU
		{A97EDBBB-747C-4DD0-A70D-B3AE79595D76}.Debug|Any CPU.ActiveCfg = Debug|Any CPU
		{A97EDBBB-747C-4DD0-A70D-B3AE79595D76}.Debug|Any CPU.Build.0 = Debug|Any CPU
		{A97EDBBB-747C-4DD0-A70D-B3AE79595D76}.Debug|Mixed Platforms.ActiveCfg = Debug|Any CPU
		{A97EDBBB-747C-4DD0-A70D-B3AE79595D76}.Debug|Mixed Platforms.Build.0 = Debug|Any CPU
		{A97EDBBB-747C-4DD0-A70D-B3AE79595D76}.Release|Any CPU.ActiveCfg = Release|Any CPU
		{A97EDBBB-747C-4DD0-A70D-B3AE79595D76}.Release|Any CPU.Build.0 = Release|Any CPU
		{A97EDBBB-747C-4DD0-A70D-B3AE79595D76}.Release|Mixed Platforms.ActiveCfg = Release|Any CPU
		{A97EDBBB-747C-4DD0-A70D-B3AE79595D76}.Release|Mixed Platforms.Build.0 = Release|Any CPU
		{D0C89AD5-D4CA-4249-9AB1-BC8A07AC2561}.BaseDebug|Any CPU.ActiveCfg = Debug|Any CPU
		{D0C89AD5-D4CA-4249-9AB1-BC8A07AC2561}.BaseDebug|Any CPU.Build.0 = Debug|Any CPU
		{D0C89AD5-D4CA-4249-9AB1-BC8A07AC2561}.BaseDebug|Mixed Platforms.ActiveCfg = Debug|Any CPU
		{D0C89AD5-D4CA-4249-9AB1-BC8A07AC2561}.BaseDebug|Mixed Platforms.Build.0 = Debug|Any CPU
		{D0C89AD5-D4CA-4249-9AB1-BC8A07AC2561}.Debug|Any CPU.ActiveCfg = Debug|Any CPU
		{D0C89AD5-D4CA-4249-9AB1-BC8A07AC2561}.Debug|Any CPU.Build.0 = Debug|Any CPU
		{D0C89AD5-D4CA-4249-9AB1-BC8A07AC2561}.Debug|Mixed Platforms.ActiveCfg = Debug|Any CPU
		{D0C89AD5-D4CA-4249-9AB1-BC8A07AC2561}.Debug|Mixed Platforms.Build.0 = Debug|Any CPU
		{D0C89AD5-D4CA-4249-9AB1-BC8A07AC2561}.Release|Any CPU.ActiveCfg = Release|Any CPU
		{D0C89AD5-D4CA-4249-9AB1-BC8A07AC2561}.Release|Any CPU.Build.0 = Release|Any CPU
		{D0C89AD5-D4CA-4249-9AB1-BC8A07AC2561}.Release|Mixed Platforms.ActiveCfg = Release|Any CPU
		{D0C89AD5-D4CA-4249-9AB1-BC8A07AC2561}.Release|Mixed Platforms.Build.0 = Release|Any CPU
		{9C07C001-8C2D-4E8E-B7AC-A45D3CFB789F}.BaseDebug|Any CPU.ActiveCfg = Debug|Any CPU
		{9C07C001-8C2D-4E8E-B7AC-A45D3CFB789F}.BaseDebug|Any CPU.Build.0 = Debug|Any CPU
		{9C07C001-8C2D-4E8E-B7AC-A45D3CFB789F}.BaseDebug|Mixed Platforms.ActiveCfg = Debug|Any CPU
		{9C07C001-8C2D-4E8E-B7AC-A45D3CFB789F}.BaseDebug|Mixed Platforms.Build.0 = Debug|Any CPU
		{9C07C001-8C2D-4E8E-B7AC-A45D3CFB789F}.Debug|Any CPU.ActiveCfg = Debug|Any CPU
		{9C07C001-8C2D-4E8E-B7AC-A45D3CFB789F}.Debug|Any CPU.Build.0 = Debug|Any CPU
		{9C07C001-8C2D-4E8E-B7AC-A45D3CFB789F}.Debug|Mixed Platforms.ActiveCfg = Debug|Any CPU
		{9C07C001-8C2D-4E8E-B7AC-A45D3CFB789F}.Debug|Mixed Platforms.Build.0 = Debug|Any CPU
		{9C07C001-8C2D-4E8E-B7AC-A45D3CFB789F}.Release|Any CPU.ActiveCfg = Release|Any CPU
		{9C07C001-8C2D-4E8E-B7AC-A45D3CFB789F}.Release|Any CPU.Build.0 = Release|Any CPU
		{9C07C001-8C2D-4E8E-B7AC-A45D3CFB789F}.Release|Mixed Platforms.ActiveCfg = Release|Any CPU
		{9C07C001-8C2D-4E8E-B7AC-A45D3CFB789F}.Release|Mixed Platforms.Build.0 = Release|Any CPU
		{4F32414B-6689-4AEE-8D53-DA9C5A18AF8F}.BaseDebug|Any CPU.ActiveCfg = Debug|Any CPU
		{4F32414B-6689-4AEE-8D53-DA9C5A18AF8F}.BaseDebug|Any CPU.Build.0 = Debug|Any CPU
		{4F32414B-6689-4AEE-8D53-DA9C5A18AF8F}.BaseDebug|Mixed Platforms.ActiveCfg = Debug|Any CPU
		{4F32414B-6689-4AEE-8D53-DA9C5A18AF8F}.BaseDebug|Mixed Platforms.Build.0 = Debug|Any CPU
		{4F32414B-6689-4AEE-8D53-DA9C5A18AF8F}.Debug|Any CPU.ActiveCfg = Debug|Any CPU
		{4F32414B-6689-4AEE-8D53-DA9C5A18AF8F}.Debug|Any CPU.Build.0 = Debug|Any CPU
		{4F32414B-6689-4AEE-8D53-DA9C5A18AF8F}.Debug|Mixed Platforms.ActiveCfg = Debug|Any CPU
		{4F32414B-6689-4AEE-8D53-DA9C5A18AF8F}.Debug|Mixed Platforms.Build.0 = Debug|Any CPU
		{4F32414B-6689-4AEE-8D53-DA9C5A18AF8F}.Release|Any CPU.ActiveCfg = Release|Any CPU
		{4F32414B-6689-4AEE-8D53-DA9C5A18AF8F}.Release|Any CPU.Build.0 = Release|Any CPU
		{4F32414B-6689-4AEE-8D53-DA9C5A18AF8F}.Release|Mixed Platforms.ActiveCfg = Release|Any CPU
		{4F32414B-6689-4AEE-8D53-DA9C5A18AF8F}.Release|Mixed Platforms.Build.0 = Release|Any CPU
		{575B3F5A-1A24-46C4-B3C0-504BD492CEB3}.BaseDebug|Any CPU.ActiveCfg = Debug|Any CPU
		{575B3F5A-1A24-46C4-B3C0-504BD492CEB3}.BaseDebug|Any CPU.Build.0 = Debug|Any CPU
		{575B3F5A-1A24-46C4-B3C0-504BD492CEB3}.BaseDebug|Mixed Platforms.ActiveCfg = Debug|Any CPU
		{575B3F5A-1A24-46C4-B3C0-504BD492CEB3}.BaseDebug|Mixed Platforms.Build.0 = Debug|Any CPU
		{575B3F5A-1A24-46C4-B3C0-504BD492CEB3}.Debug|Any CPU.ActiveCfg = Debug|Any CPU
		{575B3F5A-1A24-46C4-B3C0-504BD492CEB3}.Debug|Any CPU.Build.0 = Debug|Any CPU
		{575B3F5A-1A24-46C4-B3C0-504BD492CEB3}.Debug|Mixed Platforms.ActiveCfg = Debug|Any CPU
		{575B3F5A-1A24-46C4-B3C0-504BD492CEB3}.Debug|Mixed Platforms.Build.0 = Debug|Any CPU
		{575B3F5A-1A24-46C4-B3C0-504BD492CEB3}.Release|Any CPU.ActiveCfg = Release|Any CPU
		{575B3F5A-1A24-46C4-B3C0-504BD492CEB3}.Release|Any CPU.Build.0 = Release|Any CPU
		{575B3F5A-1A24-46C4-B3C0-504BD492CEB3}.Release|Mixed Platforms.ActiveCfg = Release|Any CPU
		{575B3F5A-1A24-46C4-B3C0-504BD492CEB3}.Release|Mixed Platforms.Build.0 = Release|Any CPU
		{5E6A5ACD-9148-4403-BA1A-6FCEC3F88C4F}.BaseDebug|Any CPU.ActiveCfg = Debug|Any CPU
		{5E6A5ACD-9148-4403-BA1A-6FCEC3F88C4F}.BaseDebug|Any CPU.Build.0 = Debug|Any CPU
		{5E6A5ACD-9148-4403-BA1A-6FCEC3F88C4F}.BaseDebug|Mixed Platforms.ActiveCfg = Debug|Any CPU
		{5E6A5ACD-9148-4403-BA1A-6FCEC3F88C4F}.BaseDebug|Mixed Platforms.Build.0 = Debug|Any CPU
		{5E6A5ACD-9148-4403-BA1A-6FCEC3F88C4F}.Debug|Any CPU.ActiveCfg = Debug|Any CPU
		{5E6A5ACD-9148-4403-BA1A-6FCEC3F88C4F}.Debug|Any CPU.Build.0 = Debug|Any CPU
		{5E6A5ACD-9148-4403-BA1A-6FCEC3F88C4F}.Debug|Mixed Platforms.ActiveCfg = Debug|Any CPU
		{5E6A5ACD-9148-4403-BA1A-6FCEC3F88C4F}.Debug|Mixed Platforms.Build.0 = Debug|Any CPU
		{5E6A5ACD-9148-4403-BA1A-6FCEC3F88C4F}.Release|Any CPU.ActiveCfg = Release|Any CPU
		{5E6A5ACD-9148-4403-BA1A-6FCEC3F88C4F}.Release|Any CPU.Build.0 = Release|Any CPU
		{5E6A5ACD-9148-4403-BA1A-6FCEC3F88C4F}.Release|Mixed Platforms.ActiveCfg = Release|Any CPU
		{5E6A5ACD-9148-4403-BA1A-6FCEC3F88C4F}.Release|Mixed Platforms.Build.0 = Release|Any CPU
		{6554AF3D-E9B6-4CF3-A60D-DCEFE10CDD56}.BaseDebug|Any CPU.ActiveCfg = Debug|Any CPU
		{6554AF3D-E9B6-4CF3-A60D-DCEFE10CDD56}.BaseDebug|Any CPU.Build.0 = Debug|Any CPU
		{6554AF3D-E9B6-4CF3-A60D-DCEFE10CDD56}.BaseDebug|Mixed Platforms.ActiveCfg = Debug|Any CPU
		{6554AF3D-E9B6-4CF3-A60D-DCEFE10CDD56}.BaseDebug|Mixed Platforms.Build.0 = Debug|Any CPU
		{6554AF3D-E9B6-4CF3-A60D-DCEFE10CDD56}.Debug|Any CPU.ActiveCfg = Debug|Any CPU
		{6554AF3D-E9B6-4CF3-A60D-DCEFE10CDD56}.Debug|Any CPU.Build.0 = Debug|Any CPU
		{6554AF3D-E9B6-4CF3-A60D-DCEFE10CDD56}.Debug|Mixed Platforms.ActiveCfg = Debug|Any CPU
		{6554AF3D-E9B6-4CF3-A60D-DCEFE10CDD56}.Debug|Mixed Platforms.Build.0 = Debug|Any CPU
		{6554AF3D-E9B6-4CF3-A60D-DCEFE10CDD56}.Release|Any CPU.ActiveCfg = Release|Any CPU
		{6554AF3D-E9B6-4CF3-A60D-DCEFE10CDD56}.Release|Any CPU.Build.0 = Release|Any CPU
		{6554AF3D-E9B6-4CF3-A60D-DCEFE10CDD56}.Release|Mixed Platforms.ActiveCfg = Release|Any CPU
		{6554AF3D-E9B6-4CF3-A60D-DCEFE10CDD56}.Release|Mixed Platforms.Build.0 = Release|Any CPU
		{7CCBA92D-BB78-49E3-8C11-4CC29B173296}.BaseDebug|Any CPU.ActiveCfg = Debug|Any CPU
		{7CCBA92D-BB78-49E3-8C11-4CC29B173296}.BaseDebug|Any CPU.Build.0 = Debug|Any CPU
		{7CCBA92D-BB78-49E3-8C11-4CC29B173296}.BaseDebug|Mixed Platforms.ActiveCfg = Debug|Any CPU
		{7CCBA92D-BB78-49E3-8C11-4CC29B173296}.BaseDebug|Mixed Platforms.Build.0 = Debug|Any CPU
		{7CCBA92D-BB78-49E3-8C11-4CC29B173296}.Debug|Any CPU.ActiveCfg = Debug|Any CPU
		{7CCBA92D-BB78-49E3-8C11-4CC29B173296}.Debug|Any CPU.Build.0 = Debug|Any CPU
		{7CCBA92D-BB78-49E3-8C11-4CC29B173296}.Debug|Mixed Platforms.ActiveCfg = Debug|Any CPU
		{7CCBA92D-BB78-49E3-8C11-4CC29B173296}.Debug|Mixed Platforms.Build.0 = Debug|Any CPU
		{7CCBA92D-BB78-49E3-8C11-4CC29B173296}.Release|Any CPU.ActiveCfg = Release|Any CPU
		{7CCBA92D-BB78-49E3-8C11-4CC29B173296}.Release|Any CPU.Build.0 = Release|Any CPU
		{7CCBA92D-BB78-49E3-8C11-4CC29B173296}.Release|Mixed Platforms.ActiveCfg = Release|Any CPU
		{7CCBA92D-BB78-49E3-8C11-4CC29B173296}.Release|Mixed Platforms.Build.0 = Release|Any CPU
		{E9B0A9CA-0D3D-4EA9-A265-4D8D1C1AE53E}.BaseDebug|Any CPU.ActiveCfg = Debug|Any CPU
		{E9B0A9CA-0D3D-4EA9-A265-4D8D1C1AE53E}.BaseDebug|Any CPU.Build.0 = Debug|Any CPU
		{E9B0A9CA-0D3D-4EA9-A265-4D8D1C1AE53E}.BaseDebug|Mixed Platforms.ActiveCfg = Debug|Any CPU
		{E9B0A9CA-0D3D-4EA9-A265-4D8D1C1AE53E}.BaseDebug|Mixed Platforms.Build.0 = Debug|Any CPU
		{E9B0A9CA-0D3D-4EA9-A265-4D8D1C1AE53E}.Debug|Any CPU.ActiveCfg = Debug|Any CPU
		{E9B0A9CA-0D3D-4EA9-A265-4D8D1C1AE53E}.Debug|Any CPU.Build.0 = Debug|Any CPU
		{E9B0A9CA-0D3D-4EA9-A265-4D8D1C1AE53E}.Debug|Mixed Platforms.ActiveCfg = Debug|Any CPU
		{E9B0A9CA-0D3D-4EA9-A265-4D8D1C1AE53E}.Debug|Mixed Platforms.Build.0 = Debug|Any CPU
		{E9B0A9CA-0D3D-4EA9-A265-4D8D1C1AE53E}.Release|Any CPU.ActiveCfg = Release|Any CPU
		{E9B0A9CA-0D3D-4EA9-A265-4D8D1C1AE53E}.Release|Any CPU.Build.0 = Release|Any CPU
		{E9B0A9CA-0D3D-4EA9-A265-4D8D1C1AE53E}.Release|Mixed Platforms.ActiveCfg = Release|Any CPU
		{E9B0A9CA-0D3D-4EA9-A265-4D8D1C1AE53E}.Release|Mixed Platforms.Build.0 = Release|Any CPU
		{40E33930-93EC-4371-97E1-D709B022132C}.BaseDebug|Any CPU.ActiveCfg = Debug|Any CPU
		{40E33930-93EC-4371-97E1-D709B022132C}.BaseDebug|Any CPU.Build.0 = Debug|Any CPU
		{40E33930-93EC-4371-97E1-D709B022132C}.BaseDebug|Mixed Platforms.ActiveCfg = Debug|Any CPU
		{40E33930-93EC-4371-97E1-D709B022132C}.BaseDebug|Mixed Platforms.Build.0 = Debug|Any CPU
		{40E33930-93EC-4371-97E1-D709B022132C}.Debug|Any CPU.ActiveCfg = Debug|Any CPU
		{40E33930-93EC-4371-97E1-D709B022132C}.Debug|Any CPU.Build.0 = Debug|Any CPU
		{40E33930-93EC-4371-97E1-D709B022132C}.Debug|Mixed Platforms.ActiveCfg = Debug|Any CPU
		{40E33930-93EC-4371-97E1-D709B022132C}.Debug|Mixed Platforms.Build.0 = Debug|Any CPU
		{40E33930-93EC-4371-97E1-D709B022132C}.Release|Any CPU.ActiveCfg = Release|Any CPU
		{40E33930-93EC-4371-97E1-D709B022132C}.Release|Any CPU.Build.0 = Release|Any CPU
		{40E33930-93EC-4371-97E1-D709B022132C}.Release|Mixed Platforms.ActiveCfg = Release|Any CPU
		{40E33930-93EC-4371-97E1-D709B022132C}.Release|Mixed Platforms.Build.0 = Release|Any CPU
		{7887C79A-4A65-4F31-95C0-67C3558ADB6B}.BaseDebug|Any CPU.ActiveCfg = Debug|Any CPU
		{7887C79A-4A65-4F31-95C0-67C3558ADB6B}.BaseDebug|Any CPU.Build.0 = Debug|Any CPU
		{7887C79A-4A65-4F31-95C0-67C3558ADB6B}.BaseDebug|Mixed Platforms.ActiveCfg = Debug|Any CPU
		{7887C79A-4A65-4F31-95C0-67C3558ADB6B}.BaseDebug|Mixed Platforms.Build.0 = Debug|Any CPU
		{7887C79A-4A65-4F31-95C0-67C3558ADB6B}.Debug|Any CPU.ActiveCfg = Debug|Any CPU
		{7887C79A-4A65-4F31-95C0-67C3558ADB6B}.Debug|Any CPU.Build.0 = Debug|Any CPU
		{7887C79A-4A65-4F31-95C0-67C3558ADB6B}.Debug|Mixed Platforms.ActiveCfg = Debug|Any CPU
		{7887C79A-4A65-4F31-95C0-67C3558ADB6B}.Debug|Mixed Platforms.Build.0 = Debug|Any CPU
		{7887C79A-4A65-4F31-95C0-67C3558ADB6B}.Release|Any CPU.ActiveCfg = Release|Any CPU
		{7887C79A-4A65-4F31-95C0-67C3558ADB6B}.Release|Any CPU.Build.0 = Release|Any CPU
		{7887C79A-4A65-4F31-95C0-67C3558ADB6B}.Release|Mixed Platforms.ActiveCfg = Release|Any CPU
		{7887C79A-4A65-4F31-95C0-67C3558ADB6B}.Release|Mixed Platforms.Build.0 = Release|Any CPU
		{DC264B9D-33EE-4827-B1D7-739FC321BE6C}.BaseDebug|Any CPU.ActiveCfg = Debug|Any CPU
		{DC264B9D-33EE-4827-B1D7-739FC321BE6C}.BaseDebug|Any CPU.Build.0 = Debug|Any CPU
		{DC264B9D-33EE-4827-B1D7-739FC321BE6C}.BaseDebug|Mixed Platforms.ActiveCfg = Debug|Any CPU
		{DC264B9D-33EE-4827-B1D7-739FC321BE6C}.BaseDebug|Mixed Platforms.Build.0 = Debug|Any CPU
		{DC264B9D-33EE-4827-B1D7-739FC321BE6C}.Debug|Any CPU.ActiveCfg = Debug|Any CPU
		{DC264B9D-33EE-4827-B1D7-739FC321BE6C}.Debug|Any CPU.Build.0 = Debug|Any CPU
		{DC264B9D-33EE-4827-B1D7-739FC321BE6C}.Debug|Mixed Platforms.ActiveCfg = Debug|Any CPU
		{DC264B9D-33EE-4827-B1D7-739FC321BE6C}.Debug|Mixed Platforms.Build.0 = Debug|Any CPU
		{DC264B9D-33EE-4827-B1D7-739FC321BE6C}.Release|Any CPU.ActiveCfg = Release|Any CPU
		{DC264B9D-33EE-4827-B1D7-739FC321BE6C}.Release|Any CPU.Build.0 = Release|Any CPU
		{DC264B9D-33EE-4827-B1D7-739FC321BE6C}.Release|Mixed Platforms.ActiveCfg = Release|Any CPU
		{DC264B9D-33EE-4827-B1D7-739FC321BE6C}.Release|Mixed Platforms.Build.0 = Release|Any CPU
		{B190A64D-B46B-4C63-A217-1ABD2C97021A}.BaseDebug|Any CPU.ActiveCfg = Debug|Any CPU
		{B190A64D-B46B-4C63-A217-1ABD2C97021A}.BaseDebug|Any CPU.Build.0 = Debug|Any CPU
		{B190A64D-B46B-4C63-A217-1ABD2C97021A}.BaseDebug|Mixed Platforms.ActiveCfg = Debug|Any CPU
		{B190A64D-B46B-4C63-A217-1ABD2C97021A}.BaseDebug|Mixed Platforms.Build.0 = Debug|Any CPU
		{B190A64D-B46B-4C63-A217-1ABD2C97021A}.Debug|Any CPU.ActiveCfg = Debug|Any CPU
		{B190A64D-B46B-4C63-A217-1ABD2C97021A}.Debug|Mixed Platforms.ActiveCfg = Debug|Any CPU
		{B190A64D-B46B-4C63-A217-1ABD2C97021A}.Release|Any CPU.ActiveCfg = Release|Any CPU
		{B190A64D-B46B-4C63-A217-1ABD2C97021A}.Release|Mixed Platforms.ActiveCfg = Release|Any CPU
		{24D70A7F-F43A-45A3-8C54-EA31764841C7}.BaseDebug|Any CPU.ActiveCfg = Debug|Any CPU
		{24D70A7F-F43A-45A3-8C54-EA31764841C7}.BaseDebug|Any CPU.Build.0 = Debug|Any CPU
		{24D70A7F-F43A-45A3-8C54-EA31764841C7}.BaseDebug|Mixed Platforms.ActiveCfg = Debug|Any CPU
		{24D70A7F-F43A-45A3-8C54-EA31764841C7}.BaseDebug|Mixed Platforms.Build.0 = Debug|Any CPU
		{24D70A7F-F43A-45A3-8C54-EA31764841C7}.Debug|Any CPU.ActiveCfg = Debug|Any CPU
		{24D70A7F-F43A-45A3-8C54-EA31764841C7}.Debug|Any CPU.Build.0 = Debug|Any CPU
		{24D70A7F-F43A-45A3-8C54-EA31764841C7}.Debug|Mixed Platforms.ActiveCfg = Debug|Any CPU
		{24D70A7F-F43A-45A3-8C54-EA31764841C7}.Debug|Mixed Platforms.Build.0 = Debug|Any CPU
		{24D70A7F-F43A-45A3-8C54-EA31764841C7}.Release|Any CPU.ActiveCfg = Release|Any CPU
		{24D70A7F-F43A-45A3-8C54-EA31764841C7}.Release|Any CPU.Build.0 = Release|Any CPU
		{24D70A7F-F43A-45A3-8C54-EA31764841C7}.Release|Mixed Platforms.ActiveCfg = Release|Any CPU
		{24D70A7F-F43A-45A3-8C54-EA31764841C7}.Release|Mixed Platforms.Build.0 = Release|Any CPU
		{A30486D2-B128-4459-A26A-FBD3601599F0}.BaseDebug|Any CPU.ActiveCfg = Debug|Any CPU
		{A30486D2-B128-4459-A26A-FBD3601599F0}.BaseDebug|Any CPU.Build.0 = Debug|Any CPU
		{A30486D2-B128-4459-A26A-FBD3601599F0}.BaseDebug|Mixed Platforms.ActiveCfg = Debug|Any CPU
		{A30486D2-B128-4459-A26A-FBD3601599F0}.BaseDebug|Mixed Platforms.Build.0 = Debug|Any CPU
		{A30486D2-B128-4459-A26A-FBD3601599F0}.Debug|Any CPU.ActiveCfg = Debug|Any CPU
		{A30486D2-B128-4459-A26A-FBD3601599F0}.Debug|Mixed Platforms.ActiveCfg = Debug|Any CPU
		{A30486D2-B128-4459-A26A-FBD3601599F0}.Release|Any CPU.ActiveCfg = Release|Any CPU
		{A30486D2-B128-4459-A26A-FBD3601599F0}.Release|Mixed Platforms.ActiveCfg = Release|Any CPU
		{514F81A0-F061-4DE7-A84A-91379BDA11E2}.BaseDebug|Any CPU.ActiveCfg = Debug|Any CPU
		{514F81A0-F061-4DE7-A84A-91379BDA11E2}.BaseDebug|Any CPU.Build.0 = Debug|Any CPU
		{514F81A0-F061-4DE7-A84A-91379BDA11E2}.BaseDebug|Mixed Platforms.ActiveCfg = Debug|Any CPU
		{514F81A0-F061-4DE7-A84A-91379BDA11E2}.BaseDebug|Mixed Platforms.Build.0 = Debug|Any CPU
		{514F81A0-F061-4DE7-A84A-91379BDA11E2}.Debug|Any CPU.ActiveCfg = Debug|Any CPU
		{514F81A0-F061-4DE7-A84A-91379BDA11E2}.Debug|Mixed Platforms.ActiveCfg = Debug|Any CPU
		{514F81A0-F061-4DE7-A84A-91379BDA11E2}.Release|Any CPU.ActiveCfg = Release|Any CPU
		{514F81A0-F061-4DE7-A84A-91379BDA11E2}.Release|Mixed Platforms.ActiveCfg = Release|Any CPU
		{057EFD5F-E1A7-43BB-AD4A-0F4B02C00E1A}.BaseDebug|Any CPU.ActiveCfg = Debug|Any CPU
		{057EFD5F-E1A7-43BB-AD4A-0F4B02C00E1A}.BaseDebug|Any CPU.Build.0 = Debug|Any CPU
		{057EFD5F-E1A7-43BB-AD4A-0F4B02C00E1A}.BaseDebug|Mixed Platforms.ActiveCfg = Debug|Any CPU
		{057EFD5F-E1A7-43BB-AD4A-0F4B02C00E1A}.BaseDebug|Mixed Platforms.Build.0 = Debug|Any CPU
		{057EFD5F-E1A7-43BB-AD4A-0F4B02C00E1A}.Debug|Any CPU.ActiveCfg = Debug|Any CPU
		{057EFD5F-E1A7-43BB-AD4A-0F4B02C00E1A}.Debug|Any CPU.Build.0 = Debug|Any CPU
		{057EFD5F-E1A7-43BB-AD4A-0F4B02C00E1A}.Debug|Mixed Platforms.ActiveCfg = Debug|Any CPU
		{057EFD5F-E1A7-43BB-AD4A-0F4B02C00E1A}.Debug|Mixed Platforms.Build.0 = Debug|Any CPU
		{057EFD5F-E1A7-43BB-AD4A-0F4B02C00E1A}.Release|Any CPU.ActiveCfg = Release|Any CPU
		{057EFD5F-E1A7-43BB-AD4A-0F4B02C00E1A}.Release|Any CPU.Build.0 = Release|Any CPU
		{057EFD5F-E1A7-43BB-AD4A-0F4B02C00E1A}.Release|Mixed Platforms.ActiveCfg = Release|Any CPU
		{057EFD5F-E1A7-43BB-AD4A-0F4B02C00E1A}.Release|Mixed Platforms.Build.0 = Release|Any CPU
		{82137023-B50A-4E59-A10E-1CF51CA68268}.BaseDebug|Any CPU.ActiveCfg = Debug|Any CPU
		{82137023-B50A-4E59-A10E-1CF51CA68268}.BaseDebug|Any CPU.Build.0 = Debug|Any CPU
		{82137023-B50A-4E59-A10E-1CF51CA68268}.BaseDebug|Mixed Platforms.ActiveCfg = Debug|Any CPU
		{82137023-B50A-4E59-A10E-1CF51CA68268}.BaseDebug|Mixed Platforms.Build.0 = Debug|Any CPU
		{82137023-B50A-4E59-A10E-1CF51CA68268}.Debug|Any CPU.ActiveCfg = Debug|Any CPU
		{82137023-B50A-4E59-A10E-1CF51CA68268}.Debug|Any CPU.Build.0 = Debug|Any CPU
		{82137023-B50A-4E59-A10E-1CF51CA68268}.Debug|Mixed Platforms.ActiveCfg = Debug|Any CPU
		{82137023-B50A-4E59-A10E-1CF51CA68268}.Debug|Mixed Platforms.Build.0 = Debug|Any CPU
		{82137023-B50A-4E59-A10E-1CF51CA68268}.Release|Any CPU.ActiveCfg = Release|Any CPU
		{82137023-B50A-4E59-A10E-1CF51CA68268}.Release|Any CPU.Build.0 = Release|Any CPU
		{82137023-B50A-4E59-A10E-1CF51CA68268}.Release|Mixed Platforms.ActiveCfg = Release|Any CPU
		{82137023-B50A-4E59-A10E-1CF51CA68268}.Release|Mixed Platforms.Build.0 = Release|Any CPU
		{C9B535D4-E7D3-4009-857C-82CC8CC2013C}.BaseDebug|Any CPU.ActiveCfg = Debug|Any CPU
		{C9B535D4-E7D3-4009-857C-82CC8CC2013C}.BaseDebug|Any CPU.Build.0 = Debug|Any CPU
		{C9B535D4-E7D3-4009-857C-82CC8CC2013C}.BaseDebug|Mixed Platforms.ActiveCfg = Debug|Any CPU
		{C9B535D4-E7D3-4009-857C-82CC8CC2013C}.BaseDebug|Mixed Platforms.Build.0 = Debug|Any CPU
		{C9B535D4-E7D3-4009-857C-82CC8CC2013C}.Debug|Any CPU.ActiveCfg = Debug|Any CPU
		{C9B535D4-E7D3-4009-857C-82CC8CC2013C}.Debug|Any CPU.Build.0 = Debug|Any CPU
		{C9B535D4-E7D3-4009-857C-82CC8CC2013C}.Debug|Mixed Platforms.ActiveCfg = Debug|Any CPU
		{C9B535D4-E7D3-4009-857C-82CC8CC2013C}.Debug|Mixed Platforms.Build.0 = Debug|Any CPU
		{C9B535D4-E7D3-4009-857C-82CC8CC2013C}.Release|Any CPU.ActiveCfg = Release|Any CPU
		{C9B535D4-E7D3-4009-857C-82CC8CC2013C}.Release|Any CPU.Build.0 = Release|Any CPU
		{C9B535D4-E7D3-4009-857C-82CC8CC2013C}.Release|Mixed Platforms.ActiveCfg = Release|Any CPU
		{C9B535D4-E7D3-4009-857C-82CC8CC2013C}.Release|Mixed Platforms.Build.0 = Release|Any CPU
		{A0EC803A-8DF9-45A2-B793-C4E76E892419}.BaseDebug|Any CPU.ActiveCfg = Debug|Any CPU
		{A0EC803A-8DF9-45A2-B793-C4E76E892419}.BaseDebug|Any CPU.Build.0 = Debug|Any CPU
		{A0EC803A-8DF9-45A2-B793-C4E76E892419}.BaseDebug|Mixed Platforms.ActiveCfg = Debug|Any CPU
		{A0EC803A-8DF9-45A2-B793-C4E76E892419}.BaseDebug|Mixed Platforms.Build.0 = Debug|Any CPU
		{A0EC803A-8DF9-45A2-B793-C4E76E892419}.Debug|Any CPU.ActiveCfg = Debug|Any CPU
		{A0EC803A-8DF9-45A2-B793-C4E76E892419}.Debug|Any CPU.Build.0 = Debug|Any CPU
		{A0EC803A-8DF9-45A2-B793-C4E76E892419}.Debug|Mixed Platforms.ActiveCfg = Debug|Any CPU
		{A0EC803A-8DF9-45A2-B793-C4E76E892419}.Debug|Mixed Platforms.Build.0 = Debug|Any CPU
		{A0EC803A-8DF9-45A2-B793-C4E76E892419}.Release|Any CPU.ActiveCfg = Release|Any CPU
		{A0EC803A-8DF9-45A2-B793-C4E76E892419}.Release|Any CPU.Build.0 = Release|Any CPU
		{A0EC803A-8DF9-45A2-B793-C4E76E892419}.Release|Mixed Platforms.ActiveCfg = Release|Any CPU
		{A0EC803A-8DF9-45A2-B793-C4E76E892419}.Release|Mixed Platforms.Build.0 = Release|Any CPU
		{F4661CAF-EE1D-46E1-9E80-F4CDA5E25EC5}.BaseDebug|Any CPU.ActiveCfg = Debug|Any CPU
		{F4661CAF-EE1D-46E1-9E80-F4CDA5E25EC5}.BaseDebug|Any CPU.Build.0 = Debug|Any CPU
		{F4661CAF-EE1D-46E1-9E80-F4CDA5E25EC5}.BaseDebug|Mixed Platforms.ActiveCfg = Debug|Any CPU
		{F4661CAF-EE1D-46E1-9E80-F4CDA5E25EC5}.BaseDebug|Mixed Platforms.Build.0 = Debug|Any CPU
		{F4661CAF-EE1D-46E1-9E80-F4CDA5E25EC5}.Debug|Any CPU.ActiveCfg = Debug|Any CPU
		{F4661CAF-EE1D-46E1-9E80-F4CDA5E25EC5}.Debug|Any CPU.Build.0 = Debug|Any CPU
		{F4661CAF-EE1D-46E1-9E80-F4CDA5E25EC5}.Debug|Mixed Platforms.ActiveCfg = Debug|Any CPU
		{F4661CAF-EE1D-46E1-9E80-F4CDA5E25EC5}.Debug|Mixed Platforms.Build.0 = Debug|Any CPU
		{F4661CAF-EE1D-46E1-9E80-F4CDA5E25EC5}.Release|Any CPU.ActiveCfg = Release|Any CPU
		{F4661CAF-EE1D-46E1-9E80-F4CDA5E25EC5}.Release|Any CPU.Build.0 = Release|Any CPU
		{F4661CAF-EE1D-46E1-9E80-F4CDA5E25EC5}.Release|Mixed Platforms.ActiveCfg = Release|Any CPU
		{F4661CAF-EE1D-46E1-9E80-F4CDA5E25EC5}.Release|Mixed Platforms.Build.0 = Release|Any CPU
		{E54C5BA1-3146-43BD-8458-E442038F0FE5}.BaseDebug|Any CPU.ActiveCfg = Debug|Any CPU
		{E54C5BA1-3146-43BD-8458-E442038F0FE5}.BaseDebug|Any CPU.Build.0 = Debug|Any CPU
		{E54C5BA1-3146-43BD-8458-E442038F0FE5}.BaseDebug|Mixed Platforms.ActiveCfg = Debug|Any CPU
		{E54C5BA1-3146-43BD-8458-E442038F0FE5}.BaseDebug|Mixed Platforms.Build.0 = Debug|Any CPU
		{E54C5BA1-3146-43BD-8458-E442038F0FE5}.Debug|Any CPU.ActiveCfg = Debug|Any CPU
		{E54C5BA1-3146-43BD-8458-E442038F0FE5}.Debug|Any CPU.Build.0 = Debug|Any CPU
		{E54C5BA1-3146-43BD-8458-E442038F0FE5}.Debug|Mixed Platforms.ActiveCfg = Debug|Any CPU
		{E54C5BA1-3146-43BD-8458-E442038F0FE5}.Debug|Mixed Platforms.Build.0 = Debug|Any CPU
		{E54C5BA1-3146-43BD-8458-E442038F0FE5}.Release|Any CPU.ActiveCfg = Release|Any CPU
		{E54C5BA1-3146-43BD-8458-E442038F0FE5}.Release|Any CPU.Build.0 = Release|Any CPU
		{E54C5BA1-3146-43BD-8458-E442038F0FE5}.Release|Mixed Platforms.ActiveCfg = Release|Any CPU
		{E54C5BA1-3146-43BD-8458-E442038F0FE5}.Release|Mixed Platforms.Build.0 = Release|Any CPU
		{6968E0BF-BC20-43C5-AC68-5C2CF8231389}.BaseDebug|Any CPU.ActiveCfg = Debug|Any CPU
		{6968E0BF-BC20-43C5-AC68-5C2CF8231389}.BaseDebug|Any CPU.Build.0 = Debug|Any CPU
		{6968E0BF-BC20-43C5-AC68-5C2CF8231389}.BaseDebug|Mixed Platforms.ActiveCfg = Debug|Any CPU
		{6968E0BF-BC20-43C5-AC68-5C2CF8231389}.BaseDebug|Mixed Platforms.Build.0 = Debug|Any CPU
		{6968E0BF-BC20-43C5-AC68-5C2CF8231389}.Debug|Any CPU.ActiveCfg = Debug|Any CPU
		{6968E0BF-BC20-43C5-AC68-5C2CF8231389}.Debug|Any CPU.Build.0 = Debug|Any CPU
		{6968E0BF-BC20-43C5-AC68-5C2CF8231389}.Debug|Mixed Platforms.ActiveCfg = Debug|Any CPU
		{6968E0BF-BC20-43C5-AC68-5C2CF8231389}.Debug|Mixed Platforms.Build.0 = Debug|Any CPU
		{6968E0BF-BC20-43C5-AC68-5C2CF8231389}.Release|Any CPU.ActiveCfg = Release|Any CPU
		{6968E0BF-BC20-43C5-AC68-5C2CF8231389}.Release|Any CPU.Build.0 = Release|Any CPU
		{6968E0BF-BC20-43C5-AC68-5C2CF8231389}.Release|Mixed Platforms.ActiveCfg = Release|Any CPU
		{6968E0BF-BC20-43C5-AC68-5C2CF8231389}.Release|Mixed Platforms.Build.0 = Release|Any CPU
		{715EB620-77B4-490F-A1BF-4CD857AA7110}.BaseDebug|Any CPU.ActiveCfg = Debug|Any CPU
		{715EB620-77B4-490F-A1BF-4CD857AA7110}.BaseDebug|Any CPU.Build.0 = Debug|Any CPU
		{715EB620-77B4-490F-A1BF-4CD857AA7110}.BaseDebug|Mixed Platforms.ActiveCfg = Debug|Any CPU
		{715EB620-77B4-490F-A1BF-4CD857AA7110}.BaseDebug|Mixed Platforms.Build.0 = Debug|Any CPU
		{715EB620-77B4-490F-A1BF-4CD857AA7110}.Debug|Any CPU.ActiveCfg = Debug|Any CPU
		{715EB620-77B4-490F-A1BF-4CD857AA7110}.Debug|Any CPU.Build.0 = Debug|Any CPU
		{715EB620-77B4-490F-A1BF-4CD857AA7110}.Debug|Mixed Platforms.ActiveCfg = Debug|Any CPU
		{715EB620-77B4-490F-A1BF-4CD857AA7110}.Debug|Mixed Platforms.Build.0 = Debug|Any CPU
		{715EB620-77B4-490F-A1BF-4CD857AA7110}.Release|Any CPU.ActiveCfg = Release|Any CPU
		{715EB620-77B4-490F-A1BF-4CD857AA7110}.Release|Any CPU.Build.0 = Release|Any CPU
		{715EB620-77B4-490F-A1BF-4CD857AA7110}.Release|Mixed Platforms.ActiveCfg = Release|Any CPU
		{715EB620-77B4-490F-A1BF-4CD857AA7110}.Release|Mixed Platforms.Build.0 = Release|Any CPU
		{3E75A4A4-4A4A-4B48-A92F-D802ECEB19ED}.BaseDebug|Any CPU.ActiveCfg = Debug|Any CPU
		{3E75A4A4-4A4A-4B48-A92F-D802ECEB19ED}.BaseDebug|Any CPU.Build.0 = Debug|Any CPU
		{3E75A4A4-4A4A-4B48-A92F-D802ECEB19ED}.BaseDebug|Mixed Platforms.ActiveCfg = Debug|Any CPU
		{3E75A4A4-4A4A-4B48-A92F-D802ECEB19ED}.BaseDebug|Mixed Platforms.Build.0 = Debug|Any CPU
		{3E75A4A4-4A4A-4B48-A92F-D802ECEB19ED}.Debug|Any CPU.ActiveCfg = Debug|Any CPU
		{3E75A4A4-4A4A-4B48-A92F-D802ECEB19ED}.Debug|Any CPU.Build.0 = Debug|Any CPU
		{3E75A4A4-4A4A-4B48-A92F-D802ECEB19ED}.Debug|Mixed Platforms.ActiveCfg = Debug|Any CPU
		{3E75A4A4-4A4A-4B48-A92F-D802ECEB19ED}.Debug|Mixed Platforms.Build.0 = Debug|Any CPU
		{3E75A4A4-4A4A-4B48-A92F-D802ECEB19ED}.Release|Any CPU.ActiveCfg = Release|Any CPU
		{3E75A4A4-4A4A-4B48-A92F-D802ECEB19ED}.Release|Any CPU.Build.0 = Release|Any CPU
		{3E75A4A4-4A4A-4B48-A92F-D802ECEB19ED}.Release|Mixed Platforms.ActiveCfg = Release|Any CPU
		{3E75A4A4-4A4A-4B48-A92F-D802ECEB19ED}.Release|Mixed Platforms.Build.0 = Release|Any CPU
		{0ABADE9D-8700-4C29-ACEF-3BA3E6F3D757}.BaseDebug|Any CPU.ActiveCfg = Debug|Any CPU
		{0ABADE9D-8700-4C29-ACEF-3BA3E6F3D757}.BaseDebug|Any CPU.Build.0 = Debug|Any CPU
		{0ABADE9D-8700-4C29-ACEF-3BA3E6F3D757}.BaseDebug|Mixed Platforms.ActiveCfg = Debug|Any CPU
		{0ABADE9D-8700-4C29-ACEF-3BA3E6F3D757}.BaseDebug|Mixed Platforms.Build.0 = Debug|Any CPU
		{0ABADE9D-8700-4C29-ACEF-3BA3E6F3D757}.Debug|Any CPU.ActiveCfg = Debug|Any CPU
		{0ABADE9D-8700-4C29-ACEF-3BA3E6F3D757}.Debug|Any CPU.Build.0 = Debug|Any CPU
		{0ABADE9D-8700-4C29-ACEF-3BA3E6F3D757}.Debug|Mixed Platforms.ActiveCfg = Debug|Any CPU
		{0ABADE9D-8700-4C29-ACEF-3BA3E6F3D757}.Debug|Mixed Platforms.Build.0 = Debug|Any CPU
		{0ABADE9D-8700-4C29-ACEF-3BA3E6F3D757}.Release|Any CPU.ActiveCfg = Release|Any CPU
		{0ABADE9D-8700-4C29-ACEF-3BA3E6F3D757}.Release|Any CPU.Build.0 = Release|Any CPU
		{0ABADE9D-8700-4C29-ACEF-3BA3E6F3D757}.Release|Mixed Platforms.ActiveCfg = Release|Any CPU
		{0ABADE9D-8700-4C29-ACEF-3BA3E6F3D757}.Release|Mixed Platforms.Build.0 = Release|Any CPU
		{3976F907-E6ED-43E5-AB31-821CA6ACF03A}.BaseDebug|Any CPU.ActiveCfg = Debug|Any CPU
		{3976F907-E6ED-43E5-AB31-821CA6ACF03A}.BaseDebug|Any CPU.Build.0 = Debug|Any CPU
		{3976F907-E6ED-43E5-AB31-821CA6ACF03A}.BaseDebug|Mixed Platforms.ActiveCfg = Debug|Any CPU
		{3976F907-E6ED-43E5-AB31-821CA6ACF03A}.BaseDebug|Mixed Platforms.Build.0 = Debug|Any CPU
		{3976F907-E6ED-43E5-AB31-821CA6ACF03A}.Debug|Any CPU.ActiveCfg = Debug|Any CPU
		{3976F907-E6ED-43E5-AB31-821CA6ACF03A}.Debug|Any CPU.Build.0 = Debug|Any CPU
		{3976F907-E6ED-43E5-AB31-821CA6ACF03A}.Debug|Mixed Platforms.ActiveCfg = Debug|Any CPU
		{3976F907-E6ED-43E5-AB31-821CA6ACF03A}.Debug|Mixed Platforms.Build.0 = Debug|Any CPU
		{3976F907-E6ED-43E5-AB31-821CA6ACF03A}.Release|Any CPU.ActiveCfg = Release|Any CPU
		{3976F907-E6ED-43E5-AB31-821CA6ACF03A}.Release|Any CPU.Build.0 = Release|Any CPU
		{3976F907-E6ED-43E5-AB31-821CA6ACF03A}.Release|Mixed Platforms.ActiveCfg = Release|Any CPU
		{3976F907-E6ED-43E5-AB31-821CA6ACF03A}.Release|Mixed Platforms.Build.0 = Release|Any CPU
		{117A4731-BFF8-4012-A84C-9DEA96AC19D8}.BaseDebug|Any CPU.ActiveCfg = Debug|Any CPU
		{117A4731-BFF8-4012-A84C-9DEA96AC19D8}.BaseDebug|Any CPU.Build.0 = Debug|Any CPU
		{117A4731-BFF8-4012-A84C-9DEA96AC19D8}.BaseDebug|Mixed Platforms.ActiveCfg = Debug|Any CPU
		{117A4731-BFF8-4012-A84C-9DEA96AC19D8}.BaseDebug|Mixed Platforms.Build.0 = Debug|Any CPU
		{117A4731-BFF8-4012-A84C-9DEA96AC19D8}.Debug|Any CPU.ActiveCfg = Debug|Any CPU
		{117A4731-BFF8-4012-A84C-9DEA96AC19D8}.Debug|Any CPU.Build.0 = Debug|Any CPU
		{117A4731-BFF8-4012-A84C-9DEA96AC19D8}.Debug|Mixed Platforms.ActiveCfg = Debug|Any CPU
		{117A4731-BFF8-4012-A84C-9DEA96AC19D8}.Debug|Mixed Platforms.Build.0 = Debug|Any CPU
		{117A4731-BFF8-4012-A84C-9DEA96AC19D8}.Release|Any CPU.ActiveCfg = Release|Any CPU
		{117A4731-BFF8-4012-A84C-9DEA96AC19D8}.Release|Any CPU.Build.0 = Release|Any CPU
		{117A4731-BFF8-4012-A84C-9DEA96AC19D8}.Release|Mixed Platforms.ActiveCfg = Release|Any CPU
		{117A4731-BFF8-4012-A84C-9DEA96AC19D8}.Release|Mixed Platforms.Build.0 = Release|Any CPU
		{79A6EDD5-32F9-4DE9-967A-3AACDE5937C4}.BaseDebug|Any CPU.ActiveCfg = Debug|Any CPU
		{79A6EDD5-32F9-4DE9-967A-3AACDE5937C4}.BaseDebug|Any CPU.Build.0 = Debug|Any CPU
		{79A6EDD5-32F9-4DE9-967A-3AACDE5937C4}.BaseDebug|Mixed Platforms.ActiveCfg = Debug|Any CPU
		{79A6EDD5-32F9-4DE9-967A-3AACDE5937C4}.BaseDebug|Mixed Platforms.Build.0 = Debug|Any CPU
		{79A6EDD5-32F9-4DE9-967A-3AACDE5937C4}.Debug|Any CPU.ActiveCfg = Debug|Any CPU
		{79A6EDD5-32F9-4DE9-967A-3AACDE5937C4}.Debug|Any CPU.Build.0 = Debug|Any CPU
		{79A6EDD5-32F9-4DE9-967A-3AACDE5937C4}.Debug|Mixed Platforms.ActiveCfg = Debug|Any CPU
		{79A6EDD5-32F9-4DE9-967A-3AACDE5937C4}.Debug|Mixed Platforms.Build.0 = Debug|Any CPU
		{79A6EDD5-32F9-4DE9-967A-3AACDE5937C4}.Release|Any CPU.ActiveCfg = Release|Any CPU
		{79A6EDD5-32F9-4DE9-967A-3AACDE5937C4}.Release|Any CPU.Build.0 = Release|Any CPU
		{79A6EDD5-32F9-4DE9-967A-3AACDE5937C4}.Release|Mixed Platforms.ActiveCfg = Release|Any CPU
		{79A6EDD5-32F9-4DE9-967A-3AACDE5937C4}.Release|Mixed Platforms.Build.0 = Release|Any CPU
		{1AC3A290-09F5-4EB6-805C-8ED597645271}.BaseDebug|Any CPU.ActiveCfg = Debug|Any CPU
		{1AC3A290-09F5-4EB6-805C-8ED597645271}.BaseDebug|Any CPU.Build.0 = Debug|Any CPU
		{1AC3A290-09F5-4EB6-805C-8ED597645271}.BaseDebug|Mixed Platforms.ActiveCfg = Debug|Any CPU
		{1AC3A290-09F5-4EB6-805C-8ED597645271}.BaseDebug|Mixed Platforms.Build.0 = Debug|Any CPU
		{1AC3A290-09F5-4EB6-805C-8ED597645271}.Debug|Any CPU.ActiveCfg = Debug|Any CPU
		{1AC3A290-09F5-4EB6-805C-8ED597645271}.Debug|Any CPU.Build.0 = Debug|Any CPU
		{1AC3A290-09F5-4EB6-805C-8ED597645271}.Debug|Mixed Platforms.ActiveCfg = Debug|Any CPU
		{1AC3A290-09F5-4EB6-805C-8ED597645271}.Debug|Mixed Platforms.Build.0 = Debug|Any CPU
		{1AC3A290-09F5-4EB6-805C-8ED597645271}.Release|Any CPU.ActiveCfg = Release|Any CPU
		{1AC3A290-09F5-4EB6-805C-8ED597645271}.Release|Any CPU.Build.0 = Release|Any CPU
		{1AC3A290-09F5-4EB6-805C-8ED597645271}.Release|Mixed Platforms.ActiveCfg = Release|Any CPU
		{1AC3A290-09F5-4EB6-805C-8ED597645271}.Release|Mixed Platforms.Build.0 = Release|Any CPU
		{98A0BF21-48C2-4C35-989B-CCD9AE39C271}.BaseDebug|Any CPU.ActiveCfg = Debug|Any CPU
		{98A0BF21-48C2-4C35-989B-CCD9AE39C271}.BaseDebug|Any CPU.Build.0 = Debug|Any CPU
		{98A0BF21-48C2-4C35-989B-CCD9AE39C271}.BaseDebug|Mixed Platforms.ActiveCfg = Debug|Any CPU
		{98A0BF21-48C2-4C35-989B-CCD9AE39C271}.BaseDebug|Mixed Platforms.Build.0 = Debug|Any CPU
		{98A0BF21-48C2-4C35-989B-CCD9AE39C271}.Debug|Any CPU.ActiveCfg = Debug|Any CPU
		{98A0BF21-48C2-4C35-989B-CCD9AE39C271}.Debug|Any CPU.Build.0 = Debug|Any CPU
		{98A0BF21-48C2-4C35-989B-CCD9AE39C271}.Debug|Mixed Platforms.ActiveCfg = Debug|Any CPU
		{98A0BF21-48C2-4C35-989B-CCD9AE39C271}.Debug|Mixed Platforms.Build.0 = Debug|Any CPU
		{98A0BF21-48C2-4C35-989B-CCD9AE39C271}.Release|Any CPU.ActiveCfg = Release|Any CPU
		{98A0BF21-48C2-4C35-989B-CCD9AE39C271}.Release|Any CPU.Build.0 = Release|Any CPU
		{98A0BF21-48C2-4C35-989B-CCD9AE39C271}.Release|Mixed Platforms.ActiveCfg = Release|Any CPU
		{98A0BF21-48C2-4C35-989B-CCD9AE39C271}.Release|Mixed Platforms.Build.0 = Release|Any CPU
		{89E4AC1E-BFC0-422D-9222-80C88D2F6499}.BaseDebug|Any CPU.ActiveCfg = Debug|Any CPU
		{89E4AC1E-BFC0-422D-9222-80C88D2F6499}.BaseDebug|Any CPU.Build.0 = Debug|Any CPU
		{89E4AC1E-BFC0-422D-9222-80C88D2F6499}.BaseDebug|Mixed Platforms.ActiveCfg = Debug|Any CPU
		{89E4AC1E-BFC0-422D-9222-80C88D2F6499}.BaseDebug|Mixed Platforms.Build.0 = Debug|Any CPU
		{89E4AC1E-BFC0-422D-9222-80C88D2F6499}.Debug|Any CPU.ActiveCfg = Debug|Any CPU
		{89E4AC1E-BFC0-422D-9222-80C88D2F6499}.Debug|Any CPU.Build.0 = Debug|Any CPU
		{89E4AC1E-BFC0-422D-9222-80C88D2F6499}.Debug|Mixed Platforms.ActiveCfg = Debug|Any CPU
		{89E4AC1E-BFC0-422D-9222-80C88D2F6499}.Debug|Mixed Platforms.Build.0 = Debug|Any CPU
		{89E4AC1E-BFC0-422D-9222-80C88D2F6499}.Release|Any CPU.ActiveCfg = Release|Any CPU
		{89E4AC1E-BFC0-422D-9222-80C88D2F6499}.Release|Any CPU.Build.0 = Release|Any CPU
		{89E4AC1E-BFC0-422D-9222-80C88D2F6499}.Release|Mixed Platforms.ActiveCfg = Release|Any CPU
		{89E4AC1E-BFC0-422D-9222-80C88D2F6499}.Release|Mixed Platforms.Build.0 = Release|Any CPU
		{1DB01C91-3F92-4094-A8AE-1F7FF01F2E1B}.BaseDebug|Any CPU.ActiveCfg = Debug|Any CPU
		{1DB01C91-3F92-4094-A8AE-1F7FF01F2E1B}.BaseDebug|Any CPU.Build.0 = Debug|Any CPU
		{1DB01C91-3F92-4094-A8AE-1F7FF01F2E1B}.BaseDebug|Mixed Platforms.ActiveCfg = Debug|Any CPU
		{1DB01C91-3F92-4094-A8AE-1F7FF01F2E1B}.BaseDebug|Mixed Platforms.Build.0 = Debug|Any CPU
		{1DB01C91-3F92-4094-A8AE-1F7FF01F2E1B}.Debug|Any CPU.ActiveCfg = Debug|Any CPU
		{1DB01C91-3F92-4094-A8AE-1F7FF01F2E1B}.Debug|Any CPU.Build.0 = Debug|Any CPU
		{1DB01C91-3F92-4094-A8AE-1F7FF01F2E1B}.Debug|Mixed Platforms.ActiveCfg = Debug|Any CPU
		{1DB01C91-3F92-4094-A8AE-1F7FF01F2E1B}.Debug|Mixed Platforms.Build.0 = Debug|Any CPU
		{1DB01C91-3F92-4094-A8AE-1F7FF01F2E1B}.Release|Any CPU.ActiveCfg = Release|Any CPU
		{1DB01C91-3F92-4094-A8AE-1F7FF01F2E1B}.Release|Any CPU.Build.0 = Release|Any CPU
		{1DB01C91-3F92-4094-A8AE-1F7FF01F2E1B}.Release|Mixed Platforms.ActiveCfg = Release|Any CPU
		{1DB01C91-3F92-4094-A8AE-1F7FF01F2E1B}.Release|Mixed Platforms.Build.0 = Release|Any CPU
		{B488ECA3-95AD-4814-BC9B-69D062B7B333}.BaseDebug|Any CPU.ActiveCfg = Debug|Any CPU
		{B488ECA3-95AD-4814-BC9B-69D062B7B333}.BaseDebug|Any CPU.Build.0 = Debug|Any CPU
		{B488ECA3-95AD-4814-BC9B-69D062B7B333}.BaseDebug|Mixed Platforms.ActiveCfg = Debug|Any CPU
		{B488ECA3-95AD-4814-BC9B-69D062B7B333}.BaseDebug|Mixed Platforms.Build.0 = Debug|Any CPU
		{B488ECA3-95AD-4814-BC9B-69D062B7B333}.Debug|Any CPU.ActiveCfg = Debug|Any CPU
		{B488ECA3-95AD-4814-BC9B-69D062B7B333}.Debug|Any CPU.Build.0 = Debug|Any CPU
		{B488ECA3-95AD-4814-BC9B-69D062B7B333}.Debug|Mixed Platforms.ActiveCfg = Debug|Any CPU
		{B488ECA3-95AD-4814-BC9B-69D062B7B333}.Debug|Mixed Platforms.Build.0 = Debug|Any CPU
		{B488ECA3-95AD-4814-BC9B-69D062B7B333}.Release|Any CPU.ActiveCfg = Release|Any CPU
		{B488ECA3-95AD-4814-BC9B-69D062B7B333}.Release|Any CPU.Build.0 = Release|Any CPU
		{B488ECA3-95AD-4814-BC9B-69D062B7B333}.Release|Mixed Platforms.ActiveCfg = Release|Any CPU
		{B488ECA3-95AD-4814-BC9B-69D062B7B333}.Release|Mixed Platforms.Build.0 = Release|Any CPU
		{F342F781-894F-4A6F-A59A-86080E1AC737}.BaseDebug|Any CPU.ActiveCfg = Debug|Any CPU
		{F342F781-894F-4A6F-A59A-86080E1AC737}.BaseDebug|Any CPU.Build.0 = Debug|Any CPU
		{F342F781-894F-4A6F-A59A-86080E1AC737}.BaseDebug|Mixed Platforms.ActiveCfg = Debug|Any CPU
		{F342F781-894F-4A6F-A59A-86080E1AC737}.BaseDebug|Mixed Platforms.Build.0 = Debug|Any CPU
		{F342F781-894F-4A6F-A59A-86080E1AC737}.Debug|Any CPU.ActiveCfg = Debug|Any CPU
		{F342F781-894F-4A6F-A59A-86080E1AC737}.Debug|Any CPU.Build.0 = Debug|Any CPU
		{F342F781-894F-4A6F-A59A-86080E1AC737}.Debug|Mixed Platforms.ActiveCfg = Debug|Any CPU
		{F342F781-894F-4A6F-A59A-86080E1AC737}.Debug|Mixed Platforms.Build.0 = Debug|Any CPU
		{F342F781-894F-4A6F-A59A-86080E1AC737}.Release|Any CPU.ActiveCfg = Release|Any CPU
		{F342F781-894F-4A6F-A59A-86080E1AC737}.Release|Any CPU.Build.0 = Release|Any CPU
		{F342F781-894F-4A6F-A59A-86080E1AC737}.Release|Mixed Platforms.ActiveCfg = Release|Any CPU
		{F342F781-894F-4A6F-A59A-86080E1AC737}.Release|Mixed Platforms.Build.0 = Release|Any CPU
		{C5CA2316-6595-49A4-A9FD-F567FB97C35D}.BaseDebug|Any CPU.ActiveCfg = Debug|Any CPU
		{C5CA2316-6595-49A4-A9FD-F567FB97C35D}.BaseDebug|Any CPU.Build.0 = Debug|Any CPU
		{C5CA2316-6595-49A4-A9FD-F567FB97C35D}.BaseDebug|Mixed Platforms.ActiveCfg = Debug|Any CPU
		{C5CA2316-6595-49A4-A9FD-F567FB97C35D}.BaseDebug|Mixed Platforms.Build.0 = Debug|Any CPU
		{C5CA2316-6595-49A4-A9FD-F567FB97C35D}.Debug|Any CPU.ActiveCfg = Debug|Any CPU
		{C5CA2316-6595-49A4-A9FD-F567FB97C35D}.Debug|Any CPU.Build.0 = Debug|Any CPU
		{C5CA2316-6595-49A4-A9FD-F567FB97C35D}.Debug|Mixed Platforms.ActiveCfg = Debug|Any CPU
		{C5CA2316-6595-49A4-A9FD-F567FB97C35D}.Debug|Mixed Platforms.Build.0 = Debug|Any CPU
		{C5CA2316-6595-49A4-A9FD-F567FB97C35D}.Release|Any CPU.ActiveCfg = Release|Any CPU
		{C5CA2316-6595-49A4-A9FD-F567FB97C35D}.Release|Any CPU.Build.0 = Release|Any CPU
		{C5CA2316-6595-49A4-A9FD-F567FB97C35D}.Release|Mixed Platforms.ActiveCfg = Release|Any CPU
		{C5CA2316-6595-49A4-A9FD-F567FB97C35D}.Release|Mixed Platforms.Build.0 = Release|Any CPU
		{23565EEF-87F4-4FAA-AEEC-C507FA51FC57}.BaseDebug|Any CPU.ActiveCfg = Debug|Any CPU
		{23565EEF-87F4-4FAA-AEEC-C507FA51FC57}.BaseDebug|Any CPU.Build.0 = Debug|Any CPU
		{23565EEF-87F4-4FAA-AEEC-C507FA51FC57}.BaseDebug|Mixed Platforms.ActiveCfg = Debug|Any CPU
		{23565EEF-87F4-4FAA-AEEC-C507FA51FC57}.BaseDebug|Mixed Platforms.Build.0 = Debug|Any CPU
		{23565EEF-87F4-4FAA-AEEC-C507FA51FC57}.Debug|Any CPU.ActiveCfg = Debug|Any CPU
		{23565EEF-87F4-4FAA-AEEC-C507FA51FC57}.Debug|Any CPU.Build.0 = Debug|Any CPU
		{23565EEF-87F4-4FAA-AEEC-C507FA51FC57}.Debug|Mixed Platforms.ActiveCfg = Debug|Any CPU
		{23565EEF-87F4-4FAA-AEEC-C507FA51FC57}.Debug|Mixed Platforms.Build.0 = Debug|Any CPU
		{23565EEF-87F4-4FAA-AEEC-C507FA51FC57}.Release|Any CPU.ActiveCfg = Release|Any CPU
		{23565EEF-87F4-4FAA-AEEC-C507FA51FC57}.Release|Any CPU.Build.0 = Release|Any CPU
		{23565EEF-87F4-4FAA-AEEC-C507FA51FC57}.Release|Mixed Platforms.ActiveCfg = Release|Any CPU
		{23565EEF-87F4-4FAA-AEEC-C507FA51FC57}.Release|Mixed Platforms.Build.0 = Release|Any CPU
		{737DEDCB-669D-4962-8DB9-894009FD1DC9}.BaseDebug|Any CPU.ActiveCfg = Debug|Any CPU
		{737DEDCB-669D-4962-8DB9-894009FD1DC9}.BaseDebug|Any CPU.Build.0 = Debug|Any CPU
		{737DEDCB-669D-4962-8DB9-894009FD1DC9}.BaseDebug|Mixed Platforms.ActiveCfg = Debug|Any CPU
		{737DEDCB-669D-4962-8DB9-894009FD1DC9}.BaseDebug|Mixed Platforms.Build.0 = Debug|Any CPU
		{737DEDCB-669D-4962-8DB9-894009FD1DC9}.Debug|Any CPU.ActiveCfg = Debug|Any CPU
		{737DEDCB-669D-4962-8DB9-894009FD1DC9}.Debug|Any CPU.Build.0 = Debug|Any CPU
		{737DEDCB-669D-4962-8DB9-894009FD1DC9}.Debug|Mixed Platforms.ActiveCfg = Debug|Any CPU
		{737DEDCB-669D-4962-8DB9-894009FD1DC9}.Debug|Mixed Platforms.Build.0 = Debug|Any CPU
		{737DEDCB-669D-4962-8DB9-894009FD1DC9}.Release|Any CPU.ActiveCfg = Release|Any CPU
		{737DEDCB-669D-4962-8DB9-894009FD1DC9}.Release|Any CPU.Build.0 = Release|Any CPU
		{737DEDCB-669D-4962-8DB9-894009FD1DC9}.Release|Mixed Platforms.ActiveCfg = Release|Any CPU
		{737DEDCB-669D-4962-8DB9-894009FD1DC9}.Release|Mixed Platforms.Build.0 = Release|Any CPU
		{57149AF0-5A0E-4E13-A40C-1355DE9693AD}.BaseDebug|Any CPU.ActiveCfg = Debug|Any CPU
		{57149AF0-5A0E-4E13-A40C-1355DE9693AD}.BaseDebug|Any CPU.Build.0 = Debug|Any CPU
		{57149AF0-5A0E-4E13-A40C-1355DE9693AD}.BaseDebug|Mixed Platforms.ActiveCfg = Debug|Any CPU
		{57149AF0-5A0E-4E13-A40C-1355DE9693AD}.BaseDebug|Mixed Platforms.Build.0 = Debug|Any CPU
		{57149AF0-5A0E-4E13-A40C-1355DE9693AD}.Debug|Any CPU.ActiveCfg = Debug|Any CPU
		{57149AF0-5A0E-4E13-A40C-1355DE9693AD}.Debug|Any CPU.Build.0 = Debug|Any CPU
		{57149AF0-5A0E-4E13-A40C-1355DE9693AD}.Debug|Mixed Platforms.ActiveCfg = Debug|Any CPU
		{57149AF0-5A0E-4E13-A40C-1355DE9693AD}.Debug|Mixed Platforms.Build.0 = Debug|Any CPU
		{57149AF0-5A0E-4E13-A40C-1355DE9693AD}.Release|Any CPU.ActiveCfg = Release|Any CPU
		{57149AF0-5A0E-4E13-A40C-1355DE9693AD}.Release|Any CPU.Build.0 = Release|Any CPU
		{57149AF0-5A0E-4E13-A40C-1355DE9693AD}.Release|Mixed Platforms.ActiveCfg = Release|Any CPU
		{57149AF0-5A0E-4E13-A40C-1355DE9693AD}.Release|Mixed Platforms.Build.0 = Release|Any CPU
	EndGlobalSection
	GlobalSection(SolutionProperties) = preSolution
		HideSolutionNode = FALSE
	EndGlobalSection
	GlobalSection(NestedProjects) = preSolution
		{6EC1F378-510B-48D0-8D00-E36BEF214766} = {EAE8CA62-D88A-4125-AEA9-E3F7D90F2558}
		{8FA5FA37-DC03-4E24-900B-AA863CA9650F} = {EAE8CA62-D88A-4125-AEA9-E3F7D90F2558}
		{146ABD06-FA98-4B90-9E85-1B4CE7BE598D} = {3232C77F-4816-48C6-B80D-761FF48AA282}
		{D054B27F-366C-4C4E-BA32-472BD14DC86D} = {3232C77F-4816-48C6-B80D-761FF48AA282}
		{E7152100-FDC7-4BF1-957C-75051BF7D8E8} = {3232C77F-4816-48C6-B80D-761FF48AA282}
		{A295FB41-D9B6-418C-9EA7-0C0A17BA26DD} = {3232C77F-4816-48C6-B80D-761FF48AA282}
		{2A36CE97-A296-462A-8C3F-C194F1A2D758} = {3232C77F-4816-48C6-B80D-761FF48AA282}
		{AF54209E-0687-4C10-9784-487B1006E0BD} = {3232C77F-4816-48C6-B80D-761FF48AA282}
		{788980F0-5A85-4F9A-9E6A-56746E7D37C7} = {673FFDA4-CE91-4D8C-8164-20E73F46C257}
		{6D005BA9-2F0B-4EAA-B82F-039AFA11C425} = {673FFDA4-CE91-4D8C-8164-20E73F46C257}
		{B7466206-120E-45BD-9FB0-F30A0C7971A4} = {673FFDA4-CE91-4D8C-8164-20E73F46C257}
		{BC0647DF-60D0-4F62-81B8-AFAA673A3198} = {673FFDA4-CE91-4D8C-8164-20E73F46C257}
		{DB513978-ACD1-4962-AFFF-BEB881907C0A} = {3232C77F-4816-48C6-B80D-761FF48AA282}
		{2F3DAD3F-69A0-43A0-91AA-C2DA75BBE435} = {673FFDA4-CE91-4D8C-8164-20E73F46C257}
		{8CBB779F-64D4-455F-9E4F-70719408A7CA} = {0A17AB0B-3994-4D39-86B3-D34EDA7893F9}
		{8CEBE5C2-DF26-4817-A917-5EB1C17FC2F3} = {0A17AB0B-3994-4D39-86B3-D34EDA7893F9}
		{575592B2-44ED-4E9D-B033-A1B213DC86CE} = {0A17AB0B-3994-4D39-86B3-D34EDA7893F9}
		{4CA0DBAD-7C1C-4EBF-85A2-CD1758F936E3} = {0A17AB0B-3994-4D39-86B3-D34EDA7893F9}
		{13A4C808-5471-419D-B21E-F65BA5D874FD} = {0A17AB0B-3994-4D39-86B3-D34EDA7893F9}
		{25DD5528-B68B-474C-8F6A-AD475CEE51BC} = {0A17AB0B-3994-4D39-86B3-D34EDA7893F9}
		{95D60D68-CDDB-45FD-BE63-92D84293D651} = {0A17AB0B-3994-4D39-86B3-D34EDA7893F9}
		{F513DCE2-6DC9-47CF-B307-8213DDA80F80} = {0A17AB0B-3994-4D39-86B3-D34EDA7893F9}
		{C49E387B-6B62-4D5F-8E75-EF75D562B7DF} = {0A17AB0B-3994-4D39-86B3-D34EDA7893F9}
		{C6F705E1-DEDA-4106-A8E3-B3BFC8A91A3D} = {0A17AB0B-3994-4D39-86B3-D34EDA7893F9}
		{13A5D21C-63C4-4C56-97F4-6D921C4BA373} = {0A17AB0B-3994-4D39-86B3-D34EDA7893F9}
		{9D8EF75D-1434-412F-825F-3889877321F2} = {0A17AB0B-3994-4D39-86B3-D34EDA7893F9}
		{9969EADB-3E5D-4D60-8268-A7D860CE69E8} = {0A17AB0B-3994-4D39-86B3-D34EDA7893F9}
		{2E8AA030-8081-44D5-A25C-D1A7726AC640} = {0A17AB0B-3994-4D39-86B3-D34EDA7893F9}
		{58FF91A7-4AB9-4E04-A042-5CBD6C67CD01} = {0A17AB0B-3994-4D39-86B3-D34EDA7893F9}
		{3F4A39C3-7317-4E96-91E9-C30EADE8D142} = {0A17AB0B-3994-4D39-86B3-D34EDA7893F9}
		{9E1775EC-C809-4C15-9306-AC284266FF55} = {0A17AB0B-3994-4D39-86B3-D34EDA7893F9}
		{A97EDBBB-747C-4DD0-A70D-B3AE79595D76} = {0A17AB0B-3994-4D39-86B3-D34EDA7893F9}
		{D0C89AD5-D4CA-4249-9AB1-BC8A07AC2561} = {0A17AB0B-3994-4D39-86B3-D34EDA7893F9}
		{9C07C001-8C2D-4E8E-B7AC-A45D3CFB789F} = {0A17AB0B-3994-4D39-86B3-D34EDA7893F9}
		{4F32414B-6689-4AEE-8D53-DA9C5A18AF8F} = {0A17AB0B-3994-4D39-86B3-D34EDA7893F9}
		{575B3F5A-1A24-46C4-B3C0-504BD492CEB3} = {0A17AB0B-3994-4D39-86B3-D34EDA7893F9}
		{5E6A5ACD-9148-4403-BA1A-6FCEC3F88C4F} = {0A17AB0B-3994-4D39-86B3-D34EDA7893F9}
		{6554AF3D-E9B6-4CF3-A60D-DCEFE10CDD56} = {0A17AB0B-3994-4D39-86B3-D34EDA7893F9}
		{7CCBA92D-BB78-49E3-8C11-4CC29B173296} = {EAE8CA62-D88A-4125-AEA9-E3F7D90F2558}
		{E9B0A9CA-0D3D-4EA9-A265-4D8D1C1AE53E} = {673FFDA4-CE91-4D8C-8164-20E73F46C257}
		{40E33930-93EC-4371-97E1-D709B022132C} = {0A17AB0B-3994-4D39-86B3-D34EDA7893F9}
		{7887C79A-4A65-4F31-95C0-67C3558ADB6B} = {0A17AB0B-3994-4D39-86B3-D34EDA7893F9}
		{DC264B9D-33EE-4827-B1D7-739FC321BE6C} = {673FFDA4-CE91-4D8C-8164-20E73F46C257}
		{B190A64D-B46B-4C63-A217-1ABD2C97021A} = {FC515183-B412-4C67-BF18-1035E42E9C5B}
		{24D70A7F-F43A-45A3-8C54-EA31764841C7} = {EAE8CA62-D88A-4125-AEA9-E3F7D90F2558}
		{A30486D2-B128-4459-A26A-FBD3601599F0} = {FC515183-B412-4C67-BF18-1035E42E9C5B}
		{514F81A0-F061-4DE7-A84A-91379BDA11E2} = {FC515183-B412-4C67-BF18-1035E42E9C5B}
		{057EFD5F-E1A7-43BB-AD4A-0F4B02C00E1A} = {3232C77F-4816-48C6-B80D-761FF48AA282}
		{82137023-B50A-4E59-A10E-1CF51CA68268} = {673FFDA4-CE91-4D8C-8164-20E73F46C257}
		{C9B535D4-E7D3-4009-857C-82CC8CC2013C} = {0C5BCC79-C673-4FA3-96BA-89A30215A6F5}
		{A0EC803A-8DF9-45A2-B793-C4E76E892419} = {0C5BCC79-C673-4FA3-96BA-89A30215A6F5}
		{F4661CAF-EE1D-46E1-9E80-F4CDA5E25EC5} = {0C5BCC79-C673-4FA3-96BA-89A30215A6F5}
		{E54C5BA1-3146-43BD-8458-E442038F0FE5} = {3232C77F-4816-48C6-B80D-761FF48AA282}
		{6968E0BF-BC20-43C5-AC68-5C2CF8231389} = {3232C77F-4816-48C6-B80D-761FF48AA282}
		{715EB620-77B4-490F-A1BF-4CD857AA7110} = {EAE8CA62-D88A-4125-AEA9-E3F7D90F2558}
		{3E75A4A4-4A4A-4B48-A92F-D802ECEB19ED} = {0A17AB0B-3994-4D39-86B3-D34EDA7893F9}
		{0ABADE9D-8700-4C29-ACEF-3BA3E6F3D757} = {658579EE-4680-4E26-8BD7-6AB8C3B70252}
		{3976F907-E6ED-43E5-AB31-821CA6ACF03A} = {658579EE-4680-4E26-8BD7-6AB8C3B70252}
		{117A4731-BFF8-4012-A84C-9DEA96AC19D8} = {658579EE-4680-4E26-8BD7-6AB8C3B70252}
		{79A6EDD5-32F9-4DE9-967A-3AACDE5937C4} = {658579EE-4680-4E26-8BD7-6AB8C3B70252}
		{1AC3A290-09F5-4EB6-805C-8ED597645271} = {658579EE-4680-4E26-8BD7-6AB8C3B70252}
		{98A0BF21-48C2-4C35-989B-CCD9AE39C271} = {658579EE-4680-4E26-8BD7-6AB8C3B70252}
		{89E4AC1E-BFC0-422D-9222-80C88D2F6499} = {3232C77F-4816-48C6-B80D-761FF48AA282}
		{1DB01C91-3F92-4094-A8AE-1F7FF01F2E1B} = {673FFDA4-CE91-4D8C-8164-20E73F46C257}
		{B488ECA3-95AD-4814-BC9B-69D062B7B333} = {EAE8CA62-D88A-4125-AEA9-E3F7D90F2558}
		{F342F781-894F-4A6F-A59A-86080E1AC737} = {3232C77F-4816-48C6-B80D-761FF48AA282}
		{C5CA2316-6595-49A4-A9FD-F567FB97C35D} = {658579EE-4680-4E26-8BD7-6AB8C3B70252}
		{23565EEF-87F4-4FAA-AEEC-C507FA51FC57} = {658579EE-4680-4E26-8BD7-6AB8C3B70252}
		{737DEDCB-669D-4962-8DB9-894009FD1DC9} = {0A17AB0B-3994-4D39-86B3-D34EDA7893F9}
		{57149AF0-5A0E-4E13-A40C-1355DE9693AD} = {0A17AB0B-3994-4D39-86B3-D34EDA7893F9}
	EndGlobalSection
EndGlobal
