Microsoft Visual Studio Solution File, Format Version 10.00
# Visual Studio 2008
Project("{FAE04EC0-301F-11D3-BF4B-00C04F79EFBC}") = "System.Internet", "System.Internet\Source\System.Internet.csproj", "{5E6A5ACD-9148-4403-BA1A-6FCEC3F88C4F}"
EndProject
Project("{FAE04EC0-301F-11D3-BF4B-00C04F79EFBC}") = "Shipping", "Sample.Shipping\Source\Shipping.csproj", "{4F32414B-6689-4AEE-8D53-DA9C5A18AF8F}"
EndProject
Project("{FAE04EC0-301F-11D3-BF4B-00C04F79EFBC}") = "DAE.Connection.ADO", "ADOConnection\Source\DAE.Connection.ADO.csproj", "{8CEBE5C2-DF26-4817-A917-5EB1C17FC2F3}"
	ProjectSection(ProjectDependencies) = postProject
		{8CBB779F-64D4-455F-9E4F-70719408A7CA} = {8CBB779F-64D4-455F-9E4F-70719408A7CA}
	EndProjectSection
EndProject
Project("{FAE04EC0-301F-11D3-BF4B-00C04F79EFBC}") = "DAE.Connection", "Connection\Source\DAE.Connection.csproj", "{8CBB779F-64D4-455F-9E4F-70719408A7CA}"
EndProject
Project("{FAE04EC0-301F-11D3-BF4B-00C04F79EFBC}") = "DAE.Connection.DataDirect.Oracle", "DataDirectOracleConnection\Source\DAE.Connection.DataDirect.Oracle.csproj", "{575592B2-44ED-4E9D-B033-A1B213DC86CE}"
	ProjectSection(ProjectDependencies) = postProject
		{8CBB779F-64D4-455F-9E4F-70719408A7CA} = {8CBB779F-64D4-455F-9E4F-70719408A7CA}
	EndProjectSection
EndProject
Project("{FAE04EC0-301F-11D3-BF4B-00C04F79EFBC}") = "DAEDeviceDB2", "DB2Device\Source\DAEDeviceDB2.csproj", "{9969EADB-3E5D-4D60-8268-A7D860CE69E8}"
EndProject
Project("{FAE04EC0-301F-11D3-BF4B-00C04F79EFBC}") = "Frontend.Server", "Frontend\Source\Frontend.Server.csproj", "{9C07C001-8C2D-4E8E-B7AC-A45D3CFB789F}"
EndProject
Project("{FAE04EC0-301F-11D3-BF4B-00C04F79EFBC}") = "DAEDeviceLinter", "LinterDevice\Source\DAEDeviceLinter.csproj", "{2E8AA030-8081-44D5-A25C-D1A7726AC640}"
	ProjectSection(ProjectDependencies) = postProject
		{13A5D21C-63C4-4C56-97F4-6D921C4BA373} = {13A5D21C-63C4-4C56-97F4-6D921C4BA373}
		{8CBB779F-64D4-455F-9E4F-70719408A7CA} = {8CBB779F-64D4-455F-9E4F-70719408A7CA}
	EndProjectSection
EndProject
Project("{FAE04EC0-301F-11D3-BF4B-00C04F79EFBC}") = "DAE.Connection.Oracle", "MSOracleConnection\Source\DAE.Connection.Oracle.csproj", "{C49E387B-6B62-4D5F-8E75-EF75D562B7DF}"
	ProjectSection(ProjectDependencies) = postProject
		{8CBB779F-64D4-455F-9E4F-70719408A7CA} = {8CBB779F-64D4-455F-9E4F-70719408A7CA}
	EndProjectSection
EndProject
Project("{FAE04EC0-301F-11D3-BF4B-00C04F79EFBC}") = "DAEDeviceMSSQL", "MSSQLDevice\Source\DAEDeviceMSSQL.csproj", "{58FF91A7-4AB9-4E04-A042-5CBD6C67CD01}"
	ProjectSection(ProjectDependencies) = postProject
		{13A5D21C-63C4-4C56-97F4-6D921C4BA373} = {13A5D21C-63C4-4C56-97F4-6D921C4BA373}
		{8CBB779F-64D4-455F-9E4F-70719408A7CA} = {8CBB779F-64D4-455F-9E4F-70719408A7CA}
	EndProjectSection
EndProject
Project("{FAE04EC0-301F-11D3-BF4B-00C04F79EFBC}") = "DAE.Connection.MySQL", "MySQLConnection\Source\DAE.Connection.MySQL.csproj", "{25DD5528-B68B-474C-8F6A-AD475CEE51BC}"
	ProjectSection(ProjectDependencies) = postProject
		{8CBB779F-64D4-455F-9E4F-70719408A7CA} = {8CBB779F-64D4-455F-9E4F-70719408A7CA}
	EndProjectSection
EndProject
Project("{FAE04EC0-301F-11D3-BF4B-00C04F79EFBC}") = "DAEDeviceMySQL", "MySQLDevice\Source\DAEDeviceMySQL.csproj", "{3F4A39C3-7317-4E96-91E9-C30EADE8D142}"
	ProjectSection(ProjectDependencies) = postProject
		{13A5D21C-63C4-4C56-97F4-6D921C4BA373} = {13A5D21C-63C4-4C56-97F4-6D921C4BA373}
		{8CBB779F-64D4-455F-9E4F-70719408A7CA} = {8CBB779F-64D4-455F-9E4F-70719408A7CA}
	EndProjectSection
EndProject
Project("{FAE04EC0-301F-11D3-BF4B-00C04F79EFBC}") = "DAE.Connection.ODBC", "ODBCConnection\Source\DAE.Connection.ODBC.csproj", "{95D60D68-CDDB-45FD-BE63-92D84293D651}"
	ProjectSection(ProjectDependencies) = postProject
		{8CBB779F-64D4-455F-9E4F-70719408A7CA} = {8CBB779F-64D4-455F-9E4F-70719408A7CA}
	EndProjectSection
EndProject
Project("{FAE04EC0-301F-11D3-BF4B-00C04F79EFBC}") = "DAE.Connection.Oracle.Oracle", "OracleConnection\Source\DAE.Connection.Oracle.Oracle.csproj", "{F513DCE2-6DC9-47CF-B307-8213DDA80F80}"
	ProjectSection(ProjectDependencies) = postProject
		{8CBB779F-64D4-455F-9E4F-70719408A7CA} = {8CBB779F-64D4-455F-9E4F-70719408A7CA}
	EndProjectSection
EndProject
Project("{FAE04EC0-301F-11D3-BF4B-00C04F79EFBC}") = "DAEDeviceOracle", "OracleDevice\Source\DAEDeviceOracle.csproj", "{9E1775EC-C809-4C15-9306-AC284266FF55}"
	ProjectSection(ProjectDependencies) = postProject
		{13A5D21C-63C4-4C56-97F4-6D921C4BA373} = {13A5D21C-63C4-4C56-97F4-6D921C4BA373}
		{8CBB779F-64D4-455F-9E4F-70719408A7CA} = {8CBB779F-64D4-455F-9E4F-70719408A7CA}
	EndProjectSection
EndProject
Project("{FAE04EC0-301F-11D3-BF4B-00C04F79EFBC}") = "DAEDeviceSAS", "SASDevice\Source\DAEDeviceSAS.csproj", "{A97EDBBB-747C-4DD0-A70D-B3AE79595D76}"
	ProjectSection(ProjectDependencies) = postProject
		{13A5D21C-63C4-4C56-97F4-6D921C4BA373} = {13A5D21C-63C4-4C56-97F4-6D921C4BA373}
		{8CBB779F-64D4-455F-9E4F-70719408A7CA} = {8CBB779F-64D4-455F-9E4F-70719408A7CA}
	EndProjectSection
EndProject
Project("{FAE04EC0-301F-11D3-BF4B-00C04F79EFBC}") = "DAE.Device.Simple", "SimpleDevice\Source\DAE.Device.Simple.csproj", "{C6F705E1-DEDA-4106-A8E3-B3BFC8A91A3D}"
EndProject
Project("{FAE04EC0-301F-11D3-BF4B-00C04F79EFBC}") = "DAE.Device.SQL", "SQLDevice\Source\DAE.Device.SQL.csproj", "{13A5D21C-63C4-4C56-97F4-6D921C4BA373}"
	ProjectSection(ProjectDependencies) = postProject
		{8CBB779F-64D4-455F-9E4F-70719408A7CA} = {8CBB779F-64D4-455F-9E4F-70719408A7CA}
	EndProjectSection
EndProject
Project("{FAE04EC0-301F-11D3-BF4B-00C04F79EFBC}") = "DAE.Connection.DB2", "DB2Connection\Source\DAE.Connection.DB2.csproj", "{4CA0DBAD-7C1C-4EBF-85A2-CD1758F936E3}"
EndProject
Project("{FAE04EC0-301F-11D3-BF4B-00C04F79EFBC}") = "System.Integration", "System.Integration\Source\System.Integration.csproj", "{575B3F5A-1A24-46C4-B3C0-504BD492CEB3}"
EndProject
Project("{FAE04EC0-301F-11D3-BF4B-00C04F79EFBC}") = "System.Platform", "System.Platform\Source\System.Platform.csproj", "{6554AF3D-E9B6-4CF3-A60D-DCEFE10CDD56}"
EndProject
Project("{FAE04EC0-301F-11D3-BF4B-00C04F79EFBC}") = "DAE.Diagnostics", "TestFramework.Coverage.Base\Source\DAE.Diagnostics.csproj", "{9D8EF75D-1434-412F-825F-3889877321F2}"
EndProject
Project("{FAE04EC0-301F-11D3-BF4B-00C04F79EFBC}") = "DAE.Connection.DB2400", "DB2400Connection\Source\DAE.Connection.DB2400.csproj", "{13A4C808-5471-419D-B21E-F65BA5D874FD}"
EndProject
Project("{FAE04EC0-301F-11D3-BF4B-00C04F79EFBC}") = "DocSamples", "Documentation\Source\DocSamples.csproj", "{D0C89AD5-D4CA-4249-9AB1-BC8A07AC2561}"
EndProject
Global
	GlobalSection(SolutionConfigurationPlatforms) = preSolution
		BaseDebug|Any CPU = BaseDebug|Any CPU
		Debug|Any CPU = Debug|Any CPU
		Release|Any CPU = Release|Any CPU
	EndGlobalSection
	GlobalSection(ProjectConfigurationPlatforms) = postSolution
		{5E6A5ACD-9148-4403-BA1A-6FCEC3F88C4F}.BaseDebug|Any CPU.ActiveCfg = Debug|Any CPU
		{5E6A5ACD-9148-4403-BA1A-6FCEC3F88C4F}.BaseDebug|Any CPU.Build.0 = Debug|Any CPU
		{5E6A5ACD-9148-4403-BA1A-6FCEC3F88C4F}.Debug|Any CPU.ActiveCfg = Debug|Any CPU
		{5E6A5ACD-9148-4403-BA1A-6FCEC3F88C4F}.Debug|Any CPU.Build.0 = Debug|Any CPU
		{5E6A5ACD-9148-4403-BA1A-6FCEC3F88C4F}.Release|Any CPU.ActiveCfg = Release|Any CPU
		{5E6A5ACD-9148-4403-BA1A-6FCEC3F88C4F}.Release|Any CPU.Build.0 = Release|Any CPU
		{4F32414B-6689-4AEE-8D53-DA9C5A18AF8F}.BaseDebug|Any CPU.ActiveCfg = Debug|Any CPU
		{4F32414B-6689-4AEE-8D53-DA9C5A18AF8F}.BaseDebug|Any CPU.Build.0 = Debug|Any CPU
		{4F32414B-6689-4AEE-8D53-DA9C5A18AF8F}.Debug|Any CPU.ActiveCfg = Debug|Any CPU
		{4F32414B-6689-4AEE-8D53-DA9C5A18AF8F}.Debug|Any CPU.Build.0 = Debug|Any CPU
		{4F32414B-6689-4AEE-8D53-DA9C5A18AF8F}.Release|Any CPU.ActiveCfg = Release|Any CPU
		{4F32414B-6689-4AEE-8D53-DA9C5A18AF8F}.Release|Any CPU.Build.0 = Release|Any CPU
		{8CEBE5C2-DF26-4817-A917-5EB1C17FC2F3}.BaseDebug|Any CPU.ActiveCfg = Debug|Any CPU
		{8CEBE5C2-DF26-4817-A917-5EB1C17FC2F3}.BaseDebug|Any CPU.Build.0 = Debug|Any CPU
		{8CEBE5C2-DF26-4817-A917-5EB1C17FC2F3}.Debug|Any CPU.ActiveCfg = Debug|Any CPU
		{8CEBE5C2-DF26-4817-A917-5EB1C17FC2F3}.Debug|Any CPU.Build.0 = Debug|Any CPU
		{8CEBE5C2-DF26-4817-A917-5EB1C17FC2F3}.Release|Any CPU.ActiveCfg = Release|Any CPU
		{8CEBE5C2-DF26-4817-A917-5EB1C17FC2F3}.Release|Any CPU.Build.0 = Release|Any CPU
		{8CBB779F-64D4-455F-9E4F-70719408A7CA}.BaseDebug|Any CPU.ActiveCfg = Debug|Any CPU
		{8CBB779F-64D4-455F-9E4F-70719408A7CA}.BaseDebug|Any CPU.Build.0 = Debug|Any CPU
		{8CBB779F-64D4-455F-9E4F-70719408A7CA}.Debug|Any CPU.ActiveCfg = Debug|Any CPU
		{8CBB779F-64D4-455F-9E4F-70719408A7CA}.Debug|Any CPU.Build.0 = Debug|Any CPU
		{8CBB779F-64D4-455F-9E4F-70719408A7CA}.Release|Any CPU.ActiveCfg = Release|Any CPU
		{8CBB779F-64D4-455F-9E4F-70719408A7CA}.Release|Any CPU.Build.0 = Release|Any CPU
		{575592B2-44ED-4E9D-B033-A1B213DC86CE}.BaseDebug|Any CPU.ActiveCfg = Debug|Any CPU
		{575592B2-44ED-4E9D-B033-A1B213DC86CE}.Debug|Any CPU.ActiveCfg = Debug|Any CPU
		{575592B2-44ED-4E9D-B033-A1B213DC86CE}.Release|Any CPU.ActiveCfg = Release|Any CPU
		{575592B2-44ED-4E9D-B033-A1B213DC86CE}.Release|Any CPU.Build.0 = Release|Any CPU
		{9969EADB-3E5D-4D60-8268-A7D860CE69E8}.BaseDebug|Any CPU.ActiveCfg = Debug|Any CPU
		{9969EADB-3E5D-4D60-8268-A7D860CE69E8}.Debug|Any CPU.ActiveCfg = Debug|Any CPU
		{9969EADB-3E5D-4D60-8268-A7D860CE69E8}.Debug|Any CPU.Build.0 = Debug|Any CPU
		{9969EADB-3E5D-4D60-8268-A7D860CE69E8}.Release|Any CPU.ActiveCfg = Release|Any CPU
		{9969EADB-3E5D-4D60-8268-A7D860CE69E8}.Release|Any CPU.Build.0 = Release|Any CPU
		{9C07C001-8C2D-4E8E-B7AC-A45D3CFB789F}.BaseDebug|Any CPU.ActiveCfg = Debug|Any CPU
		{9C07C001-8C2D-4E8E-B7AC-A45D3CFB789F}.BaseDebug|Any CPU.Build.0 = Debug|Any CPU
		{9C07C001-8C2D-4E8E-B7AC-A45D3CFB789F}.Debug|Any CPU.ActiveCfg = Debug|Any CPU
		{9C07C001-8C2D-4E8E-B7AC-A45D3CFB789F}.Debug|Any CPU.Build.0 = Debug|Any CPU
		{9C07C001-8C2D-4E8E-B7AC-A45D3CFB789F}.Release|Any CPU.ActiveCfg = Release|Any CPU
		{9C07C001-8C2D-4E8E-B7AC-A45D3CFB789F}.Release|Any CPU.Build.0 = Release|Any CPU
		{2E8AA030-8081-44D5-A25C-D1A7726AC640}.BaseDebug|Any CPU.ActiveCfg = Debug|Any CPU
		{2E8AA030-8081-44D5-A25C-D1A7726AC640}.BaseDebug|Any CPU.Build.0 = Debug|Any CPU
		{2E8AA030-8081-44D5-A25C-D1A7726AC640}.Debug|Any CPU.ActiveCfg = Debug|Any CPU
		{2E8AA030-8081-44D5-A25C-D1A7726AC640}.Debug|Any CPU.Build.0 = Debug|Any CPU
		{2E8AA030-8081-44D5-A25C-D1A7726AC640}.Release|Any CPU.ActiveCfg = Release|Any CPU
		{2E8AA030-8081-44D5-A25C-D1A7726AC640}.Release|Any CPU.Build.0 = Release|Any CPU
		{C49E387B-6B62-4D5F-8E75-EF75D562B7DF}.BaseDebug|Any CPU.ActiveCfg = Debug|Any CPU
		{C49E387B-6B62-4D5F-8E75-EF75D562B7DF}.BaseDebug|Any CPU.Build.0 = Debug|Any CPU
		{C49E387B-6B62-4D5F-8E75-EF75D562B7DF}.Debug|Any CPU.ActiveCfg = Debug|Any CPU
		{C49E387B-6B62-4D5F-8E75-EF75D562B7DF}.Debug|Any CPU.Build.0 = Debug|Any CPU
		{C49E387B-6B62-4D5F-8E75-EF75D562B7DF}.Release|Any CPU.ActiveCfg = Release|Any CPU
		{C49E387B-6B62-4D5F-8E75-EF75D562B7DF}.Release|Any CPU.Build.0 = Release|Any CPU
		{58FF91A7-4AB9-4E04-A042-5CBD6C67CD01}.BaseDebug|Any CPU.ActiveCfg = Debug|Any CPU
		{58FF91A7-4AB9-4E04-A042-5CBD6C67CD01}.BaseDebug|Any CPU.Build.0 = Debug|Any CPU
		{58FF91A7-4AB9-4E04-A042-5CBD6C67CD01}.Debug|Any CPU.ActiveCfg = Debug|Any CPU
		{58FF91A7-4AB9-4E04-A042-5CBD6C67CD01}.Debug|Any CPU.Build.0 = Debug|Any CPU
		{58FF91A7-4AB9-4E04-A042-5CBD6C67CD01}.Release|Any CPU.ActiveCfg = Release|Any CPU
		{58FF91A7-4AB9-4E04-A042-5CBD6C67CD01}.Release|Any CPU.Build.0 = Release|Any CPU
		{25DD5528-B68B-474C-8F6A-AD475CEE51BC}.BaseDebug|Any CPU.ActiveCfg = Debug|Any CPU
		{25DD5528-B68B-474C-8F6A-AD475CEE51BC}.Debug|Any CPU.ActiveCfg = Debug|Any CPU
		{25DD5528-B68B-474C-8F6A-AD475CEE51BC}.Debug|Any CPU.Build.0 = Debug|Any CPU
		{25DD5528-B68B-474C-8F6A-AD475CEE51BC}.Release|Any CPU.ActiveCfg = Release|Any CPU
		{25DD5528-B68B-474C-8F6A-AD475CEE51BC}.Release|Any CPU.Build.0 = Release|Any CPU
		{3F4A39C3-7317-4E96-91E9-C30EADE8D142}.BaseDebug|Any CPU.ActiveCfg = Debug|Any CPU
		{3F4A39C3-7317-4E96-91E9-C30EADE8D142}.Debug|Any CPU.ActiveCfg = Debug|Any CPU
		{3F4A39C3-7317-4E96-91E9-C30EADE8D142}.Debug|Any CPU.Build.0 = Debug|Any CPU
		{3F4A39C3-7317-4E96-91E9-C30EADE8D142}.Release|Any CPU.ActiveCfg = Release|Any CPU
		{3F4A39C3-7317-4E96-91E9-C30EADE8D142}.Release|Any CPU.Build.0 = Release|Any CPU
		{95D60D68-CDDB-45FD-BE63-92D84293D651}.BaseDebug|Any CPU.ActiveCfg = Debug|Any CPU
		{95D60D68-CDDB-45FD-BE63-92D84293D651}.Debug|Any CPU.ActiveCfg = Debug|Any CPU
		{95D60D68-CDDB-45FD-BE63-92D84293D651}.Debug|Any CPU.Build.0 = Debug|Any CPU
		{95D60D68-CDDB-45FD-BE63-92D84293D651}.Release|Any CPU.ActiveCfg = Release|Any CPU
		{95D60D68-CDDB-45FD-BE63-92D84293D651}.Release|Any CPU.Build.0 = Release|Any CPU
		{F513DCE2-6DC9-47CF-B307-8213DDA80F80}.BaseDebug|Any CPU.ActiveCfg = Debug|Any CPU
		{F513DCE2-6DC9-47CF-B307-8213DDA80F80}.Debug|Any CPU.ActiveCfg = Debug|Any CPU
		{F513DCE2-6DC9-47CF-B307-8213DDA80F80}.Debug|Any CPU.Build.0 = Debug|Any CPU
		{F513DCE2-6DC9-47CF-B307-8213DDA80F80}.Release|Any CPU.ActiveCfg = Release|Any CPU
		{F513DCE2-6DC9-47CF-B307-8213DDA80F80}.Release|Any CPU.Build.0 = Release|Any CPU
		{9E1775EC-C809-4C15-9306-AC284266FF55}.BaseDebug|Any CPU.ActiveCfg = Debug|Any CPU
		{9E1775EC-C809-4C15-9306-AC284266FF55}.BaseDebug|Any CPU.Build.0 = Debug|Any CPU
		{9E1775EC-C809-4C15-9306-AC284266FF55}.Debug|Any CPU.ActiveCfg = Debug|Any CPU
		{9E1775EC-C809-4C15-9306-AC284266FF55}.Debug|Any CPU.Build.0 = Debug|Any CPU
		{9E1775EC-C809-4C15-9306-AC284266FF55}.Release|Any CPU.ActiveCfg = Release|Any CPU
		{9E1775EC-C809-4C15-9306-AC284266FF55}.Release|Any CPU.Build.0 = Release|Any CPU
		{A97EDBBB-747C-4DD0-A70D-B3AE79595D76}.BaseDebug|Any CPU.ActiveCfg = Debug|Any CPU
		{A97EDBBB-747C-4DD0-A70D-B3AE79595D76}.Debug|Any CPU.ActiveCfg = Debug|Any CPU
		{A97EDBBB-747C-4DD0-A70D-B3AE79595D76}.Debug|Any CPU.Build.0 = Debug|Any CPU
		{A97EDBBB-747C-4DD0-A70D-B3AE79595D76}.Release|Any CPU.ActiveCfg = Release|Any CPU
		{A97EDBBB-747C-4DD0-A70D-B3AE79595D76}.Release|Any CPU.Build.0 = Release|Any CPU
		{C6F705E1-DEDA-4106-A8E3-B3BFC8A91A3D}.BaseDebug|Any CPU.ActiveCfg = Debug|Any CPU
		{C6F705E1-DEDA-4106-A8E3-B3BFC8A91A3D}.BaseDebug|Any CPU.Build.0 = Debug|Any CPU
		{C6F705E1-DEDA-4106-A8E3-B3BFC8A91A3D}.Debug|Any CPU.ActiveCfg = Debug|Any CPU
		{C6F705E1-DEDA-4106-A8E3-B3BFC8A91A3D}.Debug|Any CPU.Build.0 = Debug|Any CPU
		{C6F705E1-DEDA-4106-A8E3-B3BFC8A91A3D}.Release|Any CPU.ActiveCfg = Release|Any CPU
		{C6F705E1-DEDA-4106-A8E3-B3BFC8A91A3D}.Release|Any CPU.Build.0 = Release|Any CPU
		{13A5D21C-63C4-4C56-97F4-6D921C4BA373}.BaseDebug|Any CPU.ActiveCfg = Debug|Any CPU
		{13A5D21C-63C4-4C56-97F4-6D921C4BA373}.BaseDebug|Any CPU.Build.0 = Debug|Any CPU
		{13A5D21C-63C4-4C56-97F4-6D921C4BA373}.Debug|Any CPU.ActiveCfg = Debug|Any CPU
		{13A5D21C-63C4-4C56-97F4-6D921C4BA373}.Debug|Any CPU.Build.0 = Debug|Any CPU
		{13A5D21C-63C4-4C56-97F4-6D921C4BA373}.Release|Any CPU.ActiveCfg = Release|Any CPU
		{13A5D21C-63C4-4C56-97F4-6D921C4BA373}.Release|Any CPU.Build.0 = Release|Any CPU
		{4CA0DBAD-7C1C-4EBF-85A2-CD1758F936E3}.BaseDebug|Any CPU.ActiveCfg = Debug|Any CPU
		{4CA0DBAD-7C1C-4EBF-85A2-CD1758F936E3}.Debug|Any CPU.ActiveCfg = Debug|Any CPU
		{4CA0DBAD-7C1C-4EBF-85A2-CD1758F936E3}.Debug|Any CPU.Build.0 = Debug|Any CPU
		{4CA0DBAD-7C1C-4EBF-85A2-CD1758F936E3}.Release|Any CPU.ActiveCfg = Release|Any CPU
		{4CA0DBAD-7C1C-4EBF-85A2-CD1758F936E3}.Release|Any CPU.Build.0 = Release|Any CPU
		{575B3F5A-1A24-46C4-B3C0-504BD492CEB3}.BaseDebug|Any CPU.ActiveCfg = Debug|Any CPU
		{575B3F5A-1A24-46C4-B3C0-504BD492CEB3}.BaseDebug|Any CPU.Build.0 = Debug|Any CPU
		{575B3F5A-1A24-46C4-B3C0-504BD492CEB3}.Debug|Any CPU.ActiveCfg = Debug|Any CPU
		{575B3F5A-1A24-46C4-B3C0-504BD492CEB3}.Debug|Any CPU.Build.0 = Debug|Any CPU
		{575B3F5A-1A24-46C4-B3C0-504BD492CEB3}.Release|Any CPU.ActiveCfg = Release|Any CPU
		{575B3F5A-1A24-46C4-B3C0-504BD492CEB3}.Release|Any CPU.Build.0 = Release|Any CPU
		{6554AF3D-E9B6-4CF3-A60D-DCEFE10CDD56}.BaseDebug|Any CPU.ActiveCfg = Debug|Any CPU
		{6554AF3D-E9B6-4CF3-A60D-DCEFE10CDD56}.BaseDebug|Any CPU.Build.0 = Debug|Any CPU
		{6554AF3D-E9B6-4CF3-A60D-DCEFE10CDD56}.Debug|Any CPU.ActiveCfg = Debug|Any CPU
		{6554AF3D-E9B6-4CF3-A60D-DCEFE10CDD56}.Debug|Any CPU.Build.0 = Debug|Any CPU
		{6554AF3D-E9B6-4CF3-A60D-DCEFE10CDD56}.Release|Any CPU.ActiveCfg = Release|Any CPU
		{6554AF3D-E9B6-4CF3-A60D-DCEFE10CDD56}.Release|Any CPU.Build.0 = Release|Any CPU
		{9D8EF75D-1434-412F-825F-3889877321F2}.BaseDebug|Any CPU.ActiveCfg = Debug|Any CPU
		{9D8EF75D-1434-412F-825F-3889877321F2}.BaseDebug|Any CPU.Build.0 = Debug|Any CPU
		{9D8EF75D-1434-412F-825F-3889877321F2}.Debug|Any CPU.ActiveCfg = Debug|Any CPU
		{9D8EF75D-1434-412F-825F-3889877321F2}.Debug|Any CPU.Build.0 = Debug|Any CPU
		{9D8EF75D-1434-412F-825F-3889877321F2}.Release|Any CPU.ActiveCfg = Release|Any CPU
		{9D8EF75D-1434-412F-825F-3889877321F2}.Release|Any CPU.Build.0 = Release|Any CPU
		{13A4C808-5471-419D-B21E-F65BA5D874FD}.BaseDebug|Any CPU.ActiveCfg = Debug|Any CPU
		{13A4C808-5471-419D-B21E-F65BA5D874FD}.Debug|Any CPU.ActiveCfg = Debug|Any CPU
		{13A4C808-5471-419D-B21E-F65BA5D874FD}.Debug|Any CPU.Build.0 = Debug|Any CPU
		{13A4C808-5471-419D-B21E-F65BA5D874FD}.Release|Any CPU.ActiveCfg = Release|Any CPU
		{13A4C808-5471-419D-B21E-F65BA5D874FD}.Release|Any CPU.Build.0 = Release|Any CPU
		{D0C89AD5-D4CA-4249-9AB1-BC8A07AC2561}.BaseDebug|Any CPU.ActiveCfg = Debug|Any CPU
		{D0C89AD5-D4CA-4249-9AB1-BC8A07AC2561}.BaseDebug|Any CPU.Build.0 = Debug|Any CPU
		{D0C89AD5-D4CA-4249-9AB1-BC8A07AC2561}.Debug|Any CPU.ActiveCfg = Debug|Any CPU
		{D0C89AD5-D4CA-4249-9AB1-BC8A07AC2561}.Debug|Any CPU.Build.0 = Debug|Any CPU
		{D0C89AD5-D4CA-4249-9AB1-BC8A07AC2561}.Release|Any CPU.ActiveCfg = Release|Any CPU
		{D0C89AD5-D4CA-4249-9AB1-BC8A07AC2561}.Release|Any CPU.Build.0 = Release|Any CPU
	EndGlobalSection
	GlobalSection(SolutionProperties) = preSolution
		HideSolutionNode = FALSE
	EndGlobalSection
EndGlobal
