
Microsoft Visual Studio Solution File, Format Version 12.00
# Visual Studio 15
VisualStudioVersion = 15.0.27428.2043
MinimumVisualStudioVersion = 10.0.40219.1
Project("{2150E333-8FDC-42A3-9474-1A3956D46DE8}") = "Client", "Client", "{122D8BD4-5C24-4167-9FA7-86FD60477088}"
EndProject
Project("{2150E333-8FDC-42A3-9474-1A3956D46DE8}") = "Common", "Common", "{7B0EC755-E152-4843-B90B-E248C0BDB85E}"
EndProject
Project("{FAE04EC0-301F-11D3-BF4B-00C04F79EFBC}") = "Common", "..\Dataphor\Common\Common.csproj", "{B488ECA3-95AD-4814-BC9B-69D062B7B333}"
EndProject
Project("{FAE04EC0-301F-11D3-BF4B-00C04F79EFBC}") = "DAE.NativeCLI", "..\Dataphor\DAE.NativeCLI\DAE.NativeCLI.csproj", "{7CCBA92D-BB78-49E3-8C11-4CC29B173296}"
EndProject
Project("{FAE04EC0-301F-11D3-BF4B-00C04F79EFBC}") = "Engine", "..\Dataphor\DAE\Engine.csproj", "{8FA5FA37-DC03-4E24-900B-AA863CA9650F}"
EndProject
Project("{2150E333-8FDC-42A3-9474-1A3956D46DE8}") = "Libraries", "Libraries", "{392B99D3-635F-4DD3-A93E-0F86B07433AF}"
EndProject
Project("{2150E333-8FDC-42A3-9474-1A3956D46DE8}") = "Server", "Server", "{CE8FFF44-02B4-44A3-92CB-A33A61AD7F91}"
EndProject
Project("{2150E333-8FDC-42A3-9474-1A3956D46DE8}") = "Tests", "Tests", "{3C25A538-8420-44FF-A16E-86CD639DF39C}"
EndProject
Project("{9A19103F-16F7-4668-BE54-9A1E7A4F7556}") = "Base", "..\Dataphor\Base\Base.csproj", "{0BE8F6D5-F6F1-403A-8BCB-21068A887B4E}"
EndProject
Global
	GlobalSection(SolutionConfigurationPlatforms) = preSolution
		Debug|Any CPU = Debug|Any CPU
		Release|Any CPU = Release|Any CPU
	EndGlobalSection
	GlobalSection(ProjectConfigurationPlatforms) = postSolution
		{B488ECA3-95AD-4814-BC9B-69D062B7B333}.Debug|Any CPU.ActiveCfg = Debug|Any CPU
		{B488ECA3-95AD-4814-BC9B-69D062B7B333}.Debug|Any CPU.Build.0 = Debug|Any CPU
		{B488ECA3-95AD-4814-BC9B-69D062B7B333}.Release|Any CPU.ActiveCfg = Release|Any CPU
		{B488ECA3-95AD-4814-BC9B-69D062B7B333}.Release|Any CPU.Build.0 = Release|Any CPU
		{7CCBA92D-BB78-49E3-8C11-4CC29B173296}.Debug|Any CPU.ActiveCfg = Debug|Any CPU
		{7CCBA92D-BB78-49E3-8C11-4CC29B173296}.Debug|Any CPU.Build.0 = Debug|Any CPU
		{7CCBA92D-BB78-49E3-8C11-4CC29B173296}.Release|Any CPU.ActiveCfg = Release|Any CPU
		{7CCBA92D-BB78-49E3-8C11-4CC29B173296}.Release|Any CPU.Build.0 = Release|Any CPU
		{8FA5FA37-DC03-4E24-900B-AA863CA9650F}.Debug|Any CPU.ActiveCfg = Debug|Any CPU
		{8FA5FA37-DC03-4E24-900B-AA863CA9650F}.Debug|Any CPU.Build.0 = Debug|Any CPU
		{8FA5FA37-DC03-4E24-900B-AA863CA9650F}.Release|Any CPU.ActiveCfg = Release|Any CPU
		{8FA5FA37-DC03-4E24-900B-AA863CA9650F}.Release|Any CPU.Build.0 = Release|Any CPU
		{0BE8F6D5-F6F1-403A-8BCB-21068A887B4E}.Debug|Any CPU.ActiveCfg = Debug|Any CPU
		{0BE8F6D5-F6F1-403A-8BCB-21068A887B4E}.Debug|Any CPU.Build.0 = Debug|Any CPU
		{0BE8F6D5-F6F1-403A-8BCB-21068A887B4E}.Release|Any CPU.ActiveCfg = Release|Any CPU
		{0BE8F6D5-F6F1-403A-8BCB-21068A887B4E}.Release|Any CPU.Build.0 = Release|Any CPU
	EndGlobalSection
	GlobalSection(SolutionProperties) = preSolution
		HideSolutionNode = FALSE
	EndGlobalSection
	GlobalSection(NestedProjects) = preSolution
		{B488ECA3-95AD-4814-BC9B-69D062B7B333} = {7B0EC755-E152-4843-B90B-E248C0BDB85E}
		{7CCBA92D-BB78-49E3-8C11-4CC29B173296} = {7B0EC755-E152-4843-B90B-E248C0BDB85E}
		{8FA5FA37-DC03-4E24-900B-AA863CA9650F} = {7B0EC755-E152-4843-B90B-E248C0BDB85E}
		{0BE8F6D5-F6F1-403A-8BCB-21068A887B4E} = {7B0EC755-E152-4843-B90B-E248C0BDB85E}
	EndGlobalSection
	GlobalSection(ExtensibilityGlobals) = postSolution
		SolutionGuid = {B001DC25-8C61-4B7F-83F2-FBD0B8D92BD6}
	EndGlobalSection
	GlobalSection(MonoDevelopProperties) = preSolution
		StartupItem = ..\Dataphor\Base\Base.csproj
	EndGlobalSection
EndGlobal
